// !$*UTF8*$!
{
	archiveVersion = 1;
	classes = {
	};
	objectVersion = 46;
	objects = {

/* Begin PBXBuildFile section */
		3AC3F560E715978E7353AFA9 /* libPods.a in Frameworks */ = {isa = PBXBuildFile; fileRef = DA90676A2DC38C9EC428943F /* libPods.a */; };
		6D0EBE5A1B2033FB003ED872 /* AppDelegate.swift in Sources */ = {isa = PBXBuildFile; fileRef = 6D0EBE591B2033FB003ED872 /* AppDelegate.swift */; };
		6D0EBE5F1B2033FB003ED872 /* Main.storyboard in Resources */ = {isa = PBXBuildFile; fileRef = 6D0EBE5D1B2033FB003ED872 /* Main.storyboard */; };
		6D0EBE611B2033FB003ED872 /* Images.xcassets in Resources */ = {isa = PBXBuildFile; fileRef = 6D0EBE601B2033FB003ED872 /* Images.xcassets */; };
		6D0EBE641B2033FB003ED872 /* LaunchScreen.xib in Resources */ = {isa = PBXBuildFile; fileRef = 6D0EBE621B2033FB003ED872 /* LaunchScreen.xib */; };
		6D20FF3C1B36D90600C5F4A0 /* UIColor+CustomColors.swift in Sources */ = {isa = PBXBuildFile; fileRef = 6DD460A31B208A040070E163 /* UIColor+CustomColors.swift */; };
		6D2834501B243C2200E361A3 /* CustomCell.swift in Sources */ = {isa = PBXBuildFile; fileRef = 6D28344F1B243C2200E361A3 /* CustomCell.swift */; };
		6D2834521B2443F800E361A3 /* BikeNetworksViewController.swift in Sources */ = {isa = PBXBuildFile; fileRef = 6D2834511B2443F800E361A3 /* BikeNetworksViewController.swift */; };
		6D2834541B24925400E361A3 /* RidesHistoryViewController.swift in Sources */ = {isa = PBXBuildFile; fileRef = 6D2834531B24925400E361A3 /* RidesHistoryViewController.swift */; };
		6D2834581B24A71C00E361A3 /* RightDetailHeader.swift in Sources */ = {isa = PBXBuildFile; fileRef = 6D2834571B24A71C00E361A3 /* RightDetailHeader.swift */; };
		6D28345A1B24AB3100E361A3 /* MapViewController.swift in Sources */ = {isa = PBXBuildFile; fileRef = 6D2834591B24AB3100E361A3 /* MapViewController.swift */; };
		6D28345C1B24B0A100E361A3 /* FeedbackMailComposeViewController.swift in Sources */ = {isa = PBXBuildFile; fileRef = 6D28345B1B24B0A100E361A3 /* FeedbackMailComposeViewController.swift */; };
		6D28345E1B24B5E100E361A3 /* UIDevice+ModelNames.swift in Sources */ = {isa = PBXBuildFile; fileRef = 6D28345D1B24B5E100E361A3 /* UIDevice+ModelNames.swift */; };
		6D2834601B24E89000E361A3 /* RideStopwatch.swift in Sources */ = {isa = PBXBuildFile; fileRef = 6D28345F1B24E89000E361A3 /* RideStopwatch.swift */; };
		6D2834621B24E8DF00E361A3 /* NSTimeInterval+TextualRepresentation.swift in Sources */ = {isa = PBXBuildFile; fileRef = 6D2834611B24E8DF00E361A3 /* NSTimeInterval+TextualRepresentation.swift */; };
		6D2E0F781B6E27BF00969BDD /* base.json in Resources */ = {isa = PBXBuildFile; fileRef = 6D2E0F761B6E27BF00969BDD /* base.json */; };
		6D2E0F791B6E27BF00969BDD /* base.json in Resources */ = {isa = PBXBuildFile; fileRef = 6D2E0F761B6E27BF00969BDD /* base.json */; };
		6D2E0F7A1B6E27BF00969BDD /* base.json in Resources */ = {isa = PBXBuildFile; fileRef = 6D2E0F761B6E27BF00969BDD /* base.json */; };
		6D2E0F7B1B6E27BF00969BDD /* pl.json in Resources */ = {isa = PBXBuildFile; fileRef = 6D2E0F771B6E27BF00969BDD /* pl.json */; };
		6D2E0F7C1B6E27BF00969BDD /* pl.json in Resources */ = {isa = PBXBuildFile; fileRef = 6D2E0F771B6E27BF00969BDD /* pl.json */; };
		6D2E0F7D1B6E27BF00969BDD /* pl.json in Resources */ = {isa = PBXBuildFile; fileRef = 6D2E0F771B6E27BF00969BDD /* pl.json */; };
		6D31D1001B221CA50034C27B /* RightDetailCell.swift in Sources */ = {isa = PBXBuildFile; fileRef = 6D31D0FF1B221CA50034C27B /* RightDetailCell.swift */; };
		6D4855611B3C48C800CE8A5E /* StationAnnotationView.xib in Resources */ = {isa = PBXBuildFile; fileRef = 6D4855601B3C48C800CE8A5E /* StationAnnotationView.xib */; };
		6D4855631B3C4B5800CE8A5E /* StationAnnotationView.swift in Sources */ = {isa = PBXBuildFile; fileRef = 6D4855621B3C4B5800CE8A5E /* StationAnnotationView.swift */; };
		6D4855651B3C636C00CE8A5E /* UIColor+AnnotationCircle.swift in Sources */ = {isa = PBXBuildFile; fileRef = 6D4855641B3C636C00CE8A5E /* UIColor+AnnotationCircle.swift */; };
		6D4855661B3C636C00CE8A5E /* UIColor+AnnotationCircle.swift in Sources */ = {isa = PBXBuildFile; fileRef = 6D4855641B3C636C00CE8A5E /* UIColor+AnnotationCircle.swift */; };
		6D4855681B3C669A00CE8A5E /* NSDate+UpdateWhileAgo.swift in Sources */ = {isa = PBXBuildFile; fileRef = 6D4855671B3C669A00CE8A5E /* NSDate+UpdateWhileAgo.swift */; };
		6D4855691B3C669A00CE8A5E /* NSDate+UpdateWhileAgo.swift in Sources */ = {isa = PBXBuildFile; fileRef = 6D4855671B3C669A00CE8A5E /* NSDate+UpdateWhileAgo.swift */; };
		6D5BA0B61B359822005C72CC /* UIView+XIBLoading.swift in Sources */ = {isa = PBXBuildFile; fileRef = 6D5BA0B51B359822005C72CC /* UIView+XIBLoading.swift */; };
		6D5BA0B81B359849005C72CC /* UIView+Dynamic.swift in Sources */ = {isa = PBXBuildFile; fileRef = 6D5BA0B71B359849005C72CC /* UIView+Dynamic.swift */; };
		6D5FB3F71B34849E00AB9143 /* MapButton.swift in Sources */ = {isa = PBXBuildFile; fileRef = 6D5FB3F61B34849E00AB9143 /* MapButton.swift */; };
		6D5FB3F91B349DC300AB9143 /* StopwatchPopover.xib in Resources */ = {isa = PBXBuildFile; fileRef = 6D5FB3F81B349DC300AB9143 /* StopwatchPopover.xib */; };
		6D5FB3FB1B349F7C00AB9143 /* StopwatchPopover.swift in Sources */ = {isa = PBXBuildFile; fileRef = 6D5FB3FA1B349F7C00AB9143 /* StopwatchPopover.swift */; };
		6D5FB3FD1B34A99300AB9143 /* MapDetailView.xib in Resources */ = {isa = PBXBuildFile; fileRef = 6D5FB3FC1B34A99300AB9143 /* MapDetailView.xib */; };
		6D5FB3FF1B34AB8D00AB9143 /* MapDetailView.swift in Sources */ = {isa = PBXBuildFile; fileRef = 6D5FB3FE1B34AB8D00AB9143 /* MapDetailView.swift */; };
		6D68019A1B28E323009DE824 /* NavigationBar.swift in Sources */ = {isa = PBXBuildFile; fileRef = 6D6801991B28E323009DE824 /* NavigationBar.swift */; };
		6D6801A11B28E8E2009DE824 /* DefaultHeader.xib in Resources */ = {isa = PBXBuildFile; fileRef = 6D68019C1B28E8E2009DE824 /* DefaultHeader.xib */; };
		6D6801A31B28E8E2009DE824 /* RightDetailHeader.xib in Resources */ = {isa = PBXBuildFile; fileRef = 6D68019E1B28E8E2009DE824 /* RightDetailHeader.xib */; };
		6D6DB5291B31DD6B00342179 /* NSManagedObject+Extension.swift in Sources */ = {isa = PBXBuildFile; fileRef = 6D6DB5281B31DD6B00342179 /* NSManagedObject+Extension.swift */; };
		6D725CC41B53EB7A00F8B679 /* CityBikeAPI.h in Headers */ = {isa = PBXBuildFile; fileRef = 6D725CC31B53EB7A00F8B679 /* CityBikeAPI.h */; settings = {ATTRIBUTES = (Public, ); }; };
		6D725CD61B53EB7A00F8B679 /* CityBikeAPI.framework in Frameworks */ = {isa = PBXBuildFile; fileRef = 6D725CBF1B53EB7A00F8B679 /* CityBikeAPI.framework */; };
		6D725CD71B53EB7A00F8B679 /* CityBikeAPI.framework in Embed Frameworks */ = {isa = PBXBuildFile; fileRef = 6D725CBF1B53EB7A00F8B679 /* CityBikeAPI.framework */; settings = {ATTRIBUTES = (CodeSignOnCopy, RemoveHeadersOnCopy, ); }; };
		6D725CEC1B53ECF900F8B679 /* CBJSONParser.swift in Sources */ = {isa = PBXBuildFile; fileRef = 6D725CDE1B53EBB600F8B679 /* CBJSONParser.swift */; };
		6D725CED1B53ECF900F8B679 /* CBLocation.swift in Sources */ = {isa = PBXBuildFile; fileRef = 6D725CDF1B53EBB600F8B679 /* CBLocation.swift */; };
		6D725CEE1B53ECF900F8B679 /* CBNetwork.swift in Sources */ = {isa = PBXBuildFile; fileRef = 6D725CE01B53EBB600F8B679 /* CBNetwork.swift */; };
		6D725CEF1B53ECF900F8B679 /* CBScheduledDownloader.swift in Sources */ = {isa = PBXBuildFile; fileRef = 6D725CE11B53EBB600F8B679 /* CBScheduledDownloader.swift */; };
		6D725CF01B53ECF900F8B679 /* CBService.swift in Sources */ = {isa = PBXBuildFile; fileRef = 6D725CE21B53EBB600F8B679 /* CBService.swift */; };
		6D725CF11B53ECF900F8B679 /* CBStation.swift in Sources */ = {isa = PBXBuildFile; fileRef = 6D725CE31B53EBB600F8B679 /* CBStation.swift */; };
		6D725CF21B53ECF900F8B679 /* CBSyncManager.swift in Sources */ = {isa = PBXBuildFile; fileRef = 6D725CE41B53EBB600F8B679 /* CBSyncManager.swift */; };
		6D7955A21B3DE27800CAA7DF /* StationProxy.swift in Sources */ = {isa = PBXBuildFile; fileRef = 6D7955A11B3DE27800CAA7DF /* StationProxy.swift */; };
		6D7955A51B3E882300CAA7DF /* CoreDataStack.swift in Sources */ = {isa = PBXBuildFile; fileRef = 6DDE24581B3DC3830094E31F /* CoreDataStack.swift */; };
		6D7955A61B3E893500CAA7DF /* CityBike.xcdatamodeld in Sources */ = {isa = PBXBuildFile; fileRef = 6DDE24661B3DC4310094E31F /* CityBike.xcdatamodeld */; };
		6D8063211B31BF0A00E2F7FF /* Model.framework in Frameworks */ = {isa = PBXBuildFile; fileRef = 6D80630A1B31BF0900E2F7FF /* Model.framework */; };
		6D8063221B31BF0A00E2F7FF /* Model.framework in Embed Frameworks */ = {isa = PBXBuildFile; fileRef = 6D80630A1B31BF0900E2F7FF /* Model.framework */; settings = {ATTRIBUTES = (CodeSignOnCopy, RemoveHeadersOnCopy, ); }; };
		6D87CE301B39DA3E0089D894 /* WatchStationProxy.swift in Sources */ = {isa = PBXBuildFile; fileRef = 6D87CE2F1B39DA3E0089D894 /* WatchStationProxy.swift */; };
		6D8DC0B11B369DDD00B80C63 /* StationsListInterfaceController.swift in Sources */ = {isa = PBXBuildFile; fileRef = 6D8DC0B01B369DDD00B80C63 /* StationsListInterfaceController.swift */; };
		6D8DC0B31B369DDD00B80C63 /* Images.xcassets in Resources */ = {isa = PBXBuildFile; fileRef = 6D8DC0B21B369DDD00B80C63 /* Images.xcassets */; };
		6D8DC0B71B369DDD00B80C63 /* City Bike WatchKit App.app in Resources */ = {isa = PBXBuildFile; fileRef = 6D8DC0B61B369DDD00B80C63 /* City Bike WatchKit App.app */; };
		6D8DC0BF1B369DDD00B80C63 /* Interface.storyboard in Resources */ = {isa = PBXBuildFile; fileRef = 6D8DC0BD1B369DDD00B80C63 /* Interface.storyboard */; };
		6D8DC0C11B369DDD00B80C63 /* Images.xcassets in Resources */ = {isa = PBXBuildFile; fileRef = 6D8DC0C01B369DDD00B80C63 /* Images.xcassets */; };
		6D8DC0C41B369DDD00B80C63 /* City Bike WatchKit Extension.appex in Embed App Extensions */ = {isa = PBXBuildFile; fileRef = 6D8DC0AC1B369DDD00B80C63 /* City Bike WatchKit Extension.appex */; settings = {ATTRIBUTES = (RemoveHeadersOnCopy, ); }; };
		6D8DC0CF1B36A5FB00B80C63 /* StationTableRowController.swift in Sources */ = {isa = PBXBuildFile; fileRef = 6D8DC0CE1B36A5FB00B80C63 /* StationTableRowController.swift */; };
		6D8DC0D11B36B1B500B80C63 /* UpdateTableRowController.swift in Sources */ = {isa = PBXBuildFile; fileRef = 6D8DC0D01B36B1B500B80C63 /* UpdateTableRowController.swift */; };
		6D8F0B831B4748A000A0D51D /* Swifternalization.framework in Frameworks */ = {isa = PBXBuildFile; fileRef = 6D8F0B801B4748A000A0D51D /* Swifternalization.framework */; };
		6D8F0B841B4748A000A0D51D /* Swifternalization.framework in Frameworks */ = {isa = PBXBuildFile; fileRef = 6D8F0B801B4748A000A0D51D /* Swifternalization.framework */; };
		6D8F0B861B47497200A0D51D /* Swifternalization.framework in Embed Frameworks */ = {isa = PBXBuildFile; fileRef = 6D8F0B801B4748A000A0D51D /* Swifternalization.framework */; settings = {ATTRIBUTES = (CodeSignOnCopy, RemoveHeadersOnCopy, ); }; };
		6D95DCE11B3C8555003A8974 /* WormholeNotificationSystem.swift in Sources */ = {isa = PBXBuildFile; fileRef = 6D95DCE01B3C8555003A8974 /* WormholeNotificationSystem.swift */; };
		6D95DCE21B3C855E003A8974 /* WormholeNotificationSystem.swift in Sources */ = {isa = PBXBuildFile; fileRef = 6D95DCE01B3C8555003A8974 /* WormholeNotificationSystem.swift */; };
		6D9EFA321B386A6000A96BE9 /* CoordinateRegionSerializable.swift in Sources */ = {isa = PBXBuildFile; fileRef = 6D9EFA311B386A6000A96BE9 /* CoordinateRegionSerializable.swift */; };
		6D9EFA331B386A9D00A96BE9 /* CoordinateRegionSerializable.swift in Sources */ = {isa = PBXBuildFile; fileRef = 6D9EFA311B386A6000A96BE9 /* CoordinateRegionSerializable.swift */; };
		6DA595471B24F3920055D3D6 /* RideManager.swift in Sources */ = {isa = PBXBuildFile; fileRef = 6DA595461B24F3920055D3D6 /* RideManager.swift */; };
		6DB2CC101B3B47830055E1BA /* StationOnMapInterfaceController.swift in Sources */ = {isa = PBXBuildFile; fileRef = 6DB2CC0F1B3B47830055E1BA /* StationOnMapInterfaceController.swift */; };
		6DB2CC121B3B4F840055E1BA /* MKCoordinateRegion+RegionForPoints.swift in Sources */ = {isa = PBXBuildFile; fileRef = 6DB2CC111B3B4F840055E1BA /* MKCoordinateRegion+RegionForPoints.swift */; };
		6DB2CC141B3B4FB10055E1BA /* StationOnMapContext.swift in Sources */ = {isa = PBXBuildFile; fileRef = 6DB2CC131B3B4FB10055E1BA /* StationOnMapContext.swift */; };
		6DB399131B54E03500B8F2B9 /* InfoPlist.strings in Resources */ = {isa = PBXBuildFile; fileRef = 6DB399161B54E03500B8F2B9 /* InfoPlist.strings */; };
		6DB399141B54E03500B8F2B9 /* InfoPlist.strings in Resources */ = {isa = PBXBuildFile; fileRef = 6DB399161B54E03500B8F2B9 /* InfoPlist.strings */; };
		6DB3991A1B54E8E000B8F2B9 /* CBReachability.m in Sources */ = {isa = PBXBuildFile; fileRef = 6DB399191B54E8E000B8F2B9 /* CBReachability.m */; };
		6DB3991B1B54E8E000B8F2B9 /* CBReachability.m in Sources */ = {isa = PBXBuildFile; fileRef = 6DB399191B54E8E000B8F2B9 /* CBReachability.m */; };
		6DB9F8DE1B47E34C007A44F0 /* DistanceConverter.swift in Sources */ = {isa = PBXBuildFile; fileRef = 6DB9F8DD1B47E34C007A44F0 /* DistanceConverter.swift */; };
		6DB9F8DF1B47E34C007A44F0 /* DistanceConverter.swift in Sources */ = {isa = PBXBuildFile; fileRef = 6DB9F8DD1B47E34C007A44F0 /* DistanceConverter.swift */; };
		6DBA51271B2B8D39002ECC3F /* ModelUpdater.swift in Sources */ = {isa = PBXBuildFile; fileRef = 6DBA51261B2B8D39002ECC3F /* ModelUpdater.swift */; };
		6DC344CD1B233B9E00C29408 /* CustomButton.swift in Sources */ = {isa = PBXBuildFile; fileRef = 6DC344CC1B233B9E00C29408 /* CustomButton.swift */; };
		6DC344CF1B23B37C00C29408 /* GettingStartedViewController.swift in Sources */ = {isa = PBXBuildFile; fileRef = 6DC344CE1B23B37C00C29408 /* GettingStartedViewController.swift */; };
		6DC344D11B23BCDB00C29408 /* GettingStartedMapViewController.swift in Sources */ = {isa = PBXBuildFile; fileRef = 6DC344D01B23BCDB00C29408 /* GettingStartedMapViewController.swift */; };
		6DC344D31B23C01300C29408 /* GettingStartedNetworksViewController.swift in Sources */ = {isa = PBXBuildFile; fileRef = 6DC344D21B23C01300C29408 /* GettingStartedNetworksViewController.swift */; };
		6DC344D51B23C57300C29408 /* GettingStartedStopwatchViewController.swift in Sources */ = {isa = PBXBuildFile; fileRef = 6DC344D41B23C57300C29408 /* GettingStartedStopwatchViewController.swift */; };
		6DC344DA1B2429D400C29408 /* SubtitleCell.swift in Sources */ = {isa = PBXBuildFile; fileRef = 6DC344D91B2429D400C29408 /* SubtitleCell.swift */; };
		6DC344DC1B242A2000C29408 /* DefaultCell.swift in Sources */ = {isa = PBXBuildFile; fileRef = 6DC344DB1B242A2000C29408 /* DefaultCell.swift */; };
		6DC344E11B242B6E00C29408 /* MenuViewController.swift in Sources */ = {isa = PBXBuildFile; fileRef = 6DC344E01B242B6E00C29408 /* MenuViewController.swift */; };
		6DC344E61B242D6400C29408 /* DefaultHeader.swift in Sources */ = {isa = PBXBuildFile; fileRef = 6DC344E51B242D6400C29408 /* DefaultHeader.swift */; };
		6DCFEB461B36EF8E002D24C8 /* UserSettings.swift in Sources */ = {isa = PBXBuildFile; fileRef = 6DCFEB451B36EF8E002D24C8 /* UserSettings.swift */; };
		6DCFEB4F1B36F259002D24C8 /* UserSettings.swift in Sources */ = {isa = PBXBuildFile; fileRef = 6DCFEB451B36EF8E002D24C8 /* UserSettings.swift */; };
		6DCFEB511B370349002D24C8 /* Constant.swift in Sources */ = {isa = PBXBuildFile; fileRef = 6DCFEB501B370349002D24C8 /* Constant.swift */; };
		6DCFEB531B3703EE002D24C8 /* Constant.swift in Sources */ = {isa = PBXBuildFile; fileRef = 6DCFEB501B370349002D24C8 /* Constant.swift */; };
		6DCFEB591B3735B4002D24C8 /* StationManager.swift in Sources */ = {isa = PBXBuildFile; fileRef = 6DCFEB581B3735B4002D24C8 /* StationManager.swift */; };
		6DCFEB5A1B3735B4002D24C8 /* StationManager.swift in Sources */ = {isa = PBXBuildFile; fileRef = 6DCFEB581B3735B4002D24C8 /* StationManager.swift */; };
		6DCFEB5C1B373A85002D24C8 /* AppleWatchEvent.swift in Sources */ = {isa = PBXBuildFile; fileRef = 6DCFEB5B1B373A85002D24C8 /* AppleWatchEvent.swift */; };
		6DCFEB5D1B373A85002D24C8 /* AppleWatchEvent.swift in Sources */ = {isa = PBXBuildFile; fileRef = 6DCFEB5B1B373A85002D24C8 /* AppleWatchEvent.swift */; };
		6DCFEB5F1B37412F002D24C8 /* StopwatchInterfaceController.swift in Sources */ = {isa = PBXBuildFile; fileRef = 6DCFEB5E1B37412F002D24C8 /* StopwatchInterfaceController.swift */; };
		6DCFEB621B374164002D24C8 /* MainInterfaceController.swift in Sources */ = {isa = PBXBuildFile; fileRef = 6DCFEB611B374164002D24C8 /* MainInterfaceController.swift */; };
		6DCFEB631B374607002D24C8 /* RideManager.swift in Sources */ = {isa = PBXBuildFile; fileRef = 6DA595461B24F3920055D3D6 /* RideManager.swift */; };
		6DCFEB641B374610002D24C8 /* RideStopwatch.swift in Sources */ = {isa = PBXBuildFile; fileRef = 6D28345F1B24E89000E361A3 /* RideStopwatch.swift */; };
		6DCFEB651B3746C9002D24C8 /* NSTimeInterval+TextualRepresentation.swift in Sources */ = {isa = PBXBuildFile; fileRef = 6D2834611B24E8DF00E361A3 /* NSTimeInterval+TextualRepresentation.swift */; };
		6DD460A21B20891D0070E163 /* UIView+Styling.swift in Sources */ = {isa = PBXBuildFile; fileRef = 6DD460A11B20891D0070E163 /* UIView+Styling.swift */; };
		6DD460A41B208A040070E163 /* UIColor+CustomColors.swift in Sources */ = {isa = PBXBuildFile; fileRef = 6DD460A31B208A040070E163 /* UIColor+CustomColors.swift */; };
		6DDE24551B3DBEE70094E31F /* DefaultCell.xib in Resources */ = {isa = PBXBuildFile; fileRef = 6DDE24521B3DBEE70094E31F /* DefaultCell.xib */; };
		6DDE24561B3DBEE70094E31F /* RightDetailCell.xib in Resources */ = {isa = PBXBuildFile; fileRef = 6DDE24531B3DBEE70094E31F /* RightDetailCell.xib */; };
		6DDE24571B3DBEE70094E31F /* SubtitleCell.xib in Resources */ = {isa = PBXBuildFile; fileRef = 6DDE24541B3DBEE70094E31F /* SubtitleCell.xib */; };
		6DDE245E1B3DC3830094E31F /* CoreDataStack.swift in Sources */ = {isa = PBXBuildFile; fileRef = 6DDE24581B3DC3830094E31F /* CoreDataStack.swift */; };
		6DDE245F1B3DC3830094E31F /* Location.swift in Sources */ = {isa = PBXBuildFile; fileRef = 6DDE24591B3DC3830094E31F /* Location.swift */; };
		6DDE24601B3DC3830094E31F /* Network.swift in Sources */ = {isa = PBXBuildFile; fileRef = 6DDE245A1B3DC3830094E31F /* Network.swift */; };
		6DDE24611B3DC3830094E31F /* RideHistoryDay.swift in Sources */ = {isa = PBXBuildFile; fileRef = 6DDE245B1B3DC3830094E31F /* RideHistoryDay.swift */; };
		6DDE24621B3DC3830094E31F /* RideHistoryEntry.swift in Sources */ = {isa = PBXBuildFile; fileRef = 6DDE245C1B3DC3830094E31F /* RideHistoryEntry.swift */; };
		6DDE24631B3DC3830094E31F /* Station.swift in Sources */ = {isa = PBXBuildFile; fileRef = 6DDE245D1B3DC3830094E31F /* Station.swift */; };
		6DDE24651B3DC3A60094E31F /* Model.h in Headers */ = {isa = PBXBuildFile; fileRef = 6DDE24641B3DC3A60094E31F /* Model.h */; settings = {ATTRIBUTES = (Public, ); }; };
		6DDE24681B3DC4310094E31F /* CityBike.xcdatamodeld in Sources */ = {isa = PBXBuildFile; fileRef = 6DDE24661B3DC4310094E31F /* CityBike.xcdatamodeld */; };
		6DE2F0271B3B61B30058EE7C /* Images.xcassets in Resources */ = {isa = PBXBuildFile; fileRef = 6D8DC0C01B369DDD00B80C63 /* Images.xcassets */; };
		6DF07F2E1B2D71DD00A8F796 /* StationAnnotation.swift in Sources */ = {isa = PBXBuildFile; fileRef = 6DF07F2D1B2D71DD00A8F796 /* StationAnnotation.swift */; };
		6DF07F381B2DD78300A8F796 /* FilterNetworks.swift in Sources */ = {isa = PBXBuildFile; fileRef = 6DF07F371B2DD78300A8F796 /* FilterNetworks.swift */; };
		6DF07F3A1B2DD89E00A8F796 /* NetworksSort.swift in Sources */ = {isa = PBXBuildFile; fileRef = 6DF07F391B2DD89E00A8F796 /* NetworksSort.swift */; };
		6DFD68FE1B36E11000047D7B /* MessageTableRowController.swift in Sources */ = {isa = PBXBuildFile; fileRef = 6DFD68FD1B36E11000047D7B /* MessageTableRowController.swift */; };
		AE8CA4AFF270B133414A1EE2 /* libPods.a in Frameworks */ = {isa = PBXBuildFile; fileRef = DA90676A2DC38C9EC428943F /* libPods.a */; };
/* End PBXBuildFile section */

/* Begin PBXContainerItemProxy section */
		6D725CD41B53EB7A00F8B679 /* PBXContainerItemProxy */ = {
			isa = PBXContainerItemProxy;
			containerPortal = 6D0EBE4C1B2033FB003ED872 /* Project object */;
			proxyType = 1;
			remoteGlobalIDString = 6D725CBE1B53EB7A00F8B679;
			remoteInfo = CityBikeAPI;
		};
		6D80631F1B31BF0A00E2F7FF /* PBXContainerItemProxy */ = {
			isa = PBXContainerItemProxy;
			containerPortal = 6D0EBE4C1B2033FB003ED872 /* Project object */;
			proxyType = 1;
			remoteGlobalIDString = 6D8063091B31BF0900E2F7FF;
			remoteInfo = CBModel;
		};
		6D8DC0B81B369DDD00B80C63 /* PBXContainerItemProxy */ = {
			isa = PBXContainerItemProxy;
			containerPortal = 6D0EBE4C1B2033FB003ED872 /* Project object */;
			proxyType = 1;
			remoteGlobalIDString = 6D8DC0B51B369DDD00B80C63;
			remoteInfo = "City Bike WatchKit App";
		};
		6D8DC0C21B369DDD00B80C63 /* PBXContainerItemProxy */ = {
			isa = PBXContainerItemProxy;
			containerPortal = 6D0EBE4C1B2033FB003ED872 /* Project object */;
			proxyType = 1;
			remoteGlobalIDString = 6D8DC0AB1B369DDD00B80C63;
			remoteInfo = "City Bike WatchKit Extension";
		};
/* End PBXContainerItemProxy section */

/* Begin PBXCopyFilesBuildPhase section */
		6D8062F91B31BC4600E2F7FF /* Embed Frameworks */ = {
			isa = PBXCopyFilesBuildPhase;
			buildActionMask = 2147483647;
			dstPath = "";
			dstSubfolderSpec = 10;
			files = (
				6D725CD71B53EB7A00F8B679 /* CityBikeAPI.framework in Embed Frameworks */,
				6D8063221B31BF0A00E2F7FF /* Model.framework in Embed Frameworks */,
				6D8F0B861B47497200A0D51D /* Swifternalization.framework in Embed Frameworks */,
			);
			name = "Embed Frameworks";
			runOnlyForDeploymentPostprocessing = 0;
		};
		6D8DC0CB1B369DDD00B80C63 /* Embed App Extensions */ = {
			isa = PBXCopyFilesBuildPhase;
			buildActionMask = 2147483647;
			dstPath = "";
			dstSubfolderSpec = 13;
			files = (
				6D8DC0C41B369DDD00B80C63 /* City Bike WatchKit Extension.appex in Embed App Extensions */,
			);
			name = "Embed App Extensions";
			runOnlyForDeploymentPostprocessing = 0;
		};
/* End PBXCopyFilesBuildPhase section */

/* Begin PBXFileReference section */
		6D0EBE541B2033FB003ED872 /* CityBike.app */ = {isa = PBXFileReference; explicitFileType = wrapper.application; includeInIndex = 0; path = CityBike.app; sourceTree = BUILT_PRODUCTS_DIR; };
		6D0EBE581B2033FB003ED872 /* Info.plist */ = {isa = PBXFileReference; lastKnownFileType = text.plist.xml; path = Info.plist; sourceTree = "<group>"; };
		6D0EBE591B2033FB003ED872 /* AppDelegate.swift */ = {isa = PBXFileReference; lastKnownFileType = sourcecode.swift; lineEnding = 0; path = AppDelegate.swift; sourceTree = "<group>"; xcLanguageSpecificationIdentifier = xcode.lang.swift; };
		6D0EBE5E1B2033FB003ED872 /* Base */ = {isa = PBXFileReference; lastKnownFileType = file.storyboard; name = Base; path = Base.lproj/Main.storyboard; sourceTree = "<group>"; };
		6D0EBE601B2033FB003ED872 /* Images.xcassets */ = {isa = PBXFileReference; lastKnownFileType = folder.assetcatalog; path = Images.xcassets; sourceTree = "<group>"; };
		6D0EBE631B2033FB003ED872 /* Base */ = {isa = PBXFileReference; lastKnownFileType = file.xib; name = Base; path = Base.lproj/LaunchScreen.xib; sourceTree = "<group>"; };
		6D20FF3B1B36D6D300C5F4A0 /* City Bike WatchKit Extension.entitlements */ = {isa = PBXFileReference; lastKnownFileType = text.xml; path = "City Bike WatchKit Extension.entitlements"; sourceTree = "<group>"; };
		6D28344F1B243C2200E361A3 /* CustomCell.swift */ = {isa = PBXFileReference; fileEncoding = 4; lastKnownFileType = sourcecode.swift; lineEnding = 0; name = CustomCell.swift; path = Components/CustomCell.swift; sourceTree = "<group>"; xcLanguageSpecificationIdentifier = xcode.lang.swift; };
		6D2834511B2443F800E361A3 /* BikeNetworksViewController.swift */ = {isa = PBXFileReference; fileEncoding = 4; lastKnownFileType = sourcecode.swift; lineEnding = 0; name = BikeNetworksViewController.swift; path = Controllers/BikeNetworksViewController.swift; sourceTree = "<group>"; xcLanguageSpecificationIdentifier = xcode.lang.swift; };
		6D2834531B24925400E361A3 /* RidesHistoryViewController.swift */ = {isa = PBXFileReference; fileEncoding = 4; lastKnownFileType = sourcecode.swift; lineEnding = 0; name = RidesHistoryViewController.swift; path = Controllers/RidesHistoryViewController.swift; sourceTree = "<group>"; xcLanguageSpecificationIdentifier = xcode.lang.swift; };
		6D2834571B24A71C00E361A3 /* RightDetailHeader.swift */ = {isa = PBXFileReference; fileEncoding = 4; lastKnownFileType = sourcecode.swift; name = RightDetailHeader.swift; path = Components/RightDetailHeader.swift; sourceTree = "<group>"; };
		6D2834591B24AB3100E361A3 /* MapViewController.swift */ = {isa = PBXFileReference; fileEncoding = 4; lastKnownFileType = sourcecode.swift; lineEnding = 0; name = MapViewController.swift; path = Controllers/MapViewController.swift; sourceTree = "<group>"; xcLanguageSpecificationIdentifier = xcode.lang.swift; };
		6D28345B1B24B0A100E361A3 /* FeedbackMailComposeViewController.swift */ = {isa = PBXFileReference; fileEncoding = 4; lastKnownFileType = sourcecode.swift; lineEnding = 0; name = FeedbackMailComposeViewController.swift; path = Controllers/FeedbackMailComposeViewController.swift; sourceTree = "<group>"; xcLanguageSpecificationIdentifier = xcode.lang.swift; };
		6D28345D1B24B5E100E361A3 /* UIDevice+ModelNames.swift */ = {isa = PBXFileReference; fileEncoding = 4; lastKnownFileType = sourcecode.swift; path = "UIDevice+ModelNames.swift"; sourceTree = "<group>"; };
		6D28345F1B24E89000E361A3 /* RideStopwatch.swift */ = {isa = PBXFileReference; fileEncoding = 4; lastKnownFileType = sourcecode.swift; name = RideStopwatch.swift; path = Helpers/RideStopwatch.swift; sourceTree = "<group>"; };
		6D2834611B24E8DF00E361A3 /* NSTimeInterval+TextualRepresentation.swift */ = {isa = PBXFileReference; fileEncoding = 4; lastKnownFileType = sourcecode.swift; path = "NSTimeInterval+TextualRepresentation.swift"; sourceTree = "<group>"; };
		6D2E0F761B6E27BF00969BDD /* base.json */ = {isa = PBXFileReference; fileEncoding = 4; lastKnownFileType = text.json; name = base.json; path = Localizable/base.json; sourceTree = "<group>"; };
		6D2E0F771B6E27BF00969BDD /* pl.json */ = {isa = PBXFileReference; fileEncoding = 4; lastKnownFileType = text.json; name = pl.json; path = Localizable/pl.json; sourceTree = "<group>"; };
		6D31D0FF1B221CA50034C27B /* RightDetailCell.swift */ = {isa = PBXFileReference; fileEncoding = 4; lastKnownFileType = sourcecode.swift; lineEnding = 0; name = RightDetailCell.swift; path = Components/RightDetailCell.swift; sourceTree = "<group>"; xcLanguageSpecificationIdentifier = xcode.lang.swift; };
		6D4855601B3C48C800CE8A5E /* StationAnnotationView.xib */ = {isa = PBXFileReference; fileEncoding = 4; lastKnownFileType = file.xib; path = StationAnnotationView.xib; sourceTree = "<group>"; };
		6D4855621B3C4B5800CE8A5E /* StationAnnotationView.swift */ = {isa = PBXFileReference; fileEncoding = 4; lastKnownFileType = sourcecode.swift; path = StationAnnotationView.swift; sourceTree = "<group>"; };
		6D4855641B3C636C00CE8A5E /* UIColor+AnnotationCircle.swift */ = {isa = PBXFileReference; fileEncoding = 4; lastKnownFileType = sourcecode.swift; name = "UIColor+AnnotationCircle.swift"; path = "../UIColor+AnnotationCircle.swift"; sourceTree = "<group>"; };
		6D4855671B3C669A00CE8A5E /* NSDate+UpdateWhileAgo.swift */ = {isa = PBXFileReference; fileEncoding = 4; lastKnownFileType = sourcecode.swift; lineEnding = 0; path = "NSDate+UpdateWhileAgo.swift"; sourceTree = "<group>"; xcLanguageSpecificationIdentifier = xcode.lang.swift; };
		6D5003E71B3EA04700A54B36 /* pl */ = {isa = PBXFileReference; lastKnownFileType = text.plist.strings; name = pl; path = pl.lproj/LaunchScreen.strings; sourceTree = "<group>"; };
		6D5003E81B3EA04700A54B36 /* pl */ = {isa = PBXFileReference; lastKnownFileType = text.plist.strings; lineEnding = 0; name = pl; path = pl.lproj/Main.strings; sourceTree = "<group>"; xcLanguageSpecificationIdentifier = xcode.lang.simpleColoring; };
		6D5003E91B3EA04700A54B36 /* pl */ = {isa = PBXFileReference; lastKnownFileType = text.plist.strings; name = pl; path = pl.lproj/Interface.strings; sourceTree = "<group>"; };
		6D5BA0B51B359822005C72CC /* UIView+XIBLoading.swift */ = {isa = PBXFileReference; fileEncoding = 4; lastKnownFileType = sourcecode.swift; path = "UIView+XIBLoading.swift"; sourceTree = "<group>"; };
		6D5BA0B71B359849005C72CC /* UIView+Dynamic.swift */ = {isa = PBXFileReference; fileEncoding = 4; lastKnownFileType = sourcecode.swift; path = "UIView+Dynamic.swift"; sourceTree = "<group>"; };
		6D5FB3F61B34849E00AB9143 /* MapButton.swift */ = {isa = PBXFileReference; fileEncoding = 4; lastKnownFileType = sourcecode.swift; name = MapButton.swift; path = Components/MapButton.swift; sourceTree = "<group>"; };
		6D5FB3F81B349DC300AB9143 /* StopwatchPopover.xib */ = {isa = PBXFileReference; fileEncoding = 4; lastKnownFileType = file.xib; path = StopwatchPopover.xib; sourceTree = "<group>"; };
		6D5FB3FA1B349F7C00AB9143 /* StopwatchPopover.swift */ = {isa = PBXFileReference; fileEncoding = 4; lastKnownFileType = sourcecode.swift; name = StopwatchPopover.swift; path = Components/StopwatchPopover.swift; sourceTree = "<group>"; };
		6D5FB3FC1B34A99300AB9143 /* MapDetailView.xib */ = {isa = PBXFileReference; fileEncoding = 4; lastKnownFileType = file.xib; path = MapDetailView.xib; sourceTree = "<group>"; };
		6D5FB3FE1B34AB8D00AB9143 /* MapDetailView.swift */ = {isa = PBXFileReference; fileEncoding = 4; lastKnownFileType = sourcecode.swift; name = MapDetailView.swift; path = Components/MapDetailView.swift; sourceTree = "<group>"; };
		6D630EF41B36CB380002FF3C /* CityBike.entitlements */ = {isa = PBXFileReference; lastKnownFileType = text.xml; path = CityBike.entitlements; sourceTree = "<group>"; };
		6D6801991B28E323009DE824 /* NavigationBar.swift */ = {isa = PBXFileReference; fileEncoding = 4; lastKnownFileType = sourcecode.swift; name = NavigationBar.swift; path = Components/NavigationBar.swift; sourceTree = "<group>"; };
		6D68019C1B28E8E2009DE824 /* DefaultHeader.xib */ = {isa = PBXFileReference; fileEncoding = 4; lastKnownFileType = file.xib; name = DefaultHeader.xib; path = Resources/DefaultHeader.xib; sourceTree = "<group>"; };
		6D68019E1B28E8E2009DE824 /* RightDetailHeader.xib */ = {isa = PBXFileReference; fileEncoding = 4; lastKnownFileType = file.xib; name = RightDetailHeader.xib; path = Resources/RightDetailHeader.xib; sourceTree = "<group>"; };
		6D6DB5281B31DD6B00342179 /* NSManagedObject+Extension.swift */ = {isa = PBXFileReference; fileEncoding = 4; lastKnownFileType = sourcecode.swift; path = "NSManagedObject+Extension.swift"; sourceTree = "<group>"; };
		6D725CBF1B53EB7A00F8B679 /* CityBikeAPI.framework */ = {isa = PBXFileReference; explicitFileType = wrapper.framework; includeInIndex = 0; path = CityBikeAPI.framework; sourceTree = BUILT_PRODUCTS_DIR; };
		6D725CC21B53EB7A00F8B679 /* Info.plist */ = {isa = PBXFileReference; lastKnownFileType = text.plist.xml; path = Info.plist; sourceTree = "<group>"; };
		6D725CC31B53EB7A00F8B679 /* CityBikeAPI.h */ = {isa = PBXFileReference; lastKnownFileType = sourcecode.c.h; path = CityBikeAPI.h; sourceTree = "<group>"; };
		6D725CDE1B53EBB600F8B679 /* CBJSONParser.swift */ = {isa = PBXFileReference; fileEncoding = 4; lastKnownFileType = sourcecode.swift; path = CBJSONParser.swift; sourceTree = "<group>"; };
		6D725CDF1B53EBB600F8B679 /* CBLocation.swift */ = {isa = PBXFileReference; fileEncoding = 4; lastKnownFileType = sourcecode.swift; path = CBLocation.swift; sourceTree = "<group>"; };
		6D725CE01B53EBB600F8B679 /* CBNetwork.swift */ = {isa = PBXFileReference; fileEncoding = 4; lastKnownFileType = sourcecode.swift; path = CBNetwork.swift; sourceTree = "<group>"; };
		6D725CE11B53EBB600F8B679 /* CBScheduledDownloader.swift */ = {isa = PBXFileReference; fileEncoding = 4; lastKnownFileType = sourcecode.swift; path = CBScheduledDownloader.swift; sourceTree = "<group>"; };
		6D725CE21B53EBB600F8B679 /* CBService.swift */ = {isa = PBXFileReference; fileEncoding = 4; lastKnownFileType = sourcecode.swift; path = CBService.swift; sourceTree = "<group>"; };
		6D725CE31B53EBB600F8B679 /* CBStation.swift */ = {isa = PBXFileReference; fileEncoding = 4; lastKnownFileType = sourcecode.swift; path = CBStation.swift; sourceTree = "<group>"; };
		6D725CE41B53EBB600F8B679 /* CBSyncManager.swift */ = {isa = PBXFileReference; fileEncoding = 4; lastKnownFileType = sourcecode.swift; path = CBSyncManager.swift; sourceTree = "<group>"; };
		6D7955A11B3DE27800CAA7DF /* StationProxy.swift */ = {isa = PBXFileReference; fileEncoding = 4; lastKnownFileType = sourcecode.swift; path = StationProxy.swift; sourceTree = "<group>"; };
		6D80630A1B31BF0900E2F7FF /* Model.framework */ = {isa = PBXFileReference; explicitFileType = wrapper.framework; includeInIndex = 0; path = Model.framework; sourceTree = BUILT_PRODUCTS_DIR; };
		6D80630D1B31BF0900E2F7FF /* Info.plist */ = {isa = PBXFileReference; lastKnownFileType = text.plist.xml; path = Info.plist; sourceTree = "<group>"; };
		6D87CE2F1B39DA3E0089D894 /* WatchStationProxy.swift */ = {isa = PBXFileReference; fileEncoding = 4; lastKnownFileType = sourcecode.swift; path = WatchStationProxy.swift; sourceTree = "<group>"; };
		6D8DC0AC1B369DDD00B80C63 /* City Bike WatchKit Extension.appex */ = {isa = PBXFileReference; explicitFileType = "wrapper.app-extension"; includeInIndex = 0; path = "City Bike WatchKit Extension.appex"; sourceTree = BUILT_PRODUCTS_DIR; };
		6D8DC0AF1B369DDD00B80C63 /* Info.plist */ = {isa = PBXFileReference; lastKnownFileType = text.plist.xml; path = Info.plist; sourceTree = "<group>"; };
		6D8DC0B01B369DDD00B80C63 /* StationsListInterfaceController.swift */ = {isa = PBXFileReference; lastKnownFileType = sourcecode.swift; lineEnding = 0; path = StationsListInterfaceController.swift; sourceTree = "<group>"; xcLanguageSpecificationIdentifier = xcode.lang.swift; };
		6D8DC0B21B369DDD00B80C63 /* Images.xcassets */ = {isa = PBXFileReference; lastKnownFileType = folder.assetcatalog; path = Images.xcassets; sourceTree = "<group>"; };
		6D8DC0B61B369DDD00B80C63 /* City Bike WatchKit App.app */ = {isa = PBXFileReference; explicitFileType = wrapper.application; includeInIndex = 0; path = "City Bike WatchKit App.app"; sourceTree = BUILT_PRODUCTS_DIR; };
		6D8DC0BC1B369DDD00B80C63 /* Info.plist */ = {isa = PBXFileReference; lastKnownFileType = text.plist.xml; path = Info.plist; sourceTree = "<group>"; };
		6D8DC0BE1B369DDD00B80C63 /* Base */ = {isa = PBXFileReference; lastKnownFileType = file.storyboard; name = Base; path = Base.lproj/Interface.storyboard; sourceTree = "<group>"; };
		6D8DC0C01B369DDD00B80C63 /* Images.xcassets */ = {isa = PBXFileReference; lastKnownFileType = folder.assetcatalog; path = Images.xcassets; sourceTree = "<group>"; };
		6D8DC0CE1B36A5FB00B80C63 /* StationTableRowController.swift */ = {isa = PBXFileReference; fileEncoding = 4; lastKnownFileType = sourcecode.swift; path = StationTableRowController.swift; sourceTree = "<group>"; };
		6D8DC0D01B36B1B500B80C63 /* UpdateTableRowController.swift */ = {isa = PBXFileReference; fileEncoding = 4; lastKnownFileType = sourcecode.swift; lineEnding = 0; path = UpdateTableRowController.swift; sourceTree = "<group>"; xcLanguageSpecificationIdentifier = xcode.lang.swift; };
		6D8F0B801B4748A000A0D51D /* Swifternalization.framework */ = {isa = PBXFileReference; lastKnownFileType = wrapper.framework; name = Swifternalization.framework; path = Carthage/Build/iOS/Swifternalization.framework; sourceTree = "<group>"; };
		6D95DCE01B3C8555003A8974 /* WormholeNotificationSystem.swift */ = {isa = PBXFileReference; fileEncoding = 4; lastKnownFileType = sourcecode.swift; path = WormholeNotificationSystem.swift; sourceTree = "<group>"; };
		6D9EFA311B386A6000A96BE9 /* CoordinateRegionSerializable.swift */ = {isa = PBXFileReference; fileEncoding = 4; lastKnownFileType = sourcecode.swift; path = CoordinateRegionSerializable.swift; sourceTree = "<group>"; };
		6DA595461B24F3920055D3D6 /* RideManager.swift */ = {isa = PBXFileReference; fileEncoding = 4; lastKnownFileType = sourcecode.swift; name = RideManager.swift; path = Helpers/RideManager.swift; sourceTree = "<group>"; };
		6DB2CC0F1B3B47830055E1BA /* StationOnMapInterfaceController.swift */ = {isa = PBXFileReference; fileEncoding = 4; lastKnownFileType = sourcecode.swift; path = StationOnMapInterfaceController.swift; sourceTree = "<group>"; };
		6DB2CC111B3B4F840055E1BA /* MKCoordinateRegion+RegionForPoints.swift */ = {isa = PBXFileReference; fileEncoding = 4; lastKnownFileType = sourcecode.swift; path = "MKCoordinateRegion+RegionForPoints.swift"; sourceTree = "<group>"; };
		6DB2CC131B3B4FB10055E1BA /* StationOnMapContext.swift */ = {isa = PBXFileReference; fileEncoding = 4; lastKnownFileType = sourcecode.swift; path = StationOnMapContext.swift; sourceTree = "<group>"; };
		6DB399151B54E03500B8F2B9 /* Base */ = {isa = PBXFileReference; lastKnownFileType = text.plist.strings; name = Base; path = Base.lproj/InfoPlist.strings; sourceTree = "<group>"; };
		6DB399171B54E03600B8F2B9 /* pl */ = {isa = PBXFileReference; lastKnownFileType = text.plist.strings; name = pl; path = pl.lproj/InfoPlist.strings; sourceTree = "<group>"; };
		6DB399181B54E8E000B8F2B9 /* CBReachability.h */ = {isa = PBXFileReference; fileEncoding = 4; lastKnownFileType = sourcecode.c.h; path = CBReachability.h; sourceTree = "<group>"; };
		6DB399191B54E8E000B8F2B9 /* CBReachability.m */ = {isa = PBXFileReference; fileEncoding = 4; lastKnownFileType = sourcecode.c.objc; path = CBReachability.m; sourceTree = "<group>"; };
		6DB9F8DD1B47E34C007A44F0 /* DistanceConverter.swift */ = {isa = PBXFileReference; fileEncoding = 4; lastKnownFileType = sourcecode.swift; path = DistanceConverter.swift; sourceTree = "<group>"; };
		6DBA51261B2B8D39002ECC3F /* ModelUpdater.swift */ = {isa = PBXFileReference; fileEncoding = 4; lastKnownFileType = sourcecode.swift; path = ModelUpdater.swift; sourceTree = "<group>"; };
		6DC344CC1B233B9E00C29408 /* CustomButton.swift */ = {isa = PBXFileReference; fileEncoding = 4; lastKnownFileType = sourcecode.swift; name = CustomButton.swift; path = Components/CustomButton.swift; sourceTree = "<group>"; };
		6DC344CE1B23B37C00C29408 /* GettingStartedViewController.swift */ = {isa = PBXFileReference; fileEncoding = 4; lastKnownFileType = sourcecode.swift; lineEnding = 0; path = GettingStartedViewController.swift; sourceTree = "<group>"; xcLanguageSpecificationIdentifier = xcode.lang.swift; };
		6DC344D01B23BCDB00C29408 /* GettingStartedMapViewController.swift */ = {isa = PBXFileReference; fileEncoding = 4; lastKnownFileType = sourcecode.swift; lineEnding = 0; path = GettingStartedMapViewController.swift; sourceTree = "<group>"; xcLanguageSpecificationIdentifier = xcode.lang.swift; };
		6DC344D21B23C01300C29408 /* GettingStartedNetworksViewController.swift */ = {isa = PBXFileReference; fileEncoding = 4; lastKnownFileType = sourcecode.swift; lineEnding = 0; path = GettingStartedNetworksViewController.swift; sourceTree = "<group>"; xcLanguageSpecificationIdentifier = xcode.lang.swift; };
		6DC344D41B23C57300C29408 /* GettingStartedStopwatchViewController.swift */ = {isa = PBXFileReference; fileEncoding = 4; lastKnownFileType = sourcecode.swift; lineEnding = 0; path = GettingStartedStopwatchViewController.swift; sourceTree = "<group>"; xcLanguageSpecificationIdentifier = xcode.lang.swift; };
		6DC344D91B2429D400C29408 /* SubtitleCell.swift */ = {isa = PBXFileReference; fileEncoding = 4; lastKnownFileType = sourcecode.swift; lineEnding = 0; name = SubtitleCell.swift; path = Components/SubtitleCell.swift; sourceTree = "<group>"; xcLanguageSpecificationIdentifier = xcode.lang.swift; };
		6DC344DB1B242A2000C29408 /* DefaultCell.swift */ = {isa = PBXFileReference; fileEncoding = 4; lastKnownFileType = sourcecode.swift; lineEnding = 0; name = DefaultCell.swift; path = Components/DefaultCell.swift; sourceTree = "<group>"; xcLanguageSpecificationIdentifier = xcode.lang.swift; };
		6DC344E01B242B6E00C29408 /* MenuViewController.swift */ = {isa = PBXFileReference; fileEncoding = 4; lastKnownFileType = sourcecode.swift; lineEnding = 0; name = MenuViewController.swift; path = Controllers/MenuViewController.swift; sourceTree = "<group>"; xcLanguageSpecificationIdentifier = xcode.lang.swift; };
		6DC344E51B242D6400C29408 /* DefaultHeader.swift */ = {isa = PBXFileReference; fileEncoding = 4; lastKnownFileType = sourcecode.swift; name = DefaultHeader.swift; path = Components/DefaultHeader.swift; sourceTree = "<group>"; };
		6DCFEB451B36EF8E002D24C8 /* UserSettings.swift */ = {isa = PBXFileReference; fileEncoding = 4; lastKnownFileType = sourcecode.swift; path = UserSettings.swift; sourceTree = "<group>"; };
		6DCFEB501B370349002D24C8 /* Constant.swift */ = {isa = PBXFileReference; fileEncoding = 4; lastKnownFileType = sourcecode.swift; path = Constant.swift; sourceTree = "<group>"; };
		6DCFEB561B3704D8002D24C8 /* Bridging-Header.h */ = {isa = PBXFileReference; lastKnownFileType = sourcecode.c.h; name = "Bridging-Header.h"; path = "../Bridging-Header.h"; sourceTree = "<group>"; };
		6DCFEB581B3735B4002D24C8 /* StationManager.swift */ = {isa = PBXFileReference; fileEncoding = 4; lastKnownFileType = sourcecode.swift; path = StationManager.swift; sourceTree = "<group>"; };
		6DCFEB5B1B373A85002D24C8 /* AppleWatchEvent.swift */ = {isa = PBXFileReference; fileEncoding = 4; lastKnownFileType = sourcecode.swift; path = AppleWatchEvent.swift; sourceTree = "<group>"; };
		6DCFEB5E1B37412F002D24C8 /* StopwatchInterfaceController.swift */ = {isa = PBXFileReference; fileEncoding = 4; lastKnownFileType = sourcecode.swift; lineEnding = 0; path = StopwatchInterfaceController.swift; sourceTree = "<group>"; xcLanguageSpecificationIdentifier = xcode.lang.swift; };
		6DCFEB611B374164002D24C8 /* MainInterfaceController.swift */ = {isa = PBXFileReference; fileEncoding = 4; lastKnownFileType = sourcecode.swift; lineEnding = 0; path = MainInterfaceController.swift; sourceTree = "<group>"; xcLanguageSpecificationIdentifier = xcode.lang.swift; };
		6DD460A11B20891D0070E163 /* UIView+Styling.swift */ = {isa = PBXFileReference; fileEncoding = 4; lastKnownFileType = sourcecode.swift; path = "UIView+Styling.swift"; sourceTree = "<group>"; };
		6DD460A31B208A040070E163 /* UIColor+CustomColors.swift */ = {isa = PBXFileReference; fileEncoding = 4; lastKnownFileType = sourcecode.swift; path = "UIColor+CustomColors.swift"; sourceTree = "<group>"; };
		6DDE24521B3DBEE70094E31F /* DefaultCell.xib */ = {isa = PBXFileReference; fileEncoding = 4; lastKnownFileType = file.xib; name = DefaultCell.xib; path = Resources/DefaultCell.xib; sourceTree = "<group>"; };
		6DDE24531B3DBEE70094E31F /* RightDetailCell.xib */ = {isa = PBXFileReference; fileEncoding = 4; lastKnownFileType = file.xib; name = RightDetailCell.xib; path = Resources/RightDetailCell.xib; sourceTree = "<group>"; };
		6DDE24541B3DBEE70094E31F /* SubtitleCell.xib */ = {isa = PBXFileReference; fileEncoding = 4; lastKnownFileType = file.xib; name = SubtitleCell.xib; path = Resources/SubtitleCell.xib; sourceTree = "<group>"; };
		6DDE24581B3DC3830094E31F /* CoreDataStack.swift */ = {isa = PBXFileReference; fileEncoding = 4; lastKnownFileType = sourcecode.swift; path = CoreDataStack.swift; sourceTree = "<group>"; };
		6DDE24591B3DC3830094E31F /* Location.swift */ = {isa = PBXFileReference; fileEncoding = 4; lastKnownFileType = sourcecode.swift; path = Location.swift; sourceTree = "<group>"; };
		6DDE245A1B3DC3830094E31F /* Network.swift */ = {isa = PBXFileReference; fileEncoding = 4; lastKnownFileType = sourcecode.swift; path = Network.swift; sourceTree = "<group>"; };
		6DDE245B1B3DC3830094E31F /* RideHistoryDay.swift */ = {isa = PBXFileReference; fileEncoding = 4; lastKnownFileType = sourcecode.swift; path = RideHistoryDay.swift; sourceTree = "<group>"; };
		6DDE245C1B3DC3830094E31F /* RideHistoryEntry.swift */ = {isa = PBXFileReference; fileEncoding = 4; lastKnownFileType = sourcecode.swift; path = RideHistoryEntry.swift; sourceTree = "<group>"; };
		6DDE245D1B3DC3830094E31F /* Station.swift */ = {isa = PBXFileReference; fileEncoding = 4; lastKnownFileType = sourcecode.swift; path = Station.swift; sourceTree = "<group>"; };
		6DDE24641B3DC3A60094E31F /* Model.h */ = {isa = PBXFileReference; fileEncoding = 4; lastKnownFileType = sourcecode.c.h; path = Model.h; sourceTree = "<group>"; };
		6DDE24671B3DC4310094E31F /* CityBike.xcdatamodel */ = {isa = PBXFileReference; lastKnownFileType = wrapper.xcdatamodel; path = CityBike.xcdatamodel; sourceTree = "<group>"; };
		6DF07F2D1B2D71DD00A8F796 /* StationAnnotation.swift */ = {isa = PBXFileReference; fileEncoding = 4; lastKnownFileType = sourcecode.swift; name = StationAnnotation.swift; path = Components/StationAnnotation.swift; sourceTree = "<group>"; };
		6DF07F371B2DD78300A8F796 /* FilterNetworks.swift */ = {isa = PBXFileReference; fileEncoding = 4; lastKnownFileType = sourcecode.swift; name = FilterNetworks.swift; path = Helpers/FilterNetworks.swift; sourceTree = "<group>"; };
		6DF07F391B2DD89E00A8F796 /* NetworksSort.swift */ = {isa = PBXFileReference; fileEncoding = 4; lastKnownFileType = sourcecode.swift; name = NetworksSort.swift; path = Helpers/NetworksSort.swift; sourceTree = "<group>"; };
		6DFD68FD1B36E11000047D7B /* MessageTableRowController.swift */ = {isa = PBXFileReference; fileEncoding = 4; lastKnownFileType = sourcecode.swift; lineEnding = 0; path = MessageTableRowController.swift; sourceTree = "<group>"; xcLanguageSpecificationIdentifier = xcode.lang.swift; };
		7F44F0EAB26469FDB30BCF8D /* Pods.release.xcconfig */ = {isa = PBXFileReference; includeInIndex = 1; lastKnownFileType = text.xcconfig; name = Pods.release.xcconfig; path = "Pods/Target Support Files/Pods/Pods.release.xcconfig"; sourceTree = "<group>"; };
		8BA85768E391B38D81FE6431 /* Pods.debug.xcconfig */ = {isa = PBXFileReference; includeInIndex = 1; lastKnownFileType = text.xcconfig; name = Pods.debug.xcconfig; path = "Pods/Target Support Files/Pods/Pods.debug.xcconfig"; sourceTree = "<group>"; };
		DA90676A2DC38C9EC428943F /* libPods.a */ = {isa = PBXFileReference; explicitFileType = archive.ar; includeInIndex = 0; path = libPods.a; sourceTree = BUILT_PRODUCTS_DIR; };
/* End PBXFileReference section */

/* Begin PBXFrameworksBuildPhase section */
		6D0EBE511B2033FB003ED872 /* Frameworks */ = {
			isa = PBXFrameworksBuildPhase;
			buildActionMask = 2147483647;
			files = (
				6D8F0B831B4748A000A0D51D /* Swifternalization.framework in Frameworks */,
				3AC3F560E715978E7353AFA9 /* libPods.a in Frameworks */,
				6D8063211B31BF0A00E2F7FF /* Model.framework in Frameworks */,
				6D725CD61B53EB7A00F8B679 /* CityBikeAPI.framework in Frameworks */,
			);
			runOnlyForDeploymentPostprocessing = 0;
		};
		6D725CBB1B53EB7A00F8B679 /* Frameworks */ = {
			isa = PBXFrameworksBuildPhase;
			buildActionMask = 2147483647;
			files = (
			);
			runOnlyForDeploymentPostprocessing = 0;
		};
		6D8063061B31BF0900E2F7FF /* Frameworks */ = {
			isa = PBXFrameworksBuildPhase;
			buildActionMask = 2147483647;
			files = (
			);
			runOnlyForDeploymentPostprocessing = 0;
		};
		6D8DC0A91B369DDD00B80C63 /* Frameworks */ = {
			isa = PBXFrameworksBuildPhase;
			buildActionMask = 2147483647;
			files = (
				6D8F0B841B4748A000A0D51D /* Swifternalization.framework in Frameworks */,
				AE8CA4AFF270B133414A1EE2 /* libPods.a in Frameworks */,
			);
			runOnlyForDeploymentPostprocessing = 0;
		};
/* End PBXFrameworksBuildPhase section */

/* Begin PBXGroup section */
		1AA46FD4589E04156EFD982A /* Pods */ = {
			isa = PBXGroup;
			children = (
				8BA85768E391B38D81FE6431 /* Pods.debug.xcconfig */,
				7F44F0EAB26469FDB30BCF8D /* Pods.release.xcconfig */,
			);
			name = Pods;
			sourceTree = "<group>";
		};
		6D0EBE4B1B2033FB003ED872 = {
			isa = PBXGroup;
			children = (
				6D0EBE561B2033FB003ED872 /* City Bike */,
				6D80630B1B31BF0900E2F7FF /* City Bike Model */,
				6D8DC0AD1B369DDD00B80C63 /* City Bike WatchKit Extension */,
				6D8DC0BA1B369DDD00B80C63 /* City Bike WatchKit App */,
				6D725CC01B53EB7A00F8B679 /* City Bike API */,
				6D0EBE551B2033FB003ED872 /* Products */,
				1AA46FD4589E04156EFD982A /* Pods */,
				A8775754B7360485054AA7FD /* Frameworks */,
			);
			sourceTree = "<group>";
		};
		6D0EBE551B2033FB003ED872 /* Products */ = {
			isa = PBXGroup;
			children = (
				6D0EBE541B2033FB003ED872 /* CityBike.app */,
				6D80630A1B31BF0900E2F7FF /* Model.framework */,
				6D8DC0AC1B369DDD00B80C63 /* City Bike WatchKit Extension.appex */,
				6D8DC0B61B369DDD00B80C63 /* City Bike WatchKit App.app */,
				6D725CBF1B53EB7A00F8B679 /* CityBikeAPI.framework */,
			);
			name = Products;
			sourceTree = "<group>";
		};
		6D0EBE561B2033FB003ED872 /* City Bike */ = {
			isa = PBXGroup;
			children = (
				6D630EF41B36CB380002FF3C /* CityBike.entitlements */,
				6D0EBE591B2033FB003ED872 /* AppDelegate.swift */,
				6D5BA0AF1B359683005C72CC /* Features */,
				6D5BA0B31B359772005C72CC /* Services */,
				6D0EBE621B2033FB003ED872 /* LaunchScreen.xib */,
				6D0EBE5D1B2033FB003ED872 /* Main.storyboard */,
				6D0EBE601B2033FB003ED872 /* Images.xcassets */,
				6D0EBE571B2033FB003ED872 /* Supporting Files */,
				6DCFEB561B3704D8002D24C8 /* Bridging-Header.h */,
			);
			name = "City Bike";
			path = CityBike;
			sourceTree = "<group>";
		};
		6D0EBE571B2033FB003ED872 /* Supporting Files */ = {
			isa = PBXGroup;
			children = (
				6D2E0F7E1B6E27C400969BDD /* Localizable */,
				6D0EBE581B2033FB003ED872 /* Info.plist */,
				6DB399161B54E03500B8F2B9 /* InfoPlist.strings */,
			);
			name = "Supporting Files";
			sourceTree = "<group>";
		};
		6D2E0F7E1B6E27C400969BDD /* Localizable */ = {
			isa = PBXGroup;
			children = (
				6D2E0F761B6E27BF00969BDD /* base.json */,
				6D2E0F771B6E27BF00969BDD /* pl.json */,
			);
			name = Localizable;
			sourceTree = "<group>";
		};
		6D5BA0AF1B359683005C72CC /* Features */ = {
			isa = PBXGroup;
			children = (
				6D5BA0BA1B359CF0005C72CC /* Feedback */,
				6DC344D61B23C63A00C29408 /* Getting Started */,
				6D5BA0B01B35968E005C72CC /* Map Browser */,
				6D5BA0B11B3596A7005C72CC /* Menu */,
				6D5BA0B21B3596D4005C72CC /* Shared */,
			);
			name = Features;
			sourceTree = "<group>";
		};
		6D5BA0B01B35968E005C72CC /* Map Browser */ = {
			isa = PBXGroup;
			children = (
				6D2834591B24AB3100E361A3 /* MapViewController.swift */,
				6D5FB3F61B34849E00AB9143 /* MapButton.swift */,
				6D5FB3FE1B34AB8D00AB9143 /* MapDetailView.swift */,
				6D5FB3FC1B34A99300AB9143 /* MapDetailView.xib */,
				6D5FB3FA1B349F7C00AB9143 /* StopwatchPopover.swift */,
				6D5FB3F81B349DC300AB9143 /* StopwatchPopover.xib */,
				6D4855621B3C4B5800CE8A5E /* StationAnnotationView.swift */,
				6D4855601B3C48C800CE8A5E /* StationAnnotationView.xib */,
			);
			name = "Map Browser";
			sourceTree = "<group>";
		};
		6D5BA0B11B3596A7005C72CC /* Menu */ = {
			isa = PBXGroup;
			children = (
				6DC344E01B242B6E00C29408 /* MenuViewController.swift */,
				6D2834511B2443F800E361A3 /* BikeNetworksViewController.swift */,
				6D2834531B24925400E361A3 /* RidesHistoryViewController.swift */,
				6DC344DB1B242A2000C29408 /* DefaultCell.swift */,
				6DDE24521B3DBEE70094E31F /* DefaultCell.xib */,
				6DC344E51B242D6400C29408 /* DefaultHeader.swift */,
				6D68019C1B28E8E2009DE824 /* DefaultHeader.xib */,
				6D31D0FF1B221CA50034C27B /* RightDetailCell.swift */,
				6DDE24531B3DBEE70094E31F /* RightDetailCell.xib */,
				6D2834571B24A71C00E361A3 /* RightDetailHeader.swift */,
				6D68019E1B28E8E2009DE824 /* RightDetailHeader.xib */,
				6DC344D91B2429D400C29408 /* SubtitleCell.swift */,
				6DDE24541B3DBEE70094E31F /* SubtitleCell.xib */,
			);
			name = Menu;
			sourceTree = "<group>";
		};
		6D5BA0B21B3596D4005C72CC /* Shared */ = {
			isa = PBXGroup;
			children = (
				6DC344CC1B233B9E00C29408 /* CustomButton.swift */,
				6D28344F1B243C2200E361A3 /* CustomCell.swift */,
				6D6801991B28E323009DE824 /* NavigationBar.swift */,
			);
			name = Shared;
			sourceTree = "<group>";
		};
		6D5BA0B31B359772005C72CC /* Services */ = {
			isa = PBXGroup;
			children = (
				6DCFEB5B1B373A85002D24C8 /* AppleWatchEvent.swift */,
				6DCFEB501B370349002D24C8 /* Constant.swift */,
				6D9EFA311B386A6000A96BE9 /* CoordinateRegionSerializable.swift */,
				6DB9F8DD1B47E34C007A44F0 /* DistanceConverter.swift */,
				6DF07F371B2DD78300A8F796 /* FilterNetworks.swift */,
				6DBA51261B2B8D39002ECC3F /* ModelUpdater.swift */,
				6DF07F391B2DD89E00A8F796 /* NetworksSort.swift */,
				6DA595461B24F3920055D3D6 /* RideManager.swift */,
				6D28345F1B24E89000E361A3 /* RideStopwatch.swift */,
				6DF07F2D1B2D71DD00A8F796 /* StationAnnotation.swift */,
				6DCFEB581B3735B4002D24C8 /* StationManager.swift */,
				6D7955A11B3DE27800CAA7DF /* StationProxy.swift */,
				6DCFEB451B36EF8E002D24C8 /* UserSettings.swift */,
				6D95DCE01B3C8555003A8974 /* WormholeNotificationSystem.swift */,
				6DD460A01B20890B0070E163 /* Extensions */,
				6DB399181B54E8E000B8F2B9 /* CBReachability.h */,
				6DB399191B54E8E000B8F2B9 /* CBReachability.m */,
			);
			name = Services;
			sourceTree = "<group>";
		};
		6D5BA0BA1B359CF0005C72CC /* Feedback */ = {
			isa = PBXGroup;
			children = (
				6D28345B1B24B0A100E361A3 /* FeedbackMailComposeViewController.swift */,
			);
			name = Feedback;
			sourceTree = "<group>";
		};
		6D6DB5221B31DA9200342179 /* Extensions */ = {
			isa = PBXGroup;
			children = (
				6D6DB5281B31DD6B00342179 /* NSManagedObject+Extension.swift */,
			);
			name = Extensions;
			sourceTree = "<group>";
		};
		6D725CC01B53EB7A00F8B679 /* City Bike API */ = {
			isa = PBXGroup;
			children = (
				6D725CC31B53EB7A00F8B679 /* CityBikeAPI.h */,
				6D725CDE1B53EBB600F8B679 /* CBJSONParser.swift */,
				6D725CDF1B53EBB600F8B679 /* CBLocation.swift */,
				6D725CE01B53EBB600F8B679 /* CBNetwork.swift */,
				6D725CE11B53EBB600F8B679 /* CBScheduledDownloader.swift */,
				6D725CE21B53EBB600F8B679 /* CBService.swift */,
				6D725CE31B53EBB600F8B679 /* CBStation.swift */,
				6D725CE41B53EBB600F8B679 /* CBSyncManager.swift */,
				6D725CC11B53EB7A00F8B679 /* Supporting Files */,
			);
			name = "City Bike API";
			path = CityBikeAPI;
			sourceTree = "<group>";
		};
		6D725CC11B53EB7A00F8B679 /* Supporting Files */ = {
			isa = PBXGroup;
			children = (
				6D725CC21B53EB7A00F8B679 /* Info.plist */,
			);
			name = "Supporting Files";
			sourceTree = "<group>";
		};
		6D80630B1B31BF0900E2F7FF /* City Bike Model */ = {
			isa = PBXGroup;
			children = (
				6DDE24641B3DC3A60094E31F /* Model.h */,
				6DDE24661B3DC4310094E31F /* CityBike.xcdatamodeld */,
				6DDE24581B3DC3830094E31F /* CoreDataStack.swift */,
				6DDE24591B3DC3830094E31F /* Location.swift */,
				6DDE245A1B3DC3830094E31F /* Network.swift */,
				6DDE245B1B3DC3830094E31F /* RideHistoryDay.swift */,
				6DDE245C1B3DC3830094E31F /* RideHistoryEntry.swift */,
				6DDE245D1B3DC3830094E31F /* Station.swift */,
				6D6DB5221B31DA9200342179 /* Extensions */,
				6D80630C1B31BF0900E2F7FF /* Supporting Files */,
			);
			name = "City Bike Model";
			path = Model;
			sourceTree = "<group>";
		};
		6D80630C1B31BF0900E2F7FF /* Supporting Files */ = {
			isa = PBXGroup;
			children = (
				6D80630D1B31BF0900E2F7FF /* Info.plist */,
			);
			name = "Supporting Files";
			sourceTree = "<group>";
		};
		6D87CE2E1B39D9E20089D894 /* Services */ = {
			isa = PBXGroup;
			children = (
				6DB2CC131B3B4FB10055E1BA /* StationOnMapContext.swift */,
				6D87CE2F1B39DA3E0089D894 /* WatchStationProxy.swift */,
				6DB2CC111B3B4F840055E1BA /* MKCoordinateRegion+RegionForPoints.swift */,
			);
			name = Services;
			sourceTree = "<group>";
		};
		6D8DC0AD1B369DDD00B80C63 /* City Bike WatchKit Extension */ = {
			isa = PBXGroup;
			children = (
				6D20FF3B1B36D6D300C5F4A0 /* City Bike WatchKit Extension.entitlements */,
				6D8DC0CC1B36A5CC00B80C63 /* Features */,
				6D87CE2E1B39D9E20089D894 /* Services */,
				6D8DC0B21B369DDD00B80C63 /* Images.xcassets */,
				6D8DC0AE1B369DDD00B80C63 /* Supporting Files */,
			);
			path = "City Bike WatchKit Extension";
			sourceTree = "<group>";
		};
		6D8DC0AE1B369DDD00B80C63 /* Supporting Files */ = {
			isa = PBXGroup;
			children = (
				6D8DC0AF1B369DDD00B80C63 /* Info.plist */,
			);
			name = "Supporting Files";
			sourceTree = "<group>";
		};
		6D8DC0BA1B369DDD00B80C63 /* City Bike WatchKit App */ = {
			isa = PBXGroup;
			children = (
				6D8DC0BD1B369DDD00B80C63 /* Interface.storyboard */,
				6D8DC0C01B369DDD00B80C63 /* Images.xcassets */,
				6D8DC0BB1B369DDD00B80C63 /* Supporting Files */,
			);
			path = "City Bike WatchKit App";
			sourceTree = "<group>";
		};
		6D8DC0BB1B369DDD00B80C63 /* Supporting Files */ = {
			isa = PBXGroup;
			children = (
				6D8DC0BC1B369DDD00B80C63 /* Info.plist */,
			);
			name = "Supporting Files";
			sourceTree = "<group>";
		};
		6D8DC0CC1B36A5CC00B80C63 /* Features */ = {
			isa = PBXGroup;
			children = (
				6DCFEB611B374164002D24C8 /* MainInterfaceController.swift */,
				6DB2CC0E1B3B47590055E1BA /* Station on map */,
				6D8DC0CD1B36A5D400B80C63 /* Stations List */,
				6DCFEB601B374134002D24C8 /* Stopwatch */,
			);
			name = Features;
			sourceTree = "<group>";
		};
		6D8DC0CD1B36A5D400B80C63 /* Stations List */ = {
			isa = PBXGroup;
			children = (
				6DFD68FD1B36E11000047D7B /* MessageTableRowController.swift */,
				6D8DC0B01B369DDD00B80C63 /* StationsListInterfaceController.swift */,
				6D8DC0CE1B36A5FB00B80C63 /* StationTableRowController.swift */,
				6D8DC0D01B36B1B500B80C63 /* UpdateTableRowController.swift */,
			);
			name = "Stations List";
			sourceTree = "<group>";
		};
		6DB2CC0E1B3B47590055E1BA /* Station on map */ = {
			isa = PBXGroup;
			children = (
				6DB2CC0F1B3B47830055E1BA /* StationOnMapInterfaceController.swift */,
			);
			name = "Station on map";
			sourceTree = "<group>";
		};
		6DC344D61B23C63A00C29408 /* Getting Started */ = {
			isa = PBXGroup;
			children = (
				6DC344CE1B23B37C00C29408 /* GettingStartedViewController.swift */,
				6DC344D01B23BCDB00C29408 /* GettingStartedMapViewController.swift */,
				6DC344D21B23C01300C29408 /* GettingStartedNetworksViewController.swift */,
				6DC344D41B23C57300C29408 /* GettingStartedStopwatchViewController.swift */,
			);
			name = "Getting Started";
			path = Controllers;
			sourceTree = "<group>";
		};
		6DCFEB601B374134002D24C8 /* Stopwatch */ = {
			isa = PBXGroup;
			children = (
				6DCFEB5E1B37412F002D24C8 /* StopwatchInterfaceController.swift */,
			);
			name = Stopwatch;
			sourceTree = "<group>";
		};
		6DD460A01B20890B0070E163 /* Extensions */ = {
			isa = PBXGroup;
			children = (
				6D4855671B3C669A00CE8A5E /* NSDate+UpdateWhileAgo.swift */,
				6D2834611B24E8DF00E361A3 /* NSTimeInterval+TextualRepresentation.swift */,
				6D4855641B3C636C00CE8A5E /* UIColor+AnnotationCircle.swift */,
				6DD460A31B208A040070E163 /* UIColor+CustomColors.swift */,
				6D28345D1B24B5E100E361A3 /* UIDevice+ModelNames.swift */,
				6DD460A11B20891D0070E163 /* UIView+Styling.swift */,
				6D5BA0B71B359849005C72CC /* UIView+Dynamic.swift */,
				6D5BA0B51B359822005C72CC /* UIView+XIBLoading.swift */,
			);
			path = Extensions;
			sourceTree = "<group>";
		};
		A8775754B7360485054AA7FD /* Frameworks */ = {
			isa = PBXGroup;
			children = (
				6D8F0B801B4748A000A0D51D /* Swifternalization.framework */,
				DA90676A2DC38C9EC428943F /* libPods.a */,
			);
			name = Frameworks;
			sourceTree = "<group>";
		};
/* End PBXGroup section */

/* Begin PBXHeadersBuildPhase section */
		6D725CBC1B53EB7A00F8B679 /* Headers */ = {
			isa = PBXHeadersBuildPhase;
			buildActionMask = 2147483647;
			files = (
				6D725CC41B53EB7A00F8B679 /* CityBikeAPI.h in Headers */,
			);
			runOnlyForDeploymentPostprocessing = 0;
		};
		6D8063071B31BF0900E2F7FF /* Headers */ = {
			isa = PBXHeadersBuildPhase;
			buildActionMask = 2147483647;
			files = (
				6DDE24651B3DC3A60094E31F /* Model.h in Headers */,
			);
			runOnlyForDeploymentPostprocessing = 0;
		};
/* End PBXHeadersBuildPhase section */

/* Begin PBXNativeTarget section */
		6D0EBE531B2033FB003ED872 /* CityBike */ = {
			isa = PBXNativeTarget;
			buildConfigurationList = 6D0EBE731B2033FB003ED872 /* Build configuration list for PBXNativeTarget "CityBike" */;
			buildPhases = (
				E141FE82608D5EC848FBE4E5 /* Check Pods Manifest.lock */,
				6D0EBE501B2033FB003ED872 /* Sources */,
				6D0EBE511B2033FB003ED872 /* Frameworks */,
				6D0EBE521B2033FB003ED872 /* Resources */,
				55673F5A179B6B47C89B9FEA /* Copy Pods Resources */,
				6D8062F91B31BC4600E2F7FF /* Embed Frameworks */,
				6D8DC0CB1B369DDD00B80C63 /* Embed App Extensions */,
				6D4075451B473D2800F2F3F4 /* Carthage */,
			);
			buildRules = (
			);
			dependencies = (
				6D8063201B31BF0A00E2F7FF /* PBXTargetDependency */,
				6D8DC0C31B369DDD00B80C63 /* PBXTargetDependency */,
				6D725CD51B53EB7A00F8B679 /* PBXTargetDependency */,
			);
			name = CityBike;
			productName = CityBike;
			productReference = 6D0EBE541B2033FB003ED872 /* CityBike.app */;
			productType = "com.apple.product-type.application";
		};
		6D725CBE1B53EB7A00F8B679 /* CityBikeAPI */ = {
			isa = PBXNativeTarget;
			buildConfigurationList = 6D725CD81B53EB7B00F8B679 /* Build configuration list for PBXNativeTarget "CityBikeAPI" */;
			buildPhases = (
				6D725CBA1B53EB7A00F8B679 /* Sources */,
				6D725CBB1B53EB7A00F8B679 /* Frameworks */,
				6D725CBC1B53EB7A00F8B679 /* Headers */,
				6D725CBD1B53EB7A00F8B679 /* Resources */,
			);
			buildRules = (
			);
			dependencies = (
			);
			name = CityBikeAPI;
			productName = CityBikeAPI;
			productReference = 6D725CBF1B53EB7A00F8B679 /* CityBikeAPI.framework */;
			productType = "com.apple.product-type.framework";
		};
		6D8063091B31BF0900E2F7FF /* Model */ = {
			isa = PBXNativeTarget;
			buildConfigurationList = 6D8063231B31BF0A00E2F7FF /* Build configuration list for PBXNativeTarget "Model" */;
			buildPhases = (
				6D8063051B31BF0900E2F7FF /* Sources */,
				6D8063061B31BF0900E2F7FF /* Frameworks */,
				6D8063071B31BF0900E2F7FF /* Headers */,
				6D8063081B31BF0900E2F7FF /* Resources */,
			);
			buildRules = (
			);
			dependencies = (
			);
			name = Model;
			productName = CBModel;
			productReference = 6D80630A1B31BF0900E2F7FF /* Model.framework */;
			productType = "com.apple.product-type.framework";
		};
		6D8DC0AB1B369DDD00B80C63 /* City Bike WatchKit Extension */ = {
			isa = PBXNativeTarget;
			buildConfigurationList = 6D8DC0CA1B369DDD00B80C63 /* Build configuration list for PBXNativeTarget "City Bike WatchKit Extension" */;
			buildPhases = (
				468A4A6BD700B0F8CEA2FB7D /* Check Pods Manifest.lock */,
				6D8DC0A81B369DDD00B80C63 /* Sources */,
				6D8DC0A91B369DDD00B80C63 /* Frameworks */,
				6D8DC0AA1B369DDD00B80C63 /* Resources */,
				B66B33BA019242B3521A6B79 /* Copy Pods Resources */,
			);
			buildRules = (
			);
			dependencies = (
				6D8DC0B91B369DDD00B80C63 /* PBXTargetDependency */,
			);
			name = "City Bike WatchKit Extension";
			productName = "City Bike WatchKit Extension";
			productReference = 6D8DC0AC1B369DDD00B80C63 /* City Bike WatchKit Extension.appex */;
			productType = "com.apple.product-type.watchkit-extension";
		};
		6D8DC0B51B369DDD00B80C63 /* City Bike WatchKit App */ = {
			isa = PBXNativeTarget;
			buildConfigurationList = 6D8DC0C91B369DDD00B80C63 /* Build configuration list for PBXNativeTarget "City Bike WatchKit App" */;
			buildPhases = (
				6D8DC0B41B369DDD00B80C63 /* Resources */,
			);
			buildRules = (
			);
			dependencies = (
			);
			name = "City Bike WatchKit App";
			productName = "City Bike WatchKit App";
			productReference = 6D8DC0B61B369DDD00B80C63 /* City Bike WatchKit App.app */;
			productType = "com.apple.product-type.application.watchapp";
		};
/* End PBXNativeTarget section */

/* Begin PBXProject section */
		6D0EBE4C1B2033FB003ED872 /* Project object */ = {
			isa = PBXProject;
			attributes = {
				CLASSPREFIX = CB;
				LastSwiftUpdateCheck = 0700;
				LastUpgradeCheck = 0630;
				ORGANIZATIONNAME = "Tomasz Szulc";
				TargetAttributes = {
					6D0EBE531B2033FB003ED872 = {
						CreatedOnToolsVersion = 6.3.2;
						DevelopmentTeam = 7HTJY423B9;
						SystemCapabilities = {
							com.apple.ApplicationGroups.iOS = {
								enabled = 1;
							};
							com.apple.BackgroundModes = {
								enabled = 0;
							};
						};
					};
					6D725CBE1B53EB7A00F8B679 = {
						CreatedOnToolsVersion = 6.4;
						DevelopmentTeam = 7HTJY423B9;
					};
					6D8063091B31BF0900E2F7FF = {
						CreatedOnToolsVersion = 6.3.2;
						DevelopmentTeam = 7HTJY423B9;
					};
					6D8DC0AB1B369DDD00B80C63 = {
						CreatedOnToolsVersion = 6.3.2;
						DevelopmentTeam = 7HTJY423B9;
						SystemCapabilities = {
							com.apple.ApplicationGroups.iOS = {
								enabled = 1;
							};
						};
					};
					6D8DC0B51B369DDD00B80C63 = {
						CreatedOnToolsVersion = 6.3.2;
						DevelopmentTeam = 7HTJY423B9;
					};
				};
			};
			buildConfigurationList = 6D0EBE4F1B2033FB003ED872 /* Build configuration list for PBXProject "CityBike" */;
			compatibilityVersion = "Xcode 3.2";
			developmentRegion = English;
			hasScannedForEncodings = 0;
			knownRegions = (
				en,
				Base,
				pl,
			);
			mainGroup = 6D0EBE4B1B2033FB003ED872;
			productRefGroup = 6D0EBE551B2033FB003ED872 /* Products */;
			projectDirPath = "";
			projectRoot = "";
			targets = (
				6D0EBE531B2033FB003ED872 /* CityBike */,
				6D8063091B31BF0900E2F7FF /* Model */,
				6D8DC0AB1B369DDD00B80C63 /* City Bike WatchKit Extension */,
				6D8DC0B51B369DDD00B80C63 /* City Bike WatchKit App */,
				6D725CBE1B53EB7A00F8B679 /* CityBikeAPI */,
			);
		};
/* End PBXProject section */

/* Begin PBXResourcesBuildPhase section */
		6D0EBE521B2033FB003ED872 /* Resources */ = {
			isa = PBXResourcesBuildPhase;
			buildActionMask = 2147483647;
			files = (
				6D0EBE5F1B2033FB003ED872 /* Main.storyboard in Resources */,
				6D0EBE641B2033FB003ED872 /* LaunchScreen.xib in Resources */,
				6DB399131B54E03500B8F2B9 /* InfoPlist.strings in Resources */,
				6D0EBE611B2033FB003ED872 /* Images.xcassets in Resources */,
				6DDE24551B3DBEE70094E31F /* DefaultCell.xib in Resources */,
				6D5FB3FD1B34A99300AB9143 /* MapDetailView.xib in Resources */,
				6DDE24571B3DBEE70094E31F /* SubtitleCell.xib in Resources */,
				6D2E0F7B1B6E27BF00969BDD /* pl.json in Resources */,
				6D6801A11B28E8E2009DE824 /* DefaultHeader.xib in Resources */,
				6D5FB3F91B349DC300AB9143 /* StopwatchPopover.xib in Resources */,
				6D4855611B3C48C800CE8A5E /* StationAnnotationView.xib in Resources */,
				6D6801A31B28E8E2009DE824 /* RightDetailHeader.xib in Resources */,
				6DDE24561B3DBEE70094E31F /* RightDetailCell.xib in Resources */,
				6D2E0F781B6E27BF00969BDD /* base.json in Resources */,
			);
			runOnlyForDeploymentPostprocessing = 0;
		};
		6D725CBD1B53EB7A00F8B679 /* Resources */ = {
			isa = PBXResourcesBuildPhase;
			buildActionMask = 2147483647;
			files = (
			);
			runOnlyForDeploymentPostprocessing = 0;
		};
		6D8063081B31BF0900E2F7FF /* Resources */ = {
			isa = PBXResourcesBuildPhase;
			buildActionMask = 2147483647;
			files = (
			);
			runOnlyForDeploymentPostprocessing = 0;
		};
		6D8DC0AA1B369DDD00B80C63 /* Resources */ = {
			isa = PBXResourcesBuildPhase;
			buildActionMask = 2147483647;
			files = (
				6D2E0F791B6E27BF00969BDD /* base.json in Resources */,
				6DE2F0271B3B61B30058EE7C /* Images.xcassets in Resources */,
				6D8DC0B31B369DDD00B80C63 /* Images.xcassets in Resources */,
				6D2E0F7C1B6E27BF00969BDD /* pl.json in Resources */,
				6D8DC0B71B369DDD00B80C63 /* City Bike WatchKit App.app in Resources */,
				6DB399141B54E03500B8F2B9 /* InfoPlist.strings in Resources */,
			);
			runOnlyForDeploymentPostprocessing = 0;
		};
		6D8DC0B41B369DDD00B80C63 /* Resources */ = {
			isa = PBXResourcesBuildPhase;
			buildActionMask = 2147483647;
			files = (
				6D2E0F7A1B6E27BF00969BDD /* base.json in Resources */,
				6D8DC0BF1B369DDD00B80C63 /* Interface.storyboard in Resources */,
				6D8DC0C11B369DDD00B80C63 /* Images.xcassets in Resources */,
				6D2E0F7D1B6E27BF00969BDD /* pl.json in Resources */,
			);
			runOnlyForDeploymentPostprocessing = 0;
		};
/* End PBXResourcesBuildPhase section */

/* Begin PBXShellScriptBuildPhase section */
		468A4A6BD700B0F8CEA2FB7D /* Check Pods Manifest.lock */ = {
			isa = PBXShellScriptBuildPhase;
			buildActionMask = 2147483647;
			files = (
			);
			inputPaths = (
			);
			name = "Check Pods Manifest.lock";
			outputPaths = (
			);
			runOnlyForDeploymentPostprocessing = 0;
			shellPath = /bin/sh;
			shellScript = "diff \"${PODS_ROOT}/../Podfile.lock\" \"${PODS_ROOT}/Manifest.lock\" > /dev/null\nif [[ $? != 0 ]] ; then\n    cat << EOM\nerror: The sandbox is not in sync with the Podfile.lock. Run 'pod install' or update your CocoaPods installation.\nEOM\n    exit 1\nfi\n";
			showEnvVarsInLog = 0;
		};
		55673F5A179B6B47C89B9FEA /* Copy Pods Resources */ = {
			isa = PBXShellScriptBuildPhase;
			buildActionMask = 2147483647;
			files = (
			);
			inputPaths = (
			);
			name = "Copy Pods Resources";
			outputPaths = (
			);
			runOnlyForDeploymentPostprocessing = 0;
			shellPath = /bin/sh;
			shellScript = "\"${SRCROOT}/Pods/Target Support Files/Pods/Pods-resources.sh\"\n";
			showEnvVarsInLog = 0;
		};
		6D4075451B473D2800F2F3F4 /* Carthage */ = {
			isa = PBXShellScriptBuildPhase;
			buildActionMask = 12;
			files = (
			);
			inputPaths = (
				"$(SRCROOT)/Carthage/Build/iOS/Swifternalization.framework",
			);
			name = Carthage;
			outputPaths = (
			);
			runOnlyForDeploymentPostprocessing = 0;
			shellPath = /bin/sh;
			shellScript = "/usr/local/bin/carthage copy-frameworks";
		};
		B66B33BA019242B3521A6B79 /* Copy Pods Resources */ = {
			isa = PBXShellScriptBuildPhase;
			buildActionMask = 2147483647;
			files = (
			);
			inputPaths = (
			);
			name = "Copy Pods Resources";
			outputPaths = (
			);
			runOnlyForDeploymentPostprocessing = 0;
			shellPath = /bin/sh;
			shellScript = "\"${SRCROOT}/Pods/Target Support Files/Pods/Pods-resources.sh\"\n";
			showEnvVarsInLog = 0;
		};
		E141FE82608D5EC848FBE4E5 /* Check Pods Manifest.lock */ = {
			isa = PBXShellScriptBuildPhase;
			buildActionMask = 2147483647;
			files = (
			);
			inputPaths = (
			);
			name = "Check Pods Manifest.lock";
			outputPaths = (
			);
			runOnlyForDeploymentPostprocessing = 0;
			shellPath = /bin/sh;
			shellScript = "diff \"${PODS_ROOT}/../Podfile.lock\" \"${PODS_ROOT}/Manifest.lock\" > /dev/null\nif [[ $? != 0 ]] ; then\n    cat << EOM\nerror: The sandbox is not in sync with the Podfile.lock. Run 'pod install' or update your CocoaPods installation.\nEOM\n    exit 1\nfi\n";
			showEnvVarsInLog = 0;
		};
/* End PBXShellScriptBuildPhase section */

/* Begin PBXSourcesBuildPhase section */
		6D0EBE501B2033FB003ED872 /* Sources */ = {
			isa = PBXSourcesBuildPhase;
			buildActionMask = 2147483647;
			files = (
				6D2834621B24E8DF00E361A3 /* NSTimeInterval+TextualRepresentation.swift in Sources */,
				6DB9F8DE1B47E34C007A44F0 /* DistanceConverter.swift in Sources */,
				6DC344D11B23BCDB00C29408 /* GettingStartedMapViewController.swift in Sources */,
				6D5BA0B81B359849005C72CC /* UIView+Dynamic.swift in Sources */,
				6D28345E1B24B5E100E361A3 /* UIDevice+ModelNames.swift in Sources */,
				6DC344D31B23C01300C29408 /* GettingStartedNetworksViewController.swift in Sources */,
				6DC344E61B242D6400C29408 /* DefaultHeader.swift in Sources */,
				6DD460A41B208A040070E163 /* UIColor+CustomColors.swift in Sources */,
				6D9EFA321B386A6000A96BE9 /* CoordinateRegionSerializable.swift in Sources */,
				6D2834601B24E89000E361A3 /* RideStopwatch.swift in Sources */,
				6D7955A21B3DE27800CAA7DF /* StationProxy.swift in Sources */,
				6D2834541B24925400E361A3 /* RidesHistoryViewController.swift in Sources */,
				6DCFEB461B36EF8E002D24C8 /* UserSettings.swift in Sources */,
				6DB3991A1B54E8E000B8F2B9 /* CBReachability.m in Sources */,
				6D5FB3FB1B349F7C00AB9143 /* StopwatchPopover.swift in Sources */,
				6DCFEB511B370349002D24C8 /* Constant.swift in Sources */,
				6D5FB3F71B34849E00AB9143 /* MapButton.swift in Sources */,
				6DCFEB591B3735B4002D24C8 /* StationManager.swift in Sources */,
				6D4855681B3C669A00CE8A5E /* NSDate+UpdateWhileAgo.swift in Sources */,
				6D2834501B243C2200E361A3 /* CustomCell.swift in Sources */,
				6DF07F2E1B2D71DD00A8F796 /* StationAnnotation.swift in Sources */,
				6D2834521B2443F800E361A3 /* BikeNetworksViewController.swift in Sources */,
				6D5FB3FF1B34AB8D00AB9143 /* MapDetailView.swift in Sources */,
				6D28345A1B24AB3100E361A3 /* MapViewController.swift in Sources */,
				6D2834581B24A71C00E361A3 /* RightDetailHeader.swift in Sources */,
				6D68019A1B28E323009DE824 /* NavigationBar.swift in Sources */,
				6DD460A21B20891D0070E163 /* UIView+Styling.swift in Sources */,
				6D4855651B3C636C00CE8A5E /* UIColor+AnnotationCircle.swift in Sources */,
				6D31D1001B221CA50034C27B /* RightDetailCell.swift in Sources */,
				6DF07F381B2DD78300A8F796 /* FilterNetworks.swift in Sources */,
				6DC344CF1B23B37C00C29408 /* GettingStartedViewController.swift in Sources */,
				6D0EBE5A1B2033FB003ED872 /* AppDelegate.swift in Sources */,
				6DC344DC1B242A2000C29408 /* DefaultCell.swift in Sources */,
				6D28345C1B24B0A100E361A3 /* FeedbackMailComposeViewController.swift in Sources */,
				6DC344D51B23C57300C29408 /* GettingStartedStopwatchViewController.swift in Sources */,
				6DC344E11B242B6E00C29408 /* MenuViewController.swift in Sources */,
				6DBA51271B2B8D39002ECC3F /* ModelUpdater.swift in Sources */,
				6DC344CD1B233B9E00C29408 /* CustomButton.swift in Sources */,
				6DCFEB5C1B373A85002D24C8 /* AppleWatchEvent.swift in Sources */,
				6D95DCE11B3C8555003A8974 /* WormholeNotificationSystem.swift in Sources */,
				6DF07F3A1B2DD89E00A8F796 /* NetworksSort.swift in Sources */,
				6DC344DA1B2429D400C29408 /* SubtitleCell.swift in Sources */,
				6DA595471B24F3920055D3D6 /* RideManager.swift in Sources */,
				6D4855631B3C4B5800CE8A5E /* StationAnnotationView.swift in Sources */,
				6D5BA0B61B359822005C72CC /* UIView+XIBLoading.swift in Sources */,
			);
			runOnlyForDeploymentPostprocessing = 0;
		};
		6D725CBA1B53EB7A00F8B679 /* Sources */ = {
			isa = PBXSourcesBuildPhase;
			buildActionMask = 2147483647;
			files = (
				6D725CEC1B53ECF900F8B679 /* CBJSONParser.swift in Sources */,
				6D725CF01B53ECF900F8B679 /* CBService.swift in Sources */,
				6D725CEE1B53ECF900F8B679 /* CBNetwork.swift in Sources */,
				6D725CED1B53ECF900F8B679 /* CBLocation.swift in Sources */,
				6D725CF21B53ECF900F8B679 /* CBSyncManager.swift in Sources */,
				6D725CEF1B53ECF900F8B679 /* CBScheduledDownloader.swift in Sources */,
				6D725CF11B53ECF900F8B679 /* CBStation.swift in Sources */,
			);
			runOnlyForDeploymentPostprocessing = 0;
		};
		6D8063051B31BF0900E2F7FF /* Sources */ = {
			isa = PBXSourcesBuildPhase;
			buildActionMask = 2147483647;
			files = (
				6DDE24601B3DC3830094E31F /* Network.swift in Sources */,
				6DDE24681B3DC4310094E31F /* CityBike.xcdatamodeld in Sources */,
				6DDE24621B3DC3830094E31F /* RideHistoryEntry.swift in Sources */,
				6DDE24631B3DC3830094E31F /* Station.swift in Sources */,
				6DDE245E1B3DC3830094E31F /* CoreDataStack.swift in Sources */,
				6D6DB5291B31DD6B00342179 /* NSManagedObject+Extension.swift in Sources */,
				6DDE245F1B3DC3830094E31F /* Location.swift in Sources */,
				6DDE24611B3DC3830094E31F /* RideHistoryDay.swift in Sources */,
			);
			runOnlyForDeploymentPostprocessing = 0;
		};
		6D8DC0A81B369DDD00B80C63 /* Sources */ = {
			isa = PBXSourcesBuildPhase;
			buildActionMask = 2147483647;
			files = (
				6DB2CC121B3B4F840055E1BA /* MKCoordinateRegion+RegionForPoints.swift in Sources */,
				6DCFEB5D1B373A85002D24C8 /* AppleWatchEvent.swift in Sources */,
				6D4855661B3C636C00CE8A5E /* UIColor+AnnotationCircle.swift in Sources */,
				6D8DC0D11B36B1B500B80C63 /* UpdateTableRowController.swift in Sources */,
				6D7955A61B3E893500CAA7DF /* CityBike.xcdatamodeld in Sources */,
				6DCFEB4F1B36F259002D24C8 /* UserSettings.swift in Sources */,
				6DB9F8DF1B47E34C007A44F0 /* DistanceConverter.swift in Sources */,
				6DB2CC141B3B4FB10055E1BA /* StationOnMapContext.swift in Sources */,
				6DCFEB621B374164002D24C8 /* MainInterfaceController.swift in Sources */,
				6D20FF3C1B36D90600C5F4A0 /* UIColor+CustomColors.swift in Sources */,
				6DCFEB641B374610002D24C8 /* RideStopwatch.swift in Sources */,
				6DB3991B1B54E8E000B8F2B9 /* CBReachability.m in Sources */,
				6DCFEB5F1B37412F002D24C8 /* StopwatchInterfaceController.swift in Sources */,
				6DCFEB5A1B3735B4002D24C8 /* StationManager.swift in Sources */,
				6D8DC0B11B369DDD00B80C63 /* StationsListInterfaceController.swift in Sources */,
				6D7955A51B3E882300CAA7DF /* CoreDataStack.swift in Sources */,
				6D9EFA331B386A9D00A96BE9 /* CoordinateRegionSerializable.swift in Sources */,
				6D87CE301B39DA3E0089D894 /* WatchStationProxy.swift in Sources */,
				6DCFEB631B374607002D24C8 /* RideManager.swift in Sources */,
				6D4855691B3C669A00CE8A5E /* NSDate+UpdateWhileAgo.swift in Sources */,
				6D8DC0CF1B36A5FB00B80C63 /* StationTableRowController.swift in Sources */,
				6DCFEB531B3703EE002D24C8 /* Constant.swift in Sources */,
				6DCFEB651B3746C9002D24C8 /* NSTimeInterval+TextualRepresentation.swift in Sources */,
				6DFD68FE1B36E11000047D7B /* MessageTableRowController.swift in Sources */,
				6D95DCE21B3C855E003A8974 /* WormholeNotificationSystem.swift in Sources */,
				6DB2CC101B3B47830055E1BA /* StationOnMapInterfaceController.swift in Sources */,
			);
			runOnlyForDeploymentPostprocessing = 0;
		};
/* End PBXSourcesBuildPhase section */

/* Begin PBXTargetDependency section */
		6D725CD51B53EB7A00F8B679 /* PBXTargetDependency */ = {
			isa = PBXTargetDependency;
			target = 6D725CBE1B53EB7A00F8B679 /* CityBikeAPI */;
			targetProxy = 6D725CD41B53EB7A00F8B679 /* PBXContainerItemProxy */;
		};
		6D8063201B31BF0A00E2F7FF /* PBXTargetDependency */ = {
			isa = PBXTargetDependency;
			target = 6D8063091B31BF0900E2F7FF /* Model */;
			targetProxy = 6D80631F1B31BF0A00E2F7FF /* PBXContainerItemProxy */;
		};
		6D8DC0B91B369DDD00B80C63 /* PBXTargetDependency */ = {
			isa = PBXTargetDependency;
			target = 6D8DC0B51B369DDD00B80C63 /* City Bike WatchKit App */;
			targetProxy = 6D8DC0B81B369DDD00B80C63 /* PBXContainerItemProxy */;
		};
		6D8DC0C31B369DDD00B80C63 /* PBXTargetDependency */ = {
			isa = PBXTargetDependency;
			target = 6D8DC0AB1B369DDD00B80C63 /* City Bike WatchKit Extension */;
			targetProxy = 6D8DC0C21B369DDD00B80C63 /* PBXContainerItemProxy */;
		};
/* End PBXTargetDependency section */

/* Begin PBXVariantGroup section */
		6D0EBE5D1B2033FB003ED872 /* Main.storyboard */ = {
			isa = PBXVariantGroup;
			children = (
				6D0EBE5E1B2033FB003ED872 /* Base */,
				6D5003E81B3EA04700A54B36 /* pl */,
			);
			name = Main.storyboard;
			sourceTree = "<group>";
		};
		6D0EBE621B2033FB003ED872 /* LaunchScreen.xib */ = {
			isa = PBXVariantGroup;
			children = (
				6D0EBE631B2033FB003ED872 /* Base */,
				6D5003E71B3EA04700A54B36 /* pl */,
			);
			name = LaunchScreen.xib;
			sourceTree = "<group>";
		};
		6D8DC0BD1B369DDD00B80C63 /* Interface.storyboard */ = {
			isa = PBXVariantGroup;
			children = (
				6D8DC0BE1B369DDD00B80C63 /* Base */,
				6D5003E91B3EA04700A54B36 /* pl */,
			);
			name = Interface.storyboard;
			sourceTree = "<group>";
		};
		6DB399161B54E03500B8F2B9 /* InfoPlist.strings */ = {
			isa = PBXVariantGroup;
			children = (
				6DB399151B54E03500B8F2B9 /* Base */,
				6DB399171B54E03600B8F2B9 /* pl */,
			);
			name = InfoPlist.strings;
			sourceTree = "<group>";
		};
/* End PBXVariantGroup section */

/* Begin XCBuildConfiguration section */
		6D0EBE711B2033FB003ED872 /* Debug */ = {
			isa = XCBuildConfiguration;
			buildSettings = {
				ALWAYS_SEARCH_USER_PATHS = NO;
				CLANG_CXX_LANGUAGE_STANDARD = "gnu++0x";
				CLANG_CXX_LIBRARY = "libc++";
				CLANG_ENABLE_MODULES = YES;
				CLANG_ENABLE_OBJC_ARC = YES;
				CLANG_WARN_BOOL_CONVERSION = YES;
				CLANG_WARN_CONSTANT_CONVERSION = YES;
				CLANG_WARN_DIRECT_OBJC_ISA_USAGE = YES_ERROR;
				CLANG_WARN_EMPTY_BODY = YES;
				CLANG_WARN_ENUM_CONVERSION = YES;
				CLANG_WARN_INT_CONVERSION = YES;
				CLANG_WARN_OBJC_ROOT_CLASS = YES_ERROR;
				CLANG_WARN_UNREACHABLE_CODE = YES;
				CLANG_WARN__DUPLICATE_METHOD_MATCH = YES;
				"CODE_SIGN_IDENTITY[sdk=iphoneos*]" = "iPhone Developer";
				COPY_PHASE_STRIP = NO;
				DEBUG_INFORMATION_FORMAT = "dwarf-with-dsym";
				ENABLE_STRICT_OBJC_MSGSEND = YES;
				GCC_C_LANGUAGE_STANDARD = gnu99;
				GCC_DYNAMIC_NO_PIC = NO;
				GCC_NO_COMMON_BLOCKS = YES;
				GCC_OPTIMIZATION_LEVEL = 0;
				GCC_PREPROCESSOR_DEFINITIONS = (
					"DEBUG=1",
					"$(inherited)",
				);
				GCC_SYMBOLS_PRIVATE_EXTERN = NO;
				GCC_WARN_64_TO_32_BIT_CONVERSION = YES;
				GCC_WARN_ABOUT_RETURN_TYPE = YES_ERROR;
				GCC_WARN_UNDECLARED_SELECTOR = YES;
				GCC_WARN_UNINITIALIZED_AUTOS = YES_AGGRESSIVE;
				GCC_WARN_UNUSED_FUNCTION = YES;
				GCC_WARN_UNUSED_VARIABLE = YES;
				IPHONEOS_DEPLOYMENT_TARGET = 8.3;
				MTL_ENABLE_DEBUG_INFO = YES;
				ONLY_ACTIVE_ARCH = YES;
				SDKROOT = iphoneos;
				SWIFT_OPTIMIZATION_LEVEL = "-Onone";
			};
			name = Debug;
		};
		6D0EBE721B2033FB003ED872 /* Release */ = {
			isa = XCBuildConfiguration;
			buildSettings = {
				ALWAYS_SEARCH_USER_PATHS = NO;
				CLANG_CXX_LANGUAGE_STANDARD = "gnu++0x";
				CLANG_CXX_LIBRARY = "libc++";
				CLANG_ENABLE_MODULES = YES;
				CLANG_ENABLE_OBJC_ARC = YES;
				CLANG_WARN_BOOL_CONVERSION = YES;
				CLANG_WARN_CONSTANT_CONVERSION = YES;
				CLANG_WARN_DIRECT_OBJC_ISA_USAGE = YES_ERROR;
				CLANG_WARN_EMPTY_BODY = YES;
				CLANG_WARN_ENUM_CONVERSION = YES;
				CLANG_WARN_INT_CONVERSION = YES;
				CLANG_WARN_OBJC_ROOT_CLASS = YES_ERROR;
				CLANG_WARN_UNREACHABLE_CODE = YES;
				CLANG_WARN__DUPLICATE_METHOD_MATCH = YES;
				"CODE_SIGN_IDENTITY[sdk=iphoneos*]" = "iPhone Developer";
				COPY_PHASE_STRIP = NO;
				DEBUG_INFORMATION_FORMAT = "dwarf-with-dsym";
				ENABLE_NS_ASSERTIONS = NO;
				ENABLE_STRICT_OBJC_MSGSEND = YES;
				GCC_C_LANGUAGE_STANDARD = gnu99;
				GCC_NO_COMMON_BLOCKS = YES;
				GCC_WARN_64_TO_32_BIT_CONVERSION = YES;
				GCC_WARN_ABOUT_RETURN_TYPE = YES_ERROR;
				GCC_WARN_UNDECLARED_SELECTOR = YES;
				GCC_WARN_UNINITIALIZED_AUTOS = YES_AGGRESSIVE;
				GCC_WARN_UNUSED_FUNCTION = YES;
				GCC_WARN_UNUSED_VARIABLE = YES;
				IPHONEOS_DEPLOYMENT_TARGET = 8.3;
				MTL_ENABLE_DEBUG_INFO = NO;
				SDKROOT = iphoneos;
				VALIDATE_PRODUCT = YES;
			};
			name = Release;
		};
		6D0EBE741B2033FB003ED872 /* Debug */ = {
			isa = XCBuildConfiguration;
			baseConfigurationReference = 8BA85768E391B38D81FE6431 /* Pods.debug.xcconfig */;
			buildSettings = {
				ASSETCATALOG_COMPILER_APPICON_NAME = AppIcon;
				CODE_SIGN_ENTITLEMENTS = CityBike/CityBike.entitlements;
				CODE_SIGN_IDENTITY = "iPhone Developer";
				"CODE_SIGN_IDENTITY[sdk=iphoneos*]" = "iPhone Developer";
				FRAMEWORK_SEARCH_PATHS = (
					"$(inherited)",
					"$(PROJECT_DIR)/Carthage/Build/iOS",
				);
				INFOPLIST_FILE = CityBike/Info.plist;
				IPHONEOS_DEPLOYMENT_TARGET = 8.0;
				LD_RUNPATH_SEARCH_PATHS = "$(inherited) @executable_path/Frameworks";
				PRODUCT_NAME = "$(TARGET_NAME)";
				PROVISIONING_PROFILE = "";
				SWIFT_OBJC_BRIDGING_HEADER = "$(SRCROOT)/Bridging-Header.h";
			};
			name = Debug;
		};
		6D0EBE751B2033FB003ED872 /* Release */ = {
			isa = XCBuildConfiguration;
			baseConfigurationReference = 7F44F0EAB26469FDB30BCF8D /* Pods.release.xcconfig */;
			buildSettings = {
				ASSETCATALOG_COMPILER_APPICON_NAME = AppIcon;
				CODE_SIGN_ENTITLEMENTS = CityBike/CityBike.entitlements;
				CODE_SIGN_IDENTITY = "iPhone Developer";
				"CODE_SIGN_IDENTITY[sdk=iphoneos*]" = "iPhone Developer";
				FRAMEWORK_SEARCH_PATHS = (
					"$(inherited)",
					"$(PROJECT_DIR)/Carthage/Build/iOS",
				);
				INFOPLIST_FILE = CityBike/Info.plist;
				IPHONEOS_DEPLOYMENT_TARGET = 8.0;
				LD_RUNPATH_SEARCH_PATHS = "$(inherited) @executable_path/Frameworks";
				PRODUCT_NAME = "$(TARGET_NAME)";
				PROVISIONING_PROFILE = "";
				SWIFT_OBJC_BRIDGING_HEADER = "$(SRCROOT)/Bridging-Header.h";
			};
			name = Release;
		};
		6D725CD91B53EB7B00F8B679 /* Debug */ = {
			isa = XCBuildConfiguration;
			buildSettings = {
				CODE_SIGN_IDENTITY = "iPhone Developer: Tomasz Szulc (7U7AAU283A)";
				"CODE_SIGN_IDENTITY[sdk=iphoneos*]" = "";
				CURRENT_PROJECT_VERSION = 1;
				DEFINES_MODULE = YES;
				DYLIB_COMPATIBILITY_VERSION = 1;
				DYLIB_CURRENT_VERSION = 1;
				DYLIB_INSTALL_NAME_BASE = "@rpath";
				GCC_PREPROCESSOR_DEFINITIONS = (
					"DEBUG=1",
					"$(inherited)",
				);
				INFOPLIST_FILE = CityBikeAPI/Info.plist;
				INSTALL_PATH = "$(LOCAL_LIBRARY_DIR)/Frameworks";
				IPHONEOS_DEPLOYMENT_TARGET = 8.0;
				LD_RUNPATH_SEARCH_PATHS = "$(inherited) @executable_path/Frameworks @loader_path/Frameworks";
				PRODUCT_NAME = "$(TARGET_NAME)";
				PROVISIONING_PROFILE = "de3f0d09-baeb-494b-9f41-a4f1f43ac1c5";
				SKIP_INSTALL = YES;
				TARGETED_DEVICE_FAMILY = "1,2";
				VERSIONING_SYSTEM = "apple-generic";
				VERSION_INFO_PREFIX = "";
			};
			name = Debug;
		};
		6D725CDA1B53EB7B00F8B679 /* Release */ = {
			isa = XCBuildConfiguration;
			buildSettings = {
				CODE_SIGN_IDENTITY = "iPhone Distribution: Tomasz Szulc (7HTJY423B9)";
				"CODE_SIGN_IDENTITY[sdk=iphoneos*]" = "";
				CURRENT_PROJECT_VERSION = 1;
				DEFINES_MODULE = YES;
				DYLIB_COMPATIBILITY_VERSION = 1;
				DYLIB_CURRENT_VERSION = 1;
				DYLIB_INSTALL_NAME_BASE = "@rpath";
				INFOPLIST_FILE = CityBikeAPI/Info.plist;
				INSTALL_PATH = "$(LOCAL_LIBRARY_DIR)/Frameworks";
				IPHONEOS_DEPLOYMENT_TARGET = 8.0;
				LD_RUNPATH_SEARCH_PATHS = "$(inherited) @executable_path/Frameworks @loader_path/Frameworks";
				PRODUCT_NAME = "$(TARGET_NAME)";
				PROVISIONING_PROFILE = "de3f0d09-baeb-494b-9f41-a4f1f43ac1c5";
				SKIP_INSTALL = YES;
				TARGETED_DEVICE_FAMILY = "1,2";
				VERSIONING_SYSTEM = "apple-generic";
				VERSION_INFO_PREFIX = "";
			};
			name = Release;
		};
		6D8063241B31BF0A00E2F7FF /* Debug */ = {
			isa = XCBuildConfiguration;
			buildSettings = {
				CODE_SIGN_IDENTITY = "iPhone Developer: Tomasz Szulc (7U7AAU283A)";
				"CODE_SIGN_IDENTITY[sdk=iphoneos*]" = "";
				CURRENT_PROJECT_VERSION = 1;
				DEFINES_MODULE = YES;
				DYLIB_COMPATIBILITY_VERSION = 1;
				DYLIB_CURRENT_VERSION = 1;
				DYLIB_INSTALL_NAME_BASE = "@rpath";
				GCC_PREPROCESSOR_DEFINITIONS = (
					"DEBUG=1",
					"$(inherited)",
				);
				INFOPLIST_FILE = Model/Info.plist;
				INSTALL_PATH = "$(LOCAL_LIBRARY_DIR)/Frameworks";
				IPHONEOS_DEPLOYMENT_TARGET = 8.0;
				LD_RUNPATH_SEARCH_PATHS = "$(inherited) @executable_path/Frameworks @loader_path/Frameworks";
				PRODUCT_NAME = "$(TARGET_NAME)";
				PROVISIONING_PROFILE = "cd0ede81-dbc6-4f77-bbd6-1af39dff4121";
				SKIP_INSTALL = YES;
				TARGETED_DEVICE_FAMILY = "1,2";
				VERSIONING_SYSTEM = "apple-generic";
				VERSION_INFO_PREFIX = "";
			};
			name = Debug;
		};
		6D8063251B31BF0A00E2F7FF /* Release */ = {
			isa = XCBuildConfiguration;
			buildSettings = {
				CODE_SIGN_IDENTITY = "iPhone Distribution: Tomasz Szulc (7HTJY423B9)";
				"CODE_SIGN_IDENTITY[sdk=iphoneos*]" = "";
				CURRENT_PROJECT_VERSION = 1;
				DEFINES_MODULE = YES;
				DYLIB_COMPATIBILITY_VERSION = 1;
				DYLIB_CURRENT_VERSION = 1;
				DYLIB_INSTALL_NAME_BASE = "@rpath";
				INFOPLIST_FILE = Model/Info.plist;
				INSTALL_PATH = "$(LOCAL_LIBRARY_DIR)/Frameworks";
				IPHONEOS_DEPLOYMENT_TARGET = 8.0;
				LD_RUNPATH_SEARCH_PATHS = "$(inherited) @executable_path/Frameworks @loader_path/Frameworks";
				PRODUCT_NAME = "$(TARGET_NAME)";
				PROVISIONING_PROFILE = "cd0ede81-dbc6-4f77-bbd6-1af39dff4121";
				SKIP_INSTALL = YES;
				TARGETED_DEVICE_FAMILY = "1,2";
				VERSIONING_SYSTEM = "apple-generic";
				VERSION_INFO_PREFIX = "";
			};
			name = Release;
		};
		6D8DC0C51B369DDD00B80C63 /* Debug */ = {
			isa = XCBuildConfiguration;
			baseConfigurationReference = 8BA85768E391B38D81FE6431 /* Pods.debug.xcconfig */;
			buildSettings = {
				CODE_SIGN_ENTITLEMENTS = "City Bike WatchKit Extension/City Bike WatchKit Extension.entitlements";
				CODE_SIGN_IDENTITY = "iPhone Developer: Tomasz Szulc (7U7AAU283A)";
				"CODE_SIGN_IDENTITY[sdk=iphoneos*]" = "iPhone Developer";
				FRAMEWORK_SEARCH_PATHS = (
					"$(inherited)",
					"$(PROJECT_DIR)/Carthage/Build/iOS",
				);
				GCC_PREPROCESSOR_DEFINITIONS = (
					"DEBUG=1",
					"$(inherited)",
				);
				INFOPLIST_FILE = "City Bike WatchKit Extension/Info.plist";
				LD_RUNPATH_SEARCH_PATHS = "$(inherited) @executable_path/Frameworks @executable_path/../../Frameworks";
				PRODUCT_NAME = "${TARGET_NAME}";
				PROVISIONING_PROFILE = "3366792e-2cf6-4c4b-b365-8e96fd22a1b6";
				SKIP_INSTALL = YES;
				SWIFT_OBJC_BRIDGING_HEADER = "$(SRCROOT)/Bridging-Header.h";
			};
			name = Debug;
		};
		6D8DC0C61B369DDD00B80C63 /* Release */ = {
			isa = XCBuildConfiguration;
			baseConfigurationReference = 7F44F0EAB26469FDB30BCF8D /* Pods.release.xcconfig */;
			buildSettings = {
				CODE_SIGN_ENTITLEMENTS = "City Bike WatchKit Extension/City Bike WatchKit Extension.entitlements";
				CODE_SIGN_IDENTITY = "iPhone Distribution: Tomasz Szulc (7HTJY423B9)";
				"CODE_SIGN_IDENTITY[sdk=iphoneos*]" = "iPhone Developer";
				FRAMEWORK_SEARCH_PATHS = (
					"$(inherited)",
					"$(PROJECT_DIR)/Carthage/Build/iOS",
				);
				INFOPLIST_FILE = "City Bike WatchKit Extension/Info.plist";
				LD_RUNPATH_SEARCH_PATHS = "$(inherited) @executable_path/Frameworks @executable_path/../../Frameworks";
				PRODUCT_NAME = "${TARGET_NAME}";
				PROVISIONING_PROFILE = "3366792e-2cf6-4c4b-b365-8e96fd22a1b6";
				SKIP_INSTALL = YES;
				SWIFT_OBJC_BRIDGING_HEADER = "$(SRCROOT)/Bridging-Header.h";
			};
			name = Release;
		};
		6D8DC0C71B369DDD00B80C63 /* Debug */ = {
			isa = XCBuildConfiguration;
			buildSettings = {
				ASSETCATALOG_COMPILER_APPICON_NAME = AppIcon;
				CODE_SIGN_IDENTITY = "iPhone Developer: Tomasz Szulc (7U7AAU283A)";
				"CODE_SIGN_IDENTITY[sdk=iphoneos*]" = "";
				GCC_PREPROCESSOR_DEFINITIONS = (
					"DEBUG=1",
					"$(inherited)",
				);
				IBSC_MODULE = City_Bike_WatchKit_Extension;
				INFOPLIST_FILE = "City Bike WatchKit App/Info.plist";
				IPHONEOS_DEPLOYMENT_TARGET = 8.2;
				PRODUCT_NAME = "$(TARGET_NAME)";
				PROVISIONING_PROFILE = "69ef1869-eb26-401e-90cd-8908ff716fed";
				SKIP_INSTALL = YES;
				TARGETED_DEVICE_FAMILY = 4;
				"TARGETED_DEVICE_FAMILY[sdk=iphonesimulator*]" = "1,4";
			};
			name = Debug;
		};
		6D8DC0C81B369DDD00B80C63 /* Release */ = {
			isa = XCBuildConfiguration;
			buildSettings = {
				ASSETCATALOG_COMPILER_APPICON_NAME = AppIcon;
				CODE_SIGN_IDENTITY = "iPhone Distribution: Tomasz Szulc (7HTJY423B9)";
				"CODE_SIGN_IDENTITY[sdk=iphoneos*]" = "";
				IBSC_MODULE = City_Bike_WatchKit_Extension;
				INFOPLIST_FILE = "City Bike WatchKit App/Info.plist";
				IPHONEOS_DEPLOYMENT_TARGET = 8.2;
				PRODUCT_NAME = "$(TARGET_NAME)";
				PROVISIONING_PROFILE = "69ef1869-eb26-401e-90cd-8908ff716fed";
				SKIP_INSTALL = YES;
				TARGETED_DEVICE_FAMILY = 4;
				"TARGETED_DEVICE_FAMILY[sdk=iphonesimulator*]" = "1,4";
			};
			name = Release;
		};
/* End XCBuildConfiguration section */

/* Begin XCConfigurationList section */
		6D0EBE4F1B2033FB003ED872 /* Build configuration list for PBXProject "CityBike" */ = {
			isa = XCConfigurationList;
			buildConfigurations = (
				6D0EBE711B2033FB003ED872 /* Debug */,
				6D0EBE721B2033FB003ED872 /* Release */,
			);
			defaultConfigurationIsVisible = 0;
			defaultConfigurationName = Release;
		};
		6D0EBE731B2033FB003ED872 /* Build configuration list for PBXNativeTarget "CityBike" */ = {
			isa = XCConfigurationList;
			buildConfigurations = (
				6D0EBE741B2033FB003ED872 /* Debug */,
				6D0EBE751B2033FB003ED872 /* Release */,
			);
			defaultConfigurationIsVisible = 0;
			defaultConfigurationName = Release;
		};
		6D725CD81B53EB7B00F8B679 /* Build configuration list for PBXNativeTarget "CityBikeAPI" */ = {
			isa = XCConfigurationList;
			buildConfigurations = (
				6D725CD91B53EB7B00F8B679 /* Debug */,
				6D725CDA1B53EB7B00F8B679 /* Release */,
			);
			defaultConfigurationIsVisible = 0;
			defaultConfigurationName = Release;
		};
		6D8063231B31BF0A00E2F7FF /* Build configuration list for PBXNativeTarget "Model" */ = {
			isa = XCConfigurationList;
			buildConfigurations = (
				6D8063241B31BF0A00E2F7FF /* Debug */,
				6D8063251B31BF0A00E2F7FF /* Release */,
			);
			defaultConfigurationIsVisible = 0;
			defaultConfigurationName = Release;
		};
		6D8DC0C91B369DDD00B80C63 /* Build configuration list for PBXNativeTarget "City Bike WatchKit App" */ = {
			isa = XCConfigurationList;
			buildConfigurations = (
				6D8DC0C71B369DDD00B80C63 /* Debug */,
				6D8DC0C81B369DDD00B80C63 /* Release */,
			);
			defaultConfigurationIsVisible = 0;
			defaultConfigurationName = Release;
		};
		6D8DC0CA1B369DDD00B80C63 /* Build configuration list for PBXNativeTarget "City Bike WatchKit Extension" */ = {
			isa = XCConfigurationList;
			buildConfigurations = (
				6D8DC0C51B369DDD00B80C63 /* Debug */,
				6D8DC0C61B369DDD00B80C63 /* Release */,
			);
			defaultConfigurationIsVisible = 0;
			defaultConfigurationName = Release;
		};
/* End XCConfigurationList section */

/* Begin XCVersionGroup section */
		6DDE24661B3DC4310094E31F /* CityBike.xcdatamodeld */ = {
			isa = XCVersionGroup;
			children = (
				6DDE24671B3DC4310094E31F /* CityBike.xcdatamodel */,
			);
			currentVersion = 6DDE24671B3DC4310094E31F /* CityBike.xcdatamodel */;
			path = CityBike.xcdatamodeld;
			sourceTree = "<group>";
			versionGroupType = wrapper.xcdatamodel;
		};
/* End XCVersionGroup section */
	};
	rootObject = 6D0EBE4C1B2033FB003ED872 /* Project object */;
}
