// !$*UTF8*$!
{
	archiveVersion = 1;
	classes = {
	};
	objectVersion = 46;
	objects = {

/* Begin PBXBuildFile section */
		6D0EBE5A1B2033FB003ED872 /* AppDelegate.swift in Sources */ = {isa = PBXBuildFile; fileRef = 6D0EBE591B2033FB003ED872 /* AppDelegate.swift */; };
		6D0EBE5F1B2033FB003ED872 /* Main.storyboard in Resources */ = {isa = PBXBuildFile; fileRef = 6D0EBE5D1B2033FB003ED872 /* Main.storyboard */; };
		6D0EBE611B2033FB003ED872 /* Images.xcassets in Resources */ = {isa = PBXBuildFile; fileRef = 6D0EBE601B2033FB003ED872 /* Images.xcassets */; };
		6D0EBE641B2033FB003ED872 /* LaunchScreen.xib in Resources */ = {isa = PBXBuildFile; fileRef = 6D0EBE621B2033FB003ED872 /* LaunchScreen.xib */; };
		6D0EBE701B2033FB003ED872 /* CityBikeTests.swift in Sources */ = {isa = PBXBuildFile; fileRef = 6D0EBE6F1B2033FB003ED872 /* CityBikeTests.swift */; };
		6D0EBE7A1B203704003ED872 /* CBMainViewController.swift in Sources */ = {isa = PBXBuildFile; fileRef = 6D0EBE791B203704003ED872 /* CBMainViewController.swift */; };
		6D0EBE7F1B2038AF003ED872 /* CBService.swift in Sources */ = {isa = PBXBuildFile; fileRef = 6D0EBE7E1B2038AF003ED872 /* CBService.swift */; };
		6D0EBE811B203F13003ED872 /* CBNetworkType.swift in Sources */ = {isa = PBXBuildFile; fileRef = 6D0EBE801B203F13003ED872 /* CBNetworkType.swift */; };
		6D0EBE831B203F2F003ED872 /* CBJSONParser.swift in Sources */ = {isa = PBXBuildFile; fileRef = 6D0EBE821B203F2F003ED872 /* CBJSONParser.swift */; };
		6D0EBE851B20401F003ED872 /* CBStation.swift in Sources */ = {isa = PBXBuildFile; fileRef = 6D0EBE841B20401F003ED872 /* CBStation.swift */; };
		6D0EBE871B20402D003ED872 /* CBNetwork.swift in Sources */ = {isa = PBXBuildFile; fileRef = 6D0EBE861B20402D003ED872 /* CBNetwork.swift */; };
		6D0EBE8C1B2052BE003ED872 /* CBAnnotationView.swift in Sources */ = {isa = PBXBuildFile; fileRef = 6D0EBE8B1B2052BE003ED872 /* CBAnnotationView.swift */; };
		6D0EBE8E1B2054DE003ED872 /* CBAnnotation.swift in Sources */ = {isa = PBXBuildFile; fileRef = 6D0EBE8D1B2054DE003ED872 /* CBAnnotation.swift */; };
		6D0EBE901B205FFE003ED872 /* CBAnnotationView.xib in Resources */ = {isa = PBXBuildFile; fileRef = 6D0EBE8F1B205FFE003ED872 /* CBAnnotationView.xib */; };
		6DB84B031B20CEFC005DBDAD /* CBNoItemsCell.xib in Resources */ = {isa = PBXBuildFile; fileRef = 6DB84B021B20CEFC005DBDAD /* CBNoItemsCell.xib */; };
		6DB84B051B20CF33005DBDAD /* CBNoItemsCell.swift in Sources */ = {isa = PBXBuildFile; fileRef = 6DB84B041B20CF33005DBDAD /* CBNoItemsCell.swift */; };
		6DB84B071B20D92B005DBDAD /* CBSelectNetworkPopupViewController.swift in Sources */ = {isa = PBXBuildFile; fileRef = 6DB84B061B20D92B005DBDAD /* CBSelectNetworkPopupViewController.swift */; };
		6DB84B091B20E372005DBDAD /* CBNSUserDefaultsExtension.swift in Sources */ = {isa = PBXBuildFile; fileRef = 6DB84B081B20E372005DBDAD /* CBNSUserDefaultsExtension.swift */; };
		6DD4609F1B20889F0070E163 /* CBHowToViewController.swift in Sources */ = {isa = PBXBuildFile; fileRef = 6DD4609E1B20889F0070E163 /* CBHowToViewController.swift */; };
		6DD460A21B20891D0070E163 /* CBUIViewExtension.swift in Sources */ = {isa = PBXBuildFile; fileRef = 6DD460A11B20891D0070E163 /* CBUIViewExtension.swift */; };
		6DD460A41B208A040070E163 /* CBUIColorExtension.swift in Sources */ = {isa = PBXBuildFile; fileRef = 6DD460A31B208A040070E163 /* CBUIColorExtension.swift */; };
		6DD460A61B20C2780070E163 /* CBNetworksViewController.swift in Sources */ = {isa = PBXBuildFile; fileRef = 6DD460A51B20C2780070E163 /* CBNetworksViewController.swift */; };
/* End PBXBuildFile section */

/* Begin PBXContainerItemProxy section */
		6D0EBE6A1B2033FB003ED872 /* PBXContainerItemProxy */ = {
			isa = PBXContainerItemProxy;
			containerPortal = 6D0EBE4C1B2033FB003ED872 /* Project object */;
			proxyType = 1;
			remoteGlobalIDString = 6D0EBE531B2033FB003ED872;
			remoteInfo = CityBike;
		};
/* End PBXContainerItemProxy section */

/* Begin PBXFileReference section */
		6D0EBE541B2033FB003ED872 /* CityBike.app */ = {isa = PBXFileReference; explicitFileType = wrapper.application; includeInIndex = 0; path = CityBike.app; sourceTree = BUILT_PRODUCTS_DIR; };
		6D0EBE581B2033FB003ED872 /* Info.plist */ = {isa = PBXFileReference; lastKnownFileType = text.plist.xml; path = Info.plist; sourceTree = "<group>"; };
		6D0EBE591B2033FB003ED872 /* AppDelegate.swift */ = {isa = PBXFileReference; lastKnownFileType = sourcecode.swift; path = AppDelegate.swift; sourceTree = "<group>"; };
		6D0EBE5E1B2033FB003ED872 /* Base */ = {isa = PBXFileReference; lastKnownFileType = file.storyboard; name = Base; path = Base.lproj/Main.storyboard; sourceTree = "<group>"; };
		6D0EBE601B2033FB003ED872 /* Images.xcassets */ = {isa = PBXFileReference; lastKnownFileType = folder.assetcatalog; path = Images.xcassets; sourceTree = "<group>"; };
		6D0EBE631B2033FB003ED872 /* Base */ = {isa = PBXFileReference; lastKnownFileType = file.xib; name = Base; path = Base.lproj/LaunchScreen.xib; sourceTree = "<group>"; };
		6D0EBE691B2033FB003ED872 /* CityBikeTests.xctest */ = {isa = PBXFileReference; explicitFileType = wrapper.cfbundle; includeInIndex = 0; path = CityBikeTests.xctest; sourceTree = BUILT_PRODUCTS_DIR; };
		6D0EBE6E1B2033FB003ED872 /* Info.plist */ = {isa = PBXFileReference; lastKnownFileType = text.plist.xml; path = Info.plist; sourceTree = "<group>"; };
		6D0EBE6F1B2033FB003ED872 /* CityBikeTests.swift */ = {isa = PBXFileReference; lastKnownFileType = sourcecode.swift; path = CityBikeTests.swift; sourceTree = "<group>"; };
		6D0EBE791B203704003ED872 /* CBMainViewController.swift */ = {isa = PBXFileReference; fileEncoding = 4; lastKnownFileType = sourcecode.swift; path = CBMainViewController.swift; sourceTree = "<group>"; };
		6D0EBE7E1B2038AF003ED872 /* CBService.swift */ = {isa = PBXFileReference; fileEncoding = 4; lastKnownFileType = sourcecode.swift; path = CBService.swift; sourceTree = "<group>"; };
		6D0EBE801B203F13003ED872 /* CBNetworkType.swift */ = {isa = PBXFileReference; fileEncoding = 4; lastKnownFileType = sourcecode.swift; path = CBNetworkType.swift; sourceTree = "<group>"; };
		6D0EBE821B203F2F003ED872 /* CBJSONParser.swift */ = {isa = PBXFileReference; fileEncoding = 4; lastKnownFileType = sourcecode.swift; path = CBJSONParser.swift; sourceTree = "<group>"; };
		6D0EBE841B20401F003ED872 /* CBStation.swift */ = {isa = PBXFileReference; fileEncoding = 4; lastKnownFileType = sourcecode.swift; path = CBStation.swift; sourceTree = "<group>"; };
		6D0EBE861B20402D003ED872 /* CBNetwork.swift */ = {isa = PBXFileReference; fileEncoding = 4; lastKnownFileType = sourcecode.swift; path = CBNetwork.swift; sourceTree = "<group>"; };
		6D0EBE8B1B2052BE003ED872 /* CBAnnotationView.swift */ = {isa = PBXFileReference; fileEncoding = 4; lastKnownFileType = sourcecode.swift; path = CBAnnotationView.swift; sourceTree = "<group>"; };
		6D0EBE8D1B2054DE003ED872 /* CBAnnotation.swift */ = {isa = PBXFileReference; fileEncoding = 4; lastKnownFileType = sourcecode.swift; path = CBAnnotation.swift; sourceTree = "<group>"; };
		6D0EBE8F1B205FFE003ED872 /* CBAnnotationView.xib */ = {isa = PBXFileReference; fileEncoding = 4; lastKnownFileType = file.xib; name = CBAnnotationView.xib; path = Resources/CBAnnotationView.xib; sourceTree = "<group>"; };
		6DB84B021B20CEFC005DBDAD /* CBNoItemsCell.xib */ = {isa = PBXFileReference; fileEncoding = 4; lastKnownFileType = file.xib; path = CBNoItemsCell.xib; sourceTree = "<group>"; };
		6DB84B041B20CF33005DBDAD /* CBNoItemsCell.swift */ = {isa = PBXFileReference; fileEncoding = 4; lastKnownFileType = sourcecode.swift; path = CBNoItemsCell.swift; sourceTree = "<group>"; };
		6DB84B061B20D92B005DBDAD /* CBSelectNetworkPopupViewController.swift */ = {isa = PBXFileReference; fileEncoding = 4; lastKnownFileType = sourcecode.swift; path = CBSelectNetworkPopupViewController.swift; sourceTree = "<group>"; };
		6DB84B081B20E372005DBDAD /* CBNSUserDefaultsExtension.swift */ = {isa = PBXFileReference; fileEncoding = 4; lastKnownFileType = sourcecode.swift; path = CBNSUserDefaultsExtension.swift; sourceTree = "<group>"; };
		6DBD866F1B206CBB009AFA47 /* Testing.playground */ = {isa = PBXFileReference; lastKnownFileType = file.playground; path = Testing.playground; sourceTree = "<group>"; };
		6DD4609E1B20889F0070E163 /* CBHowToViewController.swift */ = {isa = PBXFileReference; fileEncoding = 4; lastKnownFileType = sourcecode.swift; path = CBHowToViewController.swift; sourceTree = "<group>"; };
		6DD460A11B20891D0070E163 /* CBUIViewExtension.swift */ = {isa = PBXFileReference; fileEncoding = 4; lastKnownFileType = sourcecode.swift; path = CBUIViewExtension.swift; sourceTree = "<group>"; };
		6DD460A31B208A040070E163 /* CBUIColorExtension.swift */ = {isa = PBXFileReference; fileEncoding = 4; lastKnownFileType = sourcecode.swift; path = CBUIColorExtension.swift; sourceTree = "<group>"; };
		6DD460A51B20C2780070E163 /* CBNetworksViewController.swift */ = {isa = PBXFileReference; fileEncoding = 4; lastKnownFileType = sourcecode.swift; path = CBNetworksViewController.swift; sourceTree = "<group>"; };
/* End PBXFileReference section */

/* Begin PBXFrameworksBuildPhase section */
		6D0EBE511B2033FB003ED872 /* Frameworks */ = {
			isa = PBXFrameworksBuildPhase;
			buildActionMask = 2147483647;
			files = (
			);
			runOnlyForDeploymentPostprocessing = 0;
		};
		6D0EBE661B2033FB003ED872 /* Frameworks */ = {
			isa = PBXFrameworksBuildPhase;
			buildActionMask = 2147483647;
			files = (
			);
			runOnlyForDeploymentPostprocessing = 0;
		};
/* End PBXFrameworksBuildPhase section */

/* Begin PBXGroup section */
		6D0EBE4B1B2033FB003ED872 = {
			isa = PBXGroup;
			children = (
				6D0EBE561B2033FB003ED872 /* CityBike */,
				6D0EBE6C1B2033FB003ED872 /* CityBikeTests */,
				6D0EBE551B2033FB003ED872 /* Products */,
			);
			sourceTree = "<group>";
		};
		6D0EBE551B2033FB003ED872 /* Products */ = {
			isa = PBXGroup;
			children = (
				6D0EBE541B2033FB003ED872 /* CityBike.app */,
				6D0EBE691B2033FB003ED872 /* CityBikeTests.xctest */,
			);
			name = Products;
			sourceTree = "<group>";
		};
		6D0EBE561B2033FB003ED872 /* CityBike */ = {
			isa = PBXGroup;
			children = (
				6D0EBE591B2033FB003ED872 /* AppDelegate.swift */,
				6D0EBE7D1B203891003ED872 /* Controllers */,
				6D0EBE8A1B2052A6003ED872 /* Components */,
				6D0EBE7B1B20386B003ED872 /* CityBikes API */,
				6DD460A01B20890B0070E163 /* Extensions */,
				6D0EBE7C1B20387B003ED872 /* Resources */,
				6DBD86701B206D54009AFA47 /* Testing */,
				6D0EBE571B2033FB003ED872 /* Supporting Files */,
			);
			path = CityBike;
			sourceTree = "<group>";
		};
		6D0EBE571B2033FB003ED872 /* Supporting Files */ = {
			isa = PBXGroup;
			children = (
				6D0EBE581B2033FB003ED872 /* Info.plist */,
			);
			name = "Supporting Files";
			sourceTree = "<group>";
		};
		6D0EBE6C1B2033FB003ED872 /* CityBikeTests */ = {
			isa = PBXGroup;
			children = (
				6D0EBE6F1B2033FB003ED872 /* CityBikeTests.swift */,
				6D0EBE6D1B2033FB003ED872 /* Supporting Files */,
			);
			path = CityBikeTests;
			sourceTree = "<group>";
		};
		6D0EBE6D1B2033FB003ED872 /* Supporting Files */ = {
			isa = PBXGroup;
			children = (
				6D0EBE6E1B2033FB003ED872 /* Info.plist */,
			);
			name = "Supporting Files";
			sourceTree = "<group>";
		};
		6D0EBE7B1B20386B003ED872 /* CityBikes API */ = {
			isa = PBXGroup;
			children = (
				6D0EBE7E1B2038AF003ED872 /* CBService.swift */,
				6D0EBE801B203F13003ED872 /* CBNetworkType.swift */,
				6D0EBE821B203F2F003ED872 /* CBJSONParser.swift */,
				6D0EBE861B20402D003ED872 /* CBNetwork.swift */,
				6D0EBE841B20401F003ED872 /* CBStation.swift */,
				6D0EBE8D1B2054DE003ED872 /* CBAnnotation.swift */,
			);
			name = "CityBikes API";
			sourceTree = "<group>";
		};
		6D0EBE7C1B20387B003ED872 /* Resources */ = {
			isa = PBXGroup;
			children = (
				6D0EBE8F1B205FFE003ED872 /* CBAnnotationView.xib */,
				6DB84B021B20CEFC005DBDAD /* CBNoItemsCell.xib */,
				6D0EBE5D1B2033FB003ED872 /* Main.storyboard */,
				6D0EBE621B2033FB003ED872 /* LaunchScreen.xib */,
				6D0EBE601B2033FB003ED872 /* Images.xcassets */,
			);
			name = Resources;
			sourceTree = "<group>";
		};
		6D0EBE7D1B203891003ED872 /* Controllers */ = {
			isa = PBXGroup;
			children = (
				6DD4609E1B20889F0070E163 /* CBHowToViewController.swift */,
				6D0EBE791B203704003ED872 /* CBMainViewController.swift */,
				6DD460A51B20C2780070E163 /* CBNetworksViewController.swift */,
				6DB84B061B20D92B005DBDAD /* CBSelectNetworkPopupViewController.swift */,
			);
			name = Controllers;
			sourceTree = "<group>";
		};
		6D0EBE8A1B2052A6003ED872 /* Components */ = {
			isa = PBXGroup;
			children = (
				6D0EBE8B1B2052BE003ED872 /* CBAnnotationView.swift */,
				6DB84B041B20CF33005DBDAD /* CBNoItemsCell.swift */,
			);
			name = Components;
			sourceTree = "<group>";
		};
		6DBD86701B206D54009AFA47 /* Testing */ = {
			isa = PBXGroup;
			children = (
				6DBD866F1B206CBB009AFA47 /* Testing.playground */,
			);
			name = Testing;
			path = ..;
			sourceTree = "<group>";
		};
		6DD460A01B20890B0070E163 /* Extensions */ = {
			isa = PBXGroup;
			children = (
				6DD460A11B20891D0070E163 /* CBUIViewExtension.swift */,
				6DD460A31B208A040070E163 /* CBUIColorExtension.swift */,
				6DB84B081B20E372005DBDAD /* CBNSUserDefaultsExtension.swift */,
			);
			name = Extensions;
			sourceTree = "<group>";
		};
/* End PBXGroup section */

/* Begin PBXNativeTarget section */
		6D0EBE531B2033FB003ED872 /* CityBike */ = {
			isa = PBXNativeTarget;
			buildConfigurationList = 6D0EBE731B2033FB003ED872 /* Build configuration list for PBXNativeTarget "CityBike" */;
			buildPhases = (
				6D0EBE501B2033FB003ED872 /* Sources */,
				6D0EBE511B2033FB003ED872 /* Frameworks */,
				6D0EBE521B2033FB003ED872 /* Resources */,
			);
			buildRules = (
			);
			dependencies = (
			);
			name = CityBike;
			productName = CityBike;
			productReference = 6D0EBE541B2033FB003ED872 /* CityBike.app */;
			productType = "com.apple.product-type.application";
		};
		6D0EBE681B2033FB003ED872 /* CityBikeTests */ = {
			isa = PBXNativeTarget;
			buildConfigurationList = 6D0EBE761B2033FB003ED872 /* Build configuration list for PBXNativeTarget "CityBikeTests" */;
			buildPhases = (
				6D0EBE651B2033FB003ED872 /* Sources */,
				6D0EBE661B2033FB003ED872 /* Frameworks */,
				6D0EBE671B2033FB003ED872 /* Resources */,
			);
			buildRules = (
			);
			dependencies = (
				6D0EBE6B1B2033FB003ED872 /* PBXTargetDependency */,
			);
			name = CityBikeTests;
			productName = CityBikeTests;
			productReference = 6D0EBE691B2033FB003ED872 /* CityBikeTests.xctest */;
			productType = "com.apple.product-type.bundle.unit-test";
		};
/* End PBXNativeTarget section */

/* Begin PBXProject section */
		6D0EBE4C1B2033FB003ED872 /* Project object */ = {
			isa = PBXProject;
			attributes = {
				CLASSPREFIX = CB;
				LastUpgradeCheck = 0630;
				ORGANIZATIONNAME = "Tomasz Szulc";
				TargetAttributes = {
					6D0EBE531B2033FB003ED872 = {
						CreatedOnToolsVersion = 6.3.2;
					};
					6D0EBE681B2033FB003ED872 = {
						CreatedOnToolsVersion = 6.3.2;
						TestTargetID = 6D0EBE531B2033FB003ED872;
					};
				};
			};
			buildConfigurationList = 6D0EBE4F1B2033FB003ED872 /* Build configuration list for PBXProject "CityBike" */;
			compatibilityVersion = "Xcode 3.2";
			developmentRegion = English;
			hasScannedForEncodings = 0;
			knownRegions = (
				en,
				Base,
			);
			mainGroup = 6D0EBE4B1B2033FB003ED872;
			productRefGroup = 6D0EBE551B2033FB003ED872 /* Products */;
			projectDirPath = "";
			projectRoot = "";
			targets = (
				6D0EBE531B2033FB003ED872 /* CityBike */,
				6D0EBE681B2033FB003ED872 /* CityBikeTests */,
			);
		};
/* End PBXProject section */

/* Begin PBXResourcesBuildPhase section */
		6D0EBE521B2033FB003ED872 /* Resources */ = {
			isa = PBXResourcesBuildPhase;
			buildActionMask = 2147483647;
			files = (
				6D0EBE901B205FFE003ED872 /* CBAnnotationView.xib in Resources */,
				6D0EBE5F1B2033FB003ED872 /* Main.storyboard in Resources */,
				6DB84B031B20CEFC005DBDAD /* CBNoItemsCell.xib in Resources */,
				6D0EBE641B2033FB003ED872 /* LaunchScreen.xib in Resources */,
				6D0EBE611B2033FB003ED872 /* Images.xcassets in Resources */,
			);
			runOnlyForDeploymentPostprocessing = 0;
		};
		6D0EBE671B2033FB003ED872 /* Resources */ = {
			isa = PBXResourcesBuildPhase;
			buildActionMask = 2147483647;
			files = (
			);
			runOnlyForDeploymentPostprocessing = 0;
		};
/* End PBXResourcesBuildPhase section */

/* Begin PBXSourcesBuildPhase section */
		6D0EBE501B2033FB003ED872 /* Sources */ = {
			isa = PBXSourcesBuildPhase;
			buildActionMask = 2147483647;
			files = (
				6DB84B051B20CF33005DBDAD /* CBNoItemsCell.swift in Sources */,
				6D0EBE831B203F2F003ED872 /* CBJSONParser.swift in Sources */,
				6DB84B071B20D92B005DBDAD /* CBSelectNetworkPopupViewController.swift in Sources */,
				6DD4609F1B20889F0070E163 /* CBHowToViewController.swift in Sources */,
				6DD460A41B208A040070E163 /* CBUIColorExtension.swift in Sources */,
				6DD460A21B20891D0070E163 /* CBUIViewExtension.swift in Sources */,
				6D0EBE7A1B203704003ED872 /* CBMainViewController.swift in Sources */,
				6D0EBE8E1B2054DE003ED872 /* CBAnnotation.swift in Sources */,
				6D0EBE5A1B2033FB003ED872 /* AppDelegate.swift in Sources */,
				6D0EBE7F1B2038AF003ED872 /* CBService.swift in Sources */,
				6D0EBE8C1B2052BE003ED872 /* CBAnnotationView.swift in Sources */,
				6D0EBE871B20402D003ED872 /* CBNetwork.swift in Sources */,
				6DD460A61B20C2780070E163 /* CBNetworksViewController.swift in Sources */,
				6D0EBE811B203F13003ED872 /* CBNetworkType.swift in Sources */,
				6DB84B091B20E372005DBDAD /* CBNSUserDefaultsExtension.swift in Sources */,
				6D0EBE851B20401F003ED872 /* CBStation.swift in Sources */,
			);
			runOnlyForDeploymentPostprocessing = 0;
		};
		6D0EBE651B2033FB003ED872 /* Sources */ = {
			isa = PBXSourcesBuildPhase;
			buildActionMask = 2147483647;
			files = (
				6D0EBE701B2033FB003ED872 /* CityBikeTests.swift in Sources */,
			);
			runOnlyForDeploymentPostprocessing = 0;
		};
/* End PBXSourcesBuildPhase section */

/* Begin PBXTargetDependency section */
		6D0EBE6B1B2033FB003ED872 /* PBXTargetDependency */ = {
			isa = PBXTargetDependency;
			target = 6D0EBE531B2033FB003ED872 /* CityBike */;
			targetProxy = 6D0EBE6A1B2033FB003ED872 /* PBXContainerItemProxy */;
		};
/* End PBXTargetDependency section */

/* Begin PBXVariantGroup section */
		6D0EBE5D1B2033FB003ED872 /* Main.storyboard */ = {
			isa = PBXVariantGroup;
			children = (
				6D0EBE5E1B2033FB003ED872 /* Base */,
			);
			name = Main.storyboard;
			sourceTree = "<group>";
		};
		6D0EBE621B2033FB003ED872 /* LaunchScreen.xib */ = {
			isa = PBXVariantGroup;
			children = (
				6D0EBE631B2033FB003ED872 /* Base */,
			);
			name = LaunchScreen.xib;
			sourceTree = "<group>";
		};
/* End PBXVariantGroup section */

/* Begin XCBuildConfiguration section */
		6D0EBE711B2033FB003ED872 /* Debug */ = {
			isa = XCBuildConfiguration;
			buildSettings = {
				ALWAYS_SEARCH_USER_PATHS = NO;
				CLANG_CXX_LANGUAGE_STANDARD = "gnu++0x";
				CLANG_CXX_LIBRARY = "libc++";
				CLANG_ENABLE_MODULES = YES;
				CLANG_ENABLE_OBJC_ARC = YES;
				CLANG_WARN_BOOL_CONVERSION = YES;
				CLANG_WARN_CONSTANT_CONVERSION = YES;
				CLANG_WARN_DIRECT_OBJC_ISA_USAGE = YES_ERROR;
				CLANG_WARN_EMPTY_BODY = YES;
				CLANG_WARN_ENUM_CONVERSION = YES;
				CLANG_WARN_INT_CONVERSION = YES;
				CLANG_WARN_OBJC_ROOT_CLASS = YES_ERROR;
				CLANG_WARN_UNREACHABLE_CODE = YES;
				CLANG_WARN__DUPLICATE_METHOD_MATCH = YES;
				"CODE_SIGN_IDENTITY[sdk=iphoneos*]" = "iPhone Developer";
				COPY_PHASE_STRIP = NO;
				DEBUG_INFORMATION_FORMAT = "dwarf-with-dsym";
				ENABLE_STRICT_OBJC_MSGSEND = YES;
				GCC_C_LANGUAGE_STANDARD = gnu99;
				GCC_DYNAMIC_NO_PIC = NO;
				GCC_NO_COMMON_BLOCKS = YES;
				GCC_OPTIMIZATION_LEVEL = 0;
				GCC_PREPROCESSOR_DEFINITIONS = (
					"DEBUG=1",
					"$(inherited)",
				);
				GCC_SYMBOLS_PRIVATE_EXTERN = NO;
				GCC_WARN_64_TO_32_BIT_CONVERSION = YES;
				GCC_WARN_ABOUT_RETURN_TYPE = YES_ERROR;
				GCC_WARN_UNDECLARED_SELECTOR = YES;
				GCC_WARN_UNINITIALIZED_AUTOS = YES_AGGRESSIVE;
				GCC_WARN_UNUSED_FUNCTION = YES;
				GCC_WARN_UNUSED_VARIABLE = YES;
				IPHONEOS_DEPLOYMENT_TARGET = 8.3;
				MTL_ENABLE_DEBUG_INFO = YES;
				ONLY_ACTIVE_ARCH = YES;
				SDKROOT = iphoneos;
				SWIFT_OPTIMIZATION_LEVEL = "-Onone";
			};
			name = Debug;
		};
		6D0EBE721B2033FB003ED872 /* Release */ = {
			isa = XCBuildConfiguration;
			buildSettings = {
				ALWAYS_SEARCH_USER_PATHS = NO;
				CLANG_CXX_LANGUAGE_STANDARD = "gnu++0x";
				CLANG_CXX_LIBRARY = "libc++";
				CLANG_ENABLE_MODULES = YES;
				CLANG_ENABLE_OBJC_ARC = YES;
				CLANG_WARN_BOOL_CONVERSION = YES;
				CLANG_WARN_CONSTANT_CONVERSION = YES;
				CLANG_WARN_DIRECT_OBJC_ISA_USAGE = YES_ERROR;
				CLANG_WARN_EMPTY_BODY = YES;
				CLANG_WARN_ENUM_CONVERSION = YES;
				CLANG_WARN_INT_CONVERSION = YES;
				CLANG_WARN_OBJC_ROOT_CLASS = YES_ERROR;
				CLANG_WARN_UNREACHABLE_CODE = YES;
				CLANG_WARN__DUPLICATE_METHOD_MATCH = YES;
				"CODE_SIGN_IDENTITY[sdk=iphoneos*]" = "iPhone Developer";
				COPY_PHASE_STRIP = NO;
				DEBUG_INFORMATION_FORMAT = "dwarf-with-dsym";
				ENABLE_NS_ASSERTIONS = NO;
				ENABLE_STRICT_OBJC_MSGSEND = YES;
				GCC_C_LANGUAGE_STANDARD = gnu99;
				GCC_NO_COMMON_BLOCKS = YES;
				GCC_WARN_64_TO_32_BIT_CONVERSION = YES;
				GCC_WARN_ABOUT_RETURN_TYPE = YES_ERROR;
				GCC_WARN_UNDECLARED_SELECTOR = YES;
				GCC_WARN_UNINITIALIZED_AUTOS = YES_AGGRESSIVE;
				GCC_WARN_UNUSED_FUNCTION = YES;
				GCC_WARN_UNUSED_VARIABLE = YES;
				IPHONEOS_DEPLOYMENT_TARGET = 8.3;
				MTL_ENABLE_DEBUG_INFO = NO;
				SDKROOT = iphoneos;
				VALIDATE_PRODUCT = YES;
			};
			name = Release;
		};
		6D0EBE741B2033FB003ED872 /* Debug */ = {
			isa = XCBuildConfiguration;
			buildSettings = {
				ASSETCATALOG_COMPILER_APPICON_NAME = AppIcon;
				INFOPLIST_FILE = CityBike/Info.plist;
				LD_RUNPATH_SEARCH_PATHS = "$(inherited) @executable_path/Frameworks";
				PRODUCT_NAME = "$(TARGET_NAME)";
			};
			name = Debug;
		};
		6D0EBE751B2033FB003ED872 /* Release */ = {
			isa = XCBuildConfiguration;
			buildSettings = {
				ASSETCATALOG_COMPILER_APPICON_NAME = AppIcon;
				INFOPLIST_FILE = CityBike/Info.plist;
				LD_RUNPATH_SEARCH_PATHS = "$(inherited) @executable_path/Frameworks";
				PRODUCT_NAME = "$(TARGET_NAME)";
			};
			name = Release;
		};
		6D0EBE771B2033FB003ED872 /* Debug */ = {
			isa = XCBuildConfiguration;
			buildSettings = {
				BUNDLE_LOADER = "$(TEST_HOST)";
				FRAMEWORK_SEARCH_PATHS = (
					"$(SDKROOT)/Developer/Library/Frameworks",
					"$(inherited)",
				);
				GCC_PREPROCESSOR_DEFINITIONS = (
					"DEBUG=1",
					"$(inherited)",
				);
				INFOPLIST_FILE = CityBikeTests/Info.plist;
				LD_RUNPATH_SEARCH_PATHS = "$(inherited) @executable_path/Frameworks @loader_path/Frameworks";
				PRODUCT_NAME = "$(TARGET_NAME)";
				TEST_HOST = "$(BUILT_PRODUCTS_DIR)/CityBike.app/CityBike";
			};
			name = Debug;
		};
		6D0EBE781B2033FB003ED872 /* Release */ = {
			isa = XCBuildConfiguration;
			buildSettings = {
				BUNDLE_LOADER = "$(TEST_HOST)";
				FRAMEWORK_SEARCH_PATHS = (
					"$(SDKROOT)/Developer/Library/Frameworks",
					"$(inherited)",
				);
				INFOPLIST_FILE = CityBikeTests/Info.plist;
				LD_RUNPATH_SEARCH_PATHS = "$(inherited) @executable_path/Frameworks @loader_path/Frameworks";
				PRODUCT_NAME = "$(TARGET_NAME)";
				TEST_HOST = "$(BUILT_PRODUCTS_DIR)/CityBike.app/CityBike";
			};
			name = Release;
		};
/* End XCBuildConfiguration section */

/* Begin XCConfigurationList section */
		6D0EBE4F1B2033FB003ED872 /* Build configuration list for PBXProject "CityBike" */ = {
			isa = XCConfigurationList;
			buildConfigurations = (
				6D0EBE711B2033FB003ED872 /* Debug */,
				6D0EBE721B2033FB003ED872 /* Release */,
			);
			defaultConfigurationIsVisible = 0;
			defaultConfigurationName = Release;
		};
		6D0EBE731B2033FB003ED872 /* Build configuration list for PBXNativeTarget "CityBike" */ = {
			isa = XCConfigurationList;
			buildConfigurations = (
				6D0EBE741B2033FB003ED872 /* Debug */,
				6D0EBE751B2033FB003ED872 /* Release */,
			);
			defaultConfigurationIsVisible = 0;
			defaultConfigurationName = Release;
		};
		6D0EBE761B2033FB003ED872 /* Build configuration list for PBXNativeTarget "CityBikeTests" */ = {
			isa = XCConfigurationList;
			buildConfigurations = (
				6D0EBE771B2033FB003ED872 /* Debug */,
				6D0EBE781B2033FB003ED872 /* Release */,
			);
			defaultConfigurationIsVisible = 0;
			defaultConfigurationName = Release;
		};
/* End XCConfigurationList section */
	};
	rootObject = 6D0EBE4C1B2033FB003ED872 /* Project object */;
}
