// !$*UTF8*$!
{
	archiveVersion = 1;
	classes = {
	};
	objectVersion = 46;
	objects = {

/* Begin PBXBuildFile section */
		3AC3F560E715978E7353AFA9 /* libPods.a in Frameworks */ = {isa = PBXBuildFile; fileRef = DA90676A2DC38C9EC428943F /* libPods.a */; };
		6D0EBE5A1B2033FB003ED872 /* AppDelegate.swift in Sources */ = {isa = PBXBuildFile; fileRef = 6D0EBE591B2033FB003ED872 /* AppDelegate.swift */; };
		6D0EBE5F1B2033FB003ED872 /* Main.storyboard in Resources */ = {isa = PBXBuildFile; fileRef = 6D0EBE5D1B2033FB003ED872 /* Main.storyboard */; };
		6D0EBE611B2033FB003ED872 /* Images.xcassets in Resources */ = {isa = PBXBuildFile; fileRef = 6D0EBE601B2033FB003ED872 /* Images.xcassets */; };
		6D0EBE641B2033FB003ED872 /* LaunchScreen.xib in Resources */ = {isa = PBXBuildFile; fileRef = 6D0EBE621B2033FB003ED872 /* LaunchScreen.xib */; };
		6D0EBE7A1B203704003ED872 /* CBMainVC.swift in Sources */ = {isa = PBXBuildFile; fileRef = 6D0EBE791B203704003ED872 /* CBMainVC.swift */; };
		6D0EBE7F1B2038AF003ED872 /* CBService.swift in Sources */ = {isa = PBXBuildFile; fileRef = 6D0EBE7E1B2038AF003ED872 /* CBService.swift */; };
		6D0EBE811B203F13003ED872 /* CBNetworkType.swift in Sources */ = {isa = PBXBuildFile; fileRef = 6D0EBE801B203F13003ED872 /* CBNetworkType.swift */; };
		6D0EBE831B203F2F003ED872 /* CBJSONParser.swift in Sources */ = {isa = PBXBuildFile; fileRef = 6D0EBE821B203F2F003ED872 /* CBJSONParser.swift */; };
		6D0EBE851B20401F003ED872 /* CBStation.swift in Sources */ = {isa = PBXBuildFile; fileRef = 6D0EBE841B20401F003ED872 /* CBStation.swift */; };
		6D0EBE871B20402D003ED872 /* CBNetwork.swift in Sources */ = {isa = PBXBuildFile; fileRef = 6D0EBE861B20402D003ED872 /* CBNetwork.swift */; };
		6D0EBE8C1B2052BE003ED872 /* CBAnnotationView.swift in Sources */ = {isa = PBXBuildFile; fileRef = 6D0EBE8B1B2052BE003ED872 /* CBAnnotationView.swift */; };
		6D0EBE8E1B2054DE003ED872 /* CBAnnotation.swift in Sources */ = {isa = PBXBuildFile; fileRef = 6D0EBE8D1B2054DE003ED872 /* CBAnnotation.swift */; };
		6D0EBE901B205FFE003ED872 /* CBAnnotationView.xib in Resources */ = {isa = PBXBuildFile; fileRef = 6D0EBE8F1B205FFE003ED872 /* CBAnnotationView.xib */; };
		6D2834501B243C2200E361A3 /* CBCell.swift in Sources */ = {isa = PBXBuildFile; fileRef = 6D28344F1B243C2200E361A3 /* CBCell.swift */; };
		6D2834521B2443F800E361A3 /* CBMenuBikeNetworksViewController.swift in Sources */ = {isa = PBXBuildFile; fileRef = 6D2834511B2443F800E361A3 /* CBMenuBikeNetworksViewController.swift */; };
		6D2834541B24925400E361A3 /* CBMenuRidesHistoryViewController.swift in Sources */ = {isa = PBXBuildFile; fileRef = 6D2834531B24925400E361A3 /* CBMenuRidesHistoryViewController.swift */; };
		6D2834581B24A71C00E361A3 /* CBRightDetailHeader.swift in Sources */ = {isa = PBXBuildFile; fileRef = 6D2834571B24A71C00E361A3 /* CBRightDetailHeader.swift */; };
		6D28345A1B24AB3100E361A3 /* CBMapViewController.swift in Sources */ = {isa = PBXBuildFile; fileRef = 6D2834591B24AB3100E361A3 /* CBMapViewController.swift */; };
		6D28345C1B24B0A100E361A3 /* CBFeedbackMailComposeViewController.swift in Sources */ = {isa = PBXBuildFile; fileRef = 6D28345B1B24B0A100E361A3 /* CBFeedbackMailComposeViewController.swift */; };
		6D28345E1B24B5E100E361A3 /* CBUIDeviceExtension.swift in Sources */ = {isa = PBXBuildFile; fileRef = 6D28345D1B24B5E100E361A3 /* CBUIDeviceExtension.swift */; };
		6D2834601B24E89000E361A3 /* CBRideStopwatch.swift in Sources */ = {isa = PBXBuildFile; fileRef = 6D28345F1B24E89000E361A3 /* CBRideStopwatch.swift */; };
		6D2834621B24E8DF00E361A3 /* CBNSTimeInterval.swift in Sources */ = {isa = PBXBuildFile; fileRef = 6D2834611B24E8DF00E361A3 /* CBNSTimeInterval.swift */; };
		6D31D0FA1B21DFED0034C27B /* CBContentManager.swift in Sources */ = {isa = PBXBuildFile; fileRef = 6D31D0F91B21DFED0034C27B /* CBContentManager.swift */; };
		6D31D1001B221CA50034C27B /* CBRightDetailCell.swift in Sources */ = {isa = PBXBuildFile; fileRef = 6D31D0FF1B221CA50034C27B /* CBRightDetailCell.swift */; };
		6D31D1021B2231D60034C27B /* CBLocation.swift in Sources */ = {isa = PBXBuildFile; fileRef = 6D31D1011B2231D60034C27B /* CBLocation.swift */; };
		6D68019A1B28E323009DE824 /* CBNavigationBar.swift in Sources */ = {isa = PBXBuildFile; fileRef = 6D6801991B28E323009DE824 /* CBNavigationBar.swift */; };
		6D6801A01B28E8E2009DE824 /* CBDefaultCell.xib in Resources */ = {isa = PBXBuildFile; fileRef = 6D68019B1B28E8E2009DE824 /* CBDefaultCell.xib */; };
		6D6801A11B28E8E2009DE824 /* CBDefaultHeader.xib in Resources */ = {isa = PBXBuildFile; fileRef = 6D68019C1B28E8E2009DE824 /* CBDefaultHeader.xib */; };
		6D6801A21B28E8E2009DE824 /* CBRightDetailCell.xib in Resources */ = {isa = PBXBuildFile; fileRef = 6D68019D1B28E8E2009DE824 /* CBRightDetailCell.xib */; };
		6D6801A31B28E8E2009DE824 /* CBRightDetailHeader.xib in Resources */ = {isa = PBXBuildFile; fileRef = 6D68019E1B28E8E2009DE824 /* CBRightDetailHeader.xib */; };
		6D6801A41B28E8E2009DE824 /* CBSubtitleCell.xib in Resources */ = {isa = PBXBuildFile; fileRef = 6D68019F1B28E8E2009DE824 /* CBSubtitleCell.xib */; };
		6DA595451B24F2FD0055D3D6 /* CBRideRecord.swift in Sources */ = {isa = PBXBuildFile; fileRef = 6DA595441B24F2FD0055D3D6 /* CBRideRecord.swift */; };
		6DA595471B24F3920055D3D6 /* CBRideManager.swift in Sources */ = {isa = PBXBuildFile; fileRef = 6DA595461B24F3920055D3D6 /* CBRideManager.swift */; };
		6DB84B091B20E372005DBDAD /* CBNSUserDefaultsExtension.swift in Sources */ = {isa = PBXBuildFile; fileRef = 6DB84B081B20E372005DBDAD /* CBNSUserDefaultsExtension.swift */; };
		6DC344CB1B230C0C00C29408 /* CBRideButton.swift in Sources */ = {isa = PBXBuildFile; fileRef = 6DC344CA1B230C0C00C29408 /* CBRideButton.swift */; };
		6DC344CD1B233B9E00C29408 /* CBButton.swift in Sources */ = {isa = PBXBuildFile; fileRef = 6DC344CC1B233B9E00C29408 /* CBButton.swift */; };
		6DC344CF1B23B37C00C29408 /* CBGettingStartedViewController.swift in Sources */ = {isa = PBXBuildFile; fileRef = 6DC344CE1B23B37C00C29408 /* CBGettingStartedViewController.swift */; };
		6DC344D11B23BCDB00C29408 /* CBGettingStartedMapViewController.swift in Sources */ = {isa = PBXBuildFile; fileRef = 6DC344D01B23BCDB00C29408 /* CBGettingStartedMapViewController.swift */; };
		6DC344D31B23C01300C29408 /* CBGettingStartedNetworksViewController.swift in Sources */ = {isa = PBXBuildFile; fileRef = 6DC344D21B23C01300C29408 /* CBGettingStartedNetworksViewController.swift */; };
		6DC344D51B23C57300C29408 /* CBGettingStartedStopwatchViewController.swift in Sources */ = {isa = PBXBuildFile; fileRef = 6DC344D41B23C57300C29408 /* CBGettingStartedStopwatchViewController.swift */; };
		6DC344DA1B2429D400C29408 /* CBSubtitleCell.swift in Sources */ = {isa = PBXBuildFile; fileRef = 6DC344D91B2429D400C29408 /* CBSubtitleCell.swift */; };
		6DC344DC1B242A2000C29408 /* CBDefaultCell.swift in Sources */ = {isa = PBXBuildFile; fileRef = 6DC344DB1B242A2000C29408 /* CBDefaultCell.swift */; };
		6DC344E11B242B6E00C29408 /* CBMenuViewController.swift in Sources */ = {isa = PBXBuildFile; fileRef = 6DC344E01B242B6E00C29408 /* CBMenuViewController.swift */; };
		6DC344E61B242D6400C29408 /* CBDefaultHeader.swift in Sources */ = {isa = PBXBuildFile; fileRef = 6DC344E51B242D6400C29408 /* CBDefaultHeader.swift */; };
		6DD460A21B20891D0070E163 /* CBUIViewExtension.swift in Sources */ = {isa = PBXBuildFile; fileRef = 6DD460A11B20891D0070E163 /* CBUIViewExtension.swift */; };
		6DD460A41B208A040070E163 /* CBUIColorExtension.swift in Sources */ = {isa = PBXBuildFile; fileRef = 6DD460A31B208A040070E163 /* CBUIColorExtension.swift */; };
/* End PBXBuildFile section */

/* Begin PBXFileReference section */
		6D0EBE541B2033FB003ED872 /* CityBike.app */ = {isa = PBXFileReference; explicitFileType = wrapper.application; includeInIndex = 0; path = CityBike.app; sourceTree = BUILT_PRODUCTS_DIR; };
		6D0EBE581B2033FB003ED872 /* Info.plist */ = {isa = PBXFileReference; lastKnownFileType = text.plist.xml; path = Info.plist; sourceTree = "<group>"; };
		6D0EBE591B2033FB003ED872 /* AppDelegate.swift */ = {isa = PBXFileReference; lastKnownFileType = sourcecode.swift; path = AppDelegate.swift; sourceTree = "<group>"; };
		6D0EBE5E1B2033FB003ED872 /* Base */ = {isa = PBXFileReference; lastKnownFileType = file.storyboard; name = Base; path = Base.lproj/Main.storyboard; sourceTree = "<group>"; };
		6D0EBE601B2033FB003ED872 /* Images.xcassets */ = {isa = PBXFileReference; lastKnownFileType = folder.assetcatalog; path = Images.xcassets; sourceTree = "<group>"; };
		6D0EBE631B2033FB003ED872 /* Base */ = {isa = PBXFileReference; lastKnownFileType = file.xib; name = Base; path = Base.lproj/LaunchScreen.xib; sourceTree = "<group>"; };
		6D0EBE791B203704003ED872 /* CBMainVC.swift */ = {isa = PBXFileReference; fileEncoding = 4; lastKnownFileType = sourcecode.swift; path = CBMainVC.swift; sourceTree = "<group>"; };
		6D0EBE7E1B2038AF003ED872 /* CBService.swift */ = {isa = PBXFileReference; fileEncoding = 4; lastKnownFileType = sourcecode.swift; path = CBService.swift; sourceTree = "<group>"; };
		6D0EBE801B203F13003ED872 /* CBNetworkType.swift */ = {isa = PBXFileReference; fileEncoding = 4; lastKnownFileType = sourcecode.swift; path = CBNetworkType.swift; sourceTree = "<group>"; };
		6D0EBE821B203F2F003ED872 /* CBJSONParser.swift */ = {isa = PBXFileReference; fileEncoding = 4; lastKnownFileType = sourcecode.swift; path = CBJSONParser.swift; sourceTree = "<group>"; };
		6D0EBE841B20401F003ED872 /* CBStation.swift */ = {isa = PBXFileReference; fileEncoding = 4; lastKnownFileType = sourcecode.swift; path = CBStation.swift; sourceTree = "<group>"; };
		6D0EBE861B20402D003ED872 /* CBNetwork.swift */ = {isa = PBXFileReference; fileEncoding = 4; lastKnownFileType = sourcecode.swift; path = CBNetwork.swift; sourceTree = "<group>"; };
		6D0EBE8B1B2052BE003ED872 /* CBAnnotationView.swift */ = {isa = PBXFileReference; fileEncoding = 4; lastKnownFileType = sourcecode.swift; path = CBAnnotationView.swift; sourceTree = "<group>"; };
		6D0EBE8D1B2054DE003ED872 /* CBAnnotation.swift */ = {isa = PBXFileReference; fileEncoding = 4; lastKnownFileType = sourcecode.swift; path = CBAnnotation.swift; sourceTree = "<group>"; };
		6D0EBE8F1B205FFE003ED872 /* CBAnnotationView.xib */ = {isa = PBXFileReference; fileEncoding = 4; lastKnownFileType = file.xib; name = CBAnnotationView.xib; path = Resources/CBAnnotationView.xib; sourceTree = "<group>"; };
		6D28344F1B243C2200E361A3 /* CBCell.swift */ = {isa = PBXFileReference; fileEncoding = 4; lastKnownFileType = sourcecode.swift; path = CBCell.swift; sourceTree = "<group>"; };
		6D2834511B2443F800E361A3 /* CBMenuBikeNetworksViewController.swift */ = {isa = PBXFileReference; fileEncoding = 4; lastKnownFileType = sourcecode.swift; path = CBMenuBikeNetworksViewController.swift; sourceTree = "<group>"; };
		6D2834531B24925400E361A3 /* CBMenuRidesHistoryViewController.swift */ = {isa = PBXFileReference; fileEncoding = 4; lastKnownFileType = sourcecode.swift; path = CBMenuRidesHistoryViewController.swift; sourceTree = "<group>"; };
		6D2834571B24A71C00E361A3 /* CBRightDetailHeader.swift */ = {isa = PBXFileReference; fileEncoding = 4; lastKnownFileType = sourcecode.swift; path = CBRightDetailHeader.swift; sourceTree = "<group>"; };
		6D2834591B24AB3100E361A3 /* CBMapViewController.swift */ = {isa = PBXFileReference; fileEncoding = 4; lastKnownFileType = sourcecode.swift; path = CBMapViewController.swift; sourceTree = "<group>"; };
		6D28345B1B24B0A100E361A3 /* CBFeedbackMailComposeViewController.swift */ = {isa = PBXFileReference; fileEncoding = 4; lastKnownFileType = sourcecode.swift; path = CBFeedbackMailComposeViewController.swift; sourceTree = "<group>"; };
		6D28345D1B24B5E100E361A3 /* CBUIDeviceExtension.swift */ = {isa = PBXFileReference; fileEncoding = 4; lastKnownFileType = sourcecode.swift; path = CBUIDeviceExtension.swift; sourceTree = "<group>"; };
		6D28345F1B24E89000E361A3 /* CBRideStopwatch.swift */ = {isa = PBXFileReference; fileEncoding = 4; lastKnownFileType = sourcecode.swift; path = CBRideStopwatch.swift; sourceTree = "<group>"; };
		6D2834611B24E8DF00E361A3 /* CBNSTimeInterval.swift */ = {isa = PBXFileReference; fileEncoding = 4; lastKnownFileType = sourcecode.swift; path = CBNSTimeInterval.swift; sourceTree = "<group>"; };
		6D31D0F91B21DFED0034C27B /* CBContentManager.swift */ = {isa = PBXFileReference; fileEncoding = 4; lastKnownFileType = sourcecode.swift; path = CBContentManager.swift; sourceTree = "<group>"; };
		6D31D0FF1B221CA50034C27B /* CBRightDetailCell.swift */ = {isa = PBXFileReference; fileEncoding = 4; lastKnownFileType = sourcecode.swift; path = CBRightDetailCell.swift; sourceTree = "<group>"; };
		6D31D1011B2231D60034C27B /* CBLocation.swift */ = {isa = PBXFileReference; fileEncoding = 4; lastKnownFileType = sourcecode.swift; path = CBLocation.swift; sourceTree = "<group>"; };
		6D6801991B28E323009DE824 /* CBNavigationBar.swift */ = {isa = PBXFileReference; fileEncoding = 4; lastKnownFileType = sourcecode.swift; path = CBNavigationBar.swift; sourceTree = "<group>"; };
		6D68019B1B28E8E2009DE824 /* CBDefaultCell.xib */ = {isa = PBXFileReference; fileEncoding = 4; lastKnownFileType = file.xib; name = CBDefaultCell.xib; path = Resources/CBDefaultCell.xib; sourceTree = "<group>"; };
		6D68019C1B28E8E2009DE824 /* CBDefaultHeader.xib */ = {isa = PBXFileReference; fileEncoding = 4; lastKnownFileType = file.xib; name = CBDefaultHeader.xib; path = Resources/CBDefaultHeader.xib; sourceTree = "<group>"; };
		6D68019D1B28E8E2009DE824 /* CBRightDetailCell.xib */ = {isa = PBXFileReference; fileEncoding = 4; lastKnownFileType = file.xib; name = CBRightDetailCell.xib; path = Resources/CBRightDetailCell.xib; sourceTree = "<group>"; };
		6D68019E1B28E8E2009DE824 /* CBRightDetailHeader.xib */ = {isa = PBXFileReference; fileEncoding = 4; lastKnownFileType = file.xib; name = CBRightDetailHeader.xib; path = Resources/CBRightDetailHeader.xib; sourceTree = "<group>"; };
		6D68019F1B28E8E2009DE824 /* CBSubtitleCell.xib */ = {isa = PBXFileReference; fileEncoding = 4; lastKnownFileType = file.xib; name = CBSubtitleCell.xib; path = Resources/CBSubtitleCell.xib; sourceTree = "<group>"; };
		6DA595441B24F2FD0055D3D6 /* CBRideRecord.swift */ = {isa = PBXFileReference; fileEncoding = 4; lastKnownFileType = sourcecode.swift; path = CBRideRecord.swift; sourceTree = "<group>"; };
		6DA595461B24F3920055D3D6 /* CBRideManager.swift */ = {isa = PBXFileReference; fileEncoding = 4; lastKnownFileType = sourcecode.swift; path = CBRideManager.swift; sourceTree = "<group>"; };
		6DB84B081B20E372005DBDAD /* CBNSUserDefaultsExtension.swift */ = {isa = PBXFileReference; fileEncoding = 4; lastKnownFileType = sourcecode.swift; path = CBNSUserDefaultsExtension.swift; sourceTree = "<group>"; };
		6DC344CA1B230C0C00C29408 /* CBRideButton.swift */ = {isa = PBXFileReference; fileEncoding = 4; lastKnownFileType = sourcecode.swift; path = CBRideButton.swift; sourceTree = "<group>"; };
		6DC344CC1B233B9E00C29408 /* CBButton.swift */ = {isa = PBXFileReference; fileEncoding = 4; lastKnownFileType = sourcecode.swift; path = CBButton.swift; sourceTree = "<group>"; };
		6DC344CE1B23B37C00C29408 /* CBGettingStartedViewController.swift */ = {isa = PBXFileReference; fileEncoding = 4; lastKnownFileType = sourcecode.swift; path = CBGettingStartedViewController.swift; sourceTree = "<group>"; };
		6DC344D01B23BCDB00C29408 /* CBGettingStartedMapViewController.swift */ = {isa = PBXFileReference; fileEncoding = 4; lastKnownFileType = sourcecode.swift; path = CBGettingStartedMapViewController.swift; sourceTree = "<group>"; };
		6DC344D21B23C01300C29408 /* CBGettingStartedNetworksViewController.swift */ = {isa = PBXFileReference; fileEncoding = 4; lastKnownFileType = sourcecode.swift; path = CBGettingStartedNetworksViewController.swift; sourceTree = "<group>"; };
		6DC344D41B23C57300C29408 /* CBGettingStartedStopwatchViewController.swift */ = {isa = PBXFileReference; fileEncoding = 4; lastKnownFileType = sourcecode.swift; path = CBGettingStartedStopwatchViewController.swift; sourceTree = "<group>"; };
		6DC344D91B2429D400C29408 /* CBSubtitleCell.swift */ = {isa = PBXFileReference; fileEncoding = 4; lastKnownFileType = sourcecode.swift; path = CBSubtitleCell.swift; sourceTree = "<group>"; };
		6DC344DB1B242A2000C29408 /* CBDefaultCell.swift */ = {isa = PBXFileReference; fileEncoding = 4; lastKnownFileType = sourcecode.swift; path = CBDefaultCell.swift; sourceTree = "<group>"; };
		6DC344E01B242B6E00C29408 /* CBMenuViewController.swift */ = {isa = PBXFileReference; fileEncoding = 4; lastKnownFileType = sourcecode.swift; path = CBMenuViewController.swift; sourceTree = "<group>"; };
		6DC344E51B242D6400C29408 /* CBDefaultHeader.swift */ = {isa = PBXFileReference; fileEncoding = 4; lastKnownFileType = sourcecode.swift; path = CBDefaultHeader.swift; sourceTree = "<group>"; };
		6DD460A11B20891D0070E163 /* CBUIViewExtension.swift */ = {isa = PBXFileReference; fileEncoding = 4; lastKnownFileType = sourcecode.swift; path = CBUIViewExtension.swift; sourceTree = "<group>"; };
		6DD460A31B208A040070E163 /* CBUIColorExtension.swift */ = {isa = PBXFileReference; fileEncoding = 4; lastKnownFileType = sourcecode.swift; path = CBUIColorExtension.swift; sourceTree = "<group>"; };
		7F44F0EAB26469FDB30BCF8D /* Pods.release.xcconfig */ = {isa = PBXFileReference; includeInIndex = 1; lastKnownFileType = text.xcconfig; name = Pods.release.xcconfig; path = "Pods/Target Support Files/Pods/Pods.release.xcconfig"; sourceTree = "<group>"; };
		8BA85768E391B38D81FE6431 /* Pods.debug.xcconfig */ = {isa = PBXFileReference; includeInIndex = 1; lastKnownFileType = text.xcconfig; name = Pods.debug.xcconfig; path = "Pods/Target Support Files/Pods/Pods.debug.xcconfig"; sourceTree = "<group>"; };
		DA90676A2DC38C9EC428943F /* libPods.a */ = {isa = PBXFileReference; explicitFileType = archive.ar; includeInIndex = 0; path = libPods.a; sourceTree = BUILT_PRODUCTS_DIR; };
/* End PBXFileReference section */

/* Begin PBXFrameworksBuildPhase section */
		6D0EBE511B2033FB003ED872 /* Frameworks */ = {
			isa = PBXFrameworksBuildPhase;
			buildActionMask = 2147483647;
			files = (
				3AC3F560E715978E7353AFA9 /* libPods.a in Frameworks */,
			);
			runOnlyForDeploymentPostprocessing = 0;
		};
/* End PBXFrameworksBuildPhase section */

/* Begin PBXGroup section */
		1AA46FD4589E04156EFD982A /* Pods */ = {
			isa = PBXGroup;
			children = (
				8BA85768E391B38D81FE6431 /* Pods.debug.xcconfig */,
				7F44F0EAB26469FDB30BCF8D /* Pods.release.xcconfig */,
			);
			name = Pods;
			sourceTree = "<group>";
		};
		6D0EBE4B1B2033FB003ED872 = {
			isa = PBXGroup;
			children = (
				6D0EBE561B2033FB003ED872 /* CityBike */,
				6D0EBE551B2033FB003ED872 /* Products */,
				1AA46FD4589E04156EFD982A /* Pods */,
				A8775754B7360485054AA7FD /* Frameworks */,
			);
			sourceTree = "<group>";
		};
		6D0EBE551B2033FB003ED872 /* Products */ = {
			isa = PBXGroup;
			children = (
				6D0EBE541B2033FB003ED872 /* CityBike.app */,
			);
			name = Products;
			sourceTree = "<group>";
		};
		6D0EBE561B2033FB003ED872 /* CityBike */ = {
			isa = PBXGroup;
			children = (
				6D0EBE591B2033FB003ED872 /* AppDelegate.swift */,
				6D0EBE7D1B203891003ED872 /* Controllers */,
				6D0EBE8A1B2052A6003ED872 /* Components */,
				6D0EBE7B1B20386B003ED872 /* CityBikes API */,
				6DD460A01B20890B0070E163 /* Extensions */,
				6D31D0F81B21DFD20034C27B /* Helpers */,
				6D0EBE7C1B20387B003ED872 /* Resources */,
				6D0EBE571B2033FB003ED872 /* Supporting Files */,
			);
			path = CityBike;
			sourceTree = "<group>";
		};
		6D0EBE571B2033FB003ED872 /* Supporting Files */ = {
			isa = PBXGroup;
			children = (
				6D0EBE581B2033FB003ED872 /* Info.plist */,
			);
			name = "Supporting Files";
			sourceTree = "<group>";
		};
		6D0EBE7B1B20386B003ED872 /* CityBikes API */ = {
			isa = PBXGroup;
			children = (
				6D0EBE8D1B2054DE003ED872 /* CBAnnotation.swift */,
				6D0EBE821B203F2F003ED872 /* CBJSONParser.swift */,
				6D31D1011B2231D60034C27B /* CBLocation.swift */,
				6D0EBE861B20402D003ED872 /* CBNetwork.swift */,
				6D0EBE801B203F13003ED872 /* CBNetworkType.swift */,
				6D0EBE7E1B2038AF003ED872 /* CBService.swift */,
				6D0EBE841B20401F003ED872 /* CBStation.swift */,
			);
			name = "CityBikes API";
			path = CityBikeAPI;
			sourceTree = "<group>";
		};
		6D0EBE7C1B20387B003ED872 /* Resources */ = {
			isa = PBXGroup;
			children = (
				6D0EBE8F1B205FFE003ED872 /* CBAnnotationView.xib */,
				6D68019B1B28E8E2009DE824 /* CBDefaultCell.xib */,
				6D68019C1B28E8E2009DE824 /* CBDefaultHeader.xib */,
				6D68019D1B28E8E2009DE824 /* CBRightDetailCell.xib */,
				6D68019E1B28E8E2009DE824 /* CBRightDetailHeader.xib */,
				6D68019F1B28E8E2009DE824 /* CBSubtitleCell.xib */,
				6D0EBE621B2033FB003ED872 /* LaunchScreen.xib */,
				6D0EBE5D1B2033FB003ED872 /* Main.storyboard */,
				6D0EBE601B2033FB003ED872 /* Images.xcassets */,
			);
			name = Resources;
			sourceTree = "<group>";
		};
		6D0EBE7D1B203891003ED872 /* Controllers */ = {
			isa = PBXGroup;
			children = (
				6D2834591B24AB3100E361A3 /* CBMapViewController.swift */,
				6DC344D61B23C63A00C29408 /* Getting Started */,
				6DC344DF1B242AFC00C29408 /* Menu */,
				6D0EBE791B203704003ED872 /* CBMainVC.swift */,
				6D28345B1B24B0A100E361A3 /* CBFeedbackMailComposeViewController.swift */,
			);
			path = Controllers;
			sourceTree = "<group>";
		};
		6D0EBE8A1B2052A6003ED872 /* Components */ = {
			isa = PBXGroup;
			children = (
				6D0EBE8B1B2052BE003ED872 /* CBAnnotationView.swift */,
				6DC344CC1B233B9E00C29408 /* CBButton.swift */,
				6D28344F1B243C2200E361A3 /* CBCell.swift */,
				6DC344DB1B242A2000C29408 /* CBDefaultCell.swift */,
				6DC344E51B242D6400C29408 /* CBDefaultHeader.swift */,
				6D6801991B28E323009DE824 /* CBNavigationBar.swift */,
				6DC344CA1B230C0C00C29408 /* CBRideButton.swift */,
				6D31D0FF1B221CA50034C27B /* CBRightDetailCell.swift */,
				6D2834571B24A71C00E361A3 /* CBRightDetailHeader.swift */,
				6DC344D91B2429D400C29408 /* CBSubtitleCell.swift */,
			);
			path = Components;
			sourceTree = "<group>";
		};
		6D31D0F81B21DFD20034C27B /* Helpers */ = {
			isa = PBXGroup;
			children = (
				6D31D0F91B21DFED0034C27B /* CBContentManager.swift */,
				6DA595431B24F2E90055D3D6 /* Rides History */,
			);
			path = Helpers;
			sourceTree = "<group>";
		};
		6DA595431B24F2E90055D3D6 /* Rides History */ = {
			isa = PBXGroup;
			children = (
				6DA595461B24F3920055D3D6 /* CBRideManager.swift */,
				6D28345F1B24E89000E361A3 /* CBRideStopwatch.swift */,
				6DA595441B24F2FD0055D3D6 /* CBRideRecord.swift */,
			);
			name = "Rides History";
			sourceTree = "<group>";
		};
		6DC344D61B23C63A00C29408 /* Getting Started */ = {
			isa = PBXGroup;
			children = (
				6DC344CE1B23B37C00C29408 /* CBGettingStartedViewController.swift */,
				6DC344D01B23BCDB00C29408 /* CBGettingStartedMapViewController.swift */,
				6DC344D21B23C01300C29408 /* CBGettingStartedNetworksViewController.swift */,
				6DC344D41B23C57300C29408 /* CBGettingStartedStopwatchViewController.swift */,
			);
			name = "Getting Started";
			sourceTree = "<group>";
		};
		6DC344DF1B242AFC00C29408 /* Menu */ = {
			isa = PBXGroup;
			children = (
				6DC344E01B242B6E00C29408 /* CBMenuViewController.swift */,
				6D2834511B2443F800E361A3 /* CBMenuBikeNetworksViewController.swift */,
				6D2834531B24925400E361A3 /* CBMenuRidesHistoryViewController.swift */,
			);
			name = Menu;
			sourceTree = "<group>";
		};
		6DD460A01B20890B0070E163 /* Extensions */ = {
			isa = PBXGroup;
			children = (
				6DB84B081B20E372005DBDAD /* CBNSUserDefaultsExtension.swift */,
				6DD460A31B208A040070E163 /* CBUIColorExtension.swift */,
				6D28345D1B24B5E100E361A3 /* CBUIDeviceExtension.swift */,
				6DD460A11B20891D0070E163 /* CBUIViewExtension.swift */,
				6D2834611B24E8DF00E361A3 /* CBNSTimeInterval.swift */,
			);
			path = Extensions;
			sourceTree = "<group>";
		};
		A8775754B7360485054AA7FD /* Frameworks */ = {
			isa = PBXGroup;
			children = (
				DA90676A2DC38C9EC428943F /* libPods.a */,
			);
			name = Frameworks;
			sourceTree = "<group>";
		};
/* End PBXGroup section */

/* Begin PBXNativeTarget section */
		6D0EBE531B2033FB003ED872 /* CityBike */ = {
			isa = PBXNativeTarget;
			buildConfigurationList = 6D0EBE731B2033FB003ED872 /* Build configuration list for PBXNativeTarget "CityBike" */;
			buildPhases = (
				E141FE82608D5EC848FBE4E5 /* Check Pods Manifest.lock */,
				6D0EBE501B2033FB003ED872 /* Sources */,
				6D0EBE511B2033FB003ED872 /* Frameworks */,
				6D0EBE521B2033FB003ED872 /* Resources */,
				55673F5A179B6B47C89B9FEA /* Copy Pods Resources */,
			);
			buildRules = (
			);
			dependencies = (
			);
			name = CityBike;
			productName = CityBike;
			productReference = 6D0EBE541B2033FB003ED872 /* CityBike.app */;
			productType = "com.apple.product-type.application";
		};
/* End PBXNativeTarget section */

/* Begin PBXProject section */
		6D0EBE4C1B2033FB003ED872 /* Project object */ = {
			isa = PBXProject;
			attributes = {
				CLASSPREFIX = CB;
				LastSwiftUpdateCheck = 0700;
				LastUpgradeCheck = 0630;
				ORGANIZATIONNAME = "Tomasz Szulc";
				TargetAttributes = {
					6D0EBE531B2033FB003ED872 = {
						CreatedOnToolsVersion = 6.3.2;
					};
				};
			};
			buildConfigurationList = 6D0EBE4F1B2033FB003ED872 /* Build configuration list for PBXProject "CityBike" */;
			compatibilityVersion = "Xcode 3.2";
			developmentRegion = English;
			hasScannedForEncodings = 0;
			knownRegions = (
				en,
				Base,
			);
			mainGroup = 6D0EBE4B1B2033FB003ED872;
			productRefGroup = 6D0EBE551B2033FB003ED872 /* Products */;
			projectDirPath = "";
			projectRoot = "";
			targets = (
				6D0EBE531B2033FB003ED872 /* CityBike */,
			);
		};
/* End PBXProject section */

/* Begin PBXResourcesBuildPhase section */
		6D0EBE521B2033FB003ED872 /* Resources */ = {
			isa = PBXResourcesBuildPhase;
			buildActionMask = 2147483647;
			files = (
				6D0EBE901B205FFE003ED872 /* CBAnnotationView.xib in Resources */,
				6D0EBE5F1B2033FB003ED872 /* Main.storyboard in Resources */,
				6D0EBE641B2033FB003ED872 /* LaunchScreen.xib in Resources */,
				6D6801A01B28E8E2009DE824 /* CBDefaultCell.xib in Resources */,
				6D6801A21B28E8E2009DE824 /* CBRightDetailCell.xib in Resources */,
				6D0EBE611B2033FB003ED872 /* Images.xcassets in Resources */,
				6D6801A11B28E8E2009DE824 /* CBDefaultHeader.xib in Resources */,
				6D6801A41B28E8E2009DE824 /* CBSubtitleCell.xib in Resources */,
				6D6801A31B28E8E2009DE824 /* CBRightDetailHeader.xib in Resources */,
			);
			runOnlyForDeploymentPostprocessing = 0;
		};
/* End PBXResourcesBuildPhase section */

/* Begin PBXShellScriptBuildPhase section */
		55673F5A179B6B47C89B9FEA /* Copy Pods Resources */ = {
			isa = PBXShellScriptBuildPhase;
			buildActionMask = 2147483647;
			files = (
			);
			inputPaths = (
			);
			name = "Copy Pods Resources";
			outputPaths = (
			);
			runOnlyForDeploymentPostprocessing = 0;
			shellPath = /bin/sh;
			shellScript = "\"${SRCROOT}/Pods/Target Support Files/Pods/Pods-resources.sh\"\n";
			showEnvVarsInLog = 0;
		};
		E141FE82608D5EC848FBE4E5 /* Check Pods Manifest.lock */ = {
			isa = PBXShellScriptBuildPhase;
			buildActionMask = 2147483647;
			files = (
			);
			inputPaths = (
			);
			name = "Check Pods Manifest.lock";
			outputPaths = (
			);
			runOnlyForDeploymentPostprocessing = 0;
			shellPath = /bin/sh;
			shellScript = "diff \"${PODS_ROOT}/../Podfile.lock\" \"${PODS_ROOT}/Manifest.lock\" > /dev/null\nif [[ $? != 0 ]] ; then\n    cat << EOM\nerror: The sandbox is not in sync with the Podfile.lock. Run 'pod install' or update your CocoaPods installation.\nEOM\n    exit 1\nfi\n";
			showEnvVarsInLog = 0;
		};
/* End PBXShellScriptBuildPhase section */

/* Begin PBXSourcesBuildPhase section */
		6D0EBE501B2033FB003ED872 /* Sources */ = {
			isa = PBXSourcesBuildPhase;
			buildActionMask = 2147483647;
			files = (
				6DC344CB1B230C0C00C29408 /* CBRideButton.swift in Sources */,
				6D0EBE831B203F2F003ED872 /* CBJSONParser.swift in Sources */,
				6D31D0FA1B21DFED0034C27B /* CBContentManager.swift in Sources */,
				6D2834621B24E8DF00E361A3 /* CBNSTimeInterval.swift in Sources */,
				6DC344D11B23BCDB00C29408 /* CBGettingStartedMapViewController.swift in Sources */,
				6D28345E1B24B5E100E361A3 /* CBUIDeviceExtension.swift in Sources */,
				6DC344D31B23C01300C29408 /* CBGettingStartedNetworksViewController.swift in Sources */,
				6DC344E61B242D6400C29408 /* CBDefaultHeader.swift in Sources */,
				6DD460A41B208A040070E163 /* CBUIColorExtension.swift in Sources */,
				6D2834601B24E89000E361A3 /* CBRideStopwatch.swift in Sources */,
				6D2834541B24925400E361A3 /* CBMenuRidesHistoryViewController.swift in Sources */,
				6D2834501B243C2200E361A3 /* CBCell.swift in Sources */,
				6D2834521B2443F800E361A3 /* CBMenuBikeNetworksViewController.swift in Sources */,
				6D28345A1B24AB3100E361A3 /* CBMapViewController.swift in Sources */,
				6D2834581B24A71C00E361A3 /* CBRightDetailHeader.swift in Sources */,
				6D68019A1B28E323009DE824 /* CBNavigationBar.swift in Sources */,
				6DD460A21B20891D0070E163 /* CBUIViewExtension.swift in Sources */,
				6D31D1001B221CA50034C27B /* CBRightDetailCell.swift in Sources */,
				6DC344CF1B23B37C00C29408 /* CBGettingStartedViewController.swift in Sources */,
				6D0EBE7A1B203704003ED872 /* CBMainVC.swift in Sources */,
				6D0EBE8E1B2054DE003ED872 /* CBAnnotation.swift in Sources */,
				6D0EBE5A1B2033FB003ED872 /* AppDelegate.swift in Sources */,
				6DC344DC1B242A2000C29408 /* CBDefaultCell.swift in Sources */,
				6D28345C1B24B0A100E361A3 /* CBFeedbackMailComposeViewController.swift in Sources */,
				6DC344D51B23C57300C29408 /* CBGettingStartedStopwatchViewController.swift in Sources */,
				6DA595451B24F2FD0055D3D6 /* CBRideRecord.swift in Sources */,
				6D0EBE7F1B2038AF003ED872 /* CBService.swift in Sources */,
				6D31D1021B2231D60034C27B /* CBLocation.swift in Sources */,
				6D0EBE8C1B2052BE003ED872 /* CBAnnotationView.swift in Sources */,
				6D0EBE871B20402D003ED872 /* CBNetwork.swift in Sources */,
				6DC344E11B242B6E00C29408 /* CBMenuViewController.swift in Sources */,
				6DC344CD1B233B9E00C29408 /* CBButton.swift in Sources */,
				6D0EBE811B203F13003ED872 /* CBNetworkType.swift in Sources */,
				6DC344DA1B2429D400C29408 /* CBSubtitleCell.swift in Sources */,
				6DB84B091B20E372005DBDAD /* CBNSUserDefaultsExtension.swift in Sources */,
				6DA595471B24F3920055D3D6 /* CBRideManager.swift in Sources */,
				6D0EBE851B20401F003ED872 /* CBStation.swift in Sources */,
			);
			runOnlyForDeploymentPostprocessing = 0;
		};
/* End PBXSourcesBuildPhase section */

/* Begin PBXVariantGroup section */
		6D0EBE5D1B2033FB003ED872 /* Main.storyboard */ = {
			isa = PBXVariantGroup;
			children = (
				6D0EBE5E1B2033FB003ED872 /* Base */,
			);
			name = Main.storyboard;
			sourceTree = "<group>";
		};
		6D0EBE621B2033FB003ED872 /* LaunchScreen.xib */ = {
			isa = PBXVariantGroup;
			children = (
				6D0EBE631B2033FB003ED872 /* Base */,
			);
			name = LaunchScreen.xib;
			sourceTree = "<group>";
		};
/* End PBXVariantGroup section */

/* Begin XCBuildConfiguration section */
		6D0EBE711B2033FB003ED872 /* Debug */ = {
			isa = XCBuildConfiguration;
			buildSettings = {
				ALWAYS_SEARCH_USER_PATHS = NO;
				CLANG_CXX_LANGUAGE_STANDARD = "gnu++0x";
				CLANG_CXX_LIBRARY = "libc++";
				CLANG_ENABLE_MODULES = YES;
				CLANG_ENABLE_OBJC_ARC = YES;
				CLANG_WARN_BOOL_CONVERSION = YES;
				CLANG_WARN_CONSTANT_CONVERSION = YES;
				CLANG_WARN_DIRECT_OBJC_ISA_USAGE = YES_ERROR;
				CLANG_WARN_EMPTY_BODY = YES;
				CLANG_WARN_ENUM_CONVERSION = YES;
				CLANG_WARN_INT_CONVERSION = YES;
				CLANG_WARN_OBJC_ROOT_CLASS = YES_ERROR;
				CLANG_WARN_UNREACHABLE_CODE = YES;
				CLANG_WARN__DUPLICATE_METHOD_MATCH = YES;
				"CODE_SIGN_IDENTITY[sdk=iphoneos*]" = "iPhone Developer";
				COPY_PHASE_STRIP = NO;
				DEBUG_INFORMATION_FORMAT = "dwarf-with-dsym";
				ENABLE_STRICT_OBJC_MSGSEND = YES;
				GCC_C_LANGUAGE_STANDARD = gnu99;
				GCC_DYNAMIC_NO_PIC = NO;
				GCC_NO_COMMON_BLOCKS = YES;
				GCC_OPTIMIZATION_LEVEL = 0;
				GCC_PREPROCESSOR_DEFINITIONS = (
					"DEBUG=1",
					"$(inherited)",
				);
				GCC_SYMBOLS_PRIVATE_EXTERN = NO;
				GCC_WARN_64_TO_32_BIT_CONVERSION = YES;
				GCC_WARN_ABOUT_RETURN_TYPE = YES_ERROR;
				GCC_WARN_UNDECLARED_SELECTOR = YES;
				GCC_WARN_UNINITIALIZED_AUTOS = YES_AGGRESSIVE;
				GCC_WARN_UNUSED_FUNCTION = YES;
				GCC_WARN_UNUSED_VARIABLE = YES;
				IPHONEOS_DEPLOYMENT_TARGET = 8.3;
				MTL_ENABLE_DEBUG_INFO = YES;
				ONLY_ACTIVE_ARCH = YES;
				SDKROOT = iphoneos;
				SWIFT_OPTIMIZATION_LEVEL = "-Onone";
			};
			name = Debug;
		};
		6D0EBE721B2033FB003ED872 /* Release */ = {
			isa = XCBuildConfiguration;
			buildSettings = {
				ALWAYS_SEARCH_USER_PATHS = NO;
				CLANG_CXX_LANGUAGE_STANDARD = "gnu++0x";
				CLANG_CXX_LIBRARY = "libc++";
				CLANG_ENABLE_MODULES = YES;
				CLANG_ENABLE_OBJC_ARC = YES;
				CLANG_WARN_BOOL_CONVERSION = YES;
				CLANG_WARN_CONSTANT_CONVERSION = YES;
				CLANG_WARN_DIRECT_OBJC_ISA_USAGE = YES_ERROR;
				CLANG_WARN_EMPTY_BODY = YES;
				CLANG_WARN_ENUM_CONVERSION = YES;
				CLANG_WARN_INT_CONVERSION = YES;
				CLANG_WARN_OBJC_ROOT_CLASS = YES_ERROR;
				CLANG_WARN_UNREACHABLE_CODE = YES;
				CLANG_WARN__DUPLICATE_METHOD_MATCH = YES;
				"CODE_SIGN_IDENTITY[sdk=iphoneos*]" = "iPhone Developer";
				COPY_PHASE_STRIP = NO;
				DEBUG_INFORMATION_FORMAT = "dwarf-with-dsym";
				ENABLE_NS_ASSERTIONS = NO;
				ENABLE_STRICT_OBJC_MSGSEND = YES;
				GCC_C_LANGUAGE_STANDARD = gnu99;
				GCC_NO_COMMON_BLOCKS = YES;
				GCC_WARN_64_TO_32_BIT_CONVERSION = YES;
				GCC_WARN_ABOUT_RETURN_TYPE = YES_ERROR;
				GCC_WARN_UNDECLARED_SELECTOR = YES;
				GCC_WARN_UNINITIALIZED_AUTOS = YES_AGGRESSIVE;
				GCC_WARN_UNUSED_FUNCTION = YES;
				GCC_WARN_UNUSED_VARIABLE = YES;
				IPHONEOS_DEPLOYMENT_TARGET = 8.3;
				MTL_ENABLE_DEBUG_INFO = NO;
				SDKROOT = iphoneos;
				VALIDATE_PRODUCT = YES;
			};
			name = Release;
		};
		6D0EBE741B2033FB003ED872 /* Debug */ = {
			isa = XCBuildConfiguration;
			baseConfigurationReference = 8BA85768E391B38D81FE6431 /* Pods.debug.xcconfig */;
			buildSettings = {
				ASSETCATALOG_COMPILER_APPICON_NAME = AppIcon;
				INFOPLIST_FILE = CityBike/Info.plist;
				IPHONEOS_DEPLOYMENT_TARGET = 7.1;
				LD_RUNPATH_SEARCH_PATHS = "$(inherited) @executable_path/Frameworks";
				PRODUCT_NAME = "$(TARGET_NAME)";
			};
			name = Debug;
		};
		6D0EBE751B2033FB003ED872 /* Release */ = {
			isa = XCBuildConfiguration;
			baseConfigurationReference = 7F44F0EAB26469FDB30BCF8D /* Pods.release.xcconfig */;
			buildSettings = {
				ASSETCATALOG_COMPILER_APPICON_NAME = AppIcon;
				INFOPLIST_FILE = CityBike/Info.plist;
				IPHONEOS_DEPLOYMENT_TARGET = 7.1;
				LD_RUNPATH_SEARCH_PATHS = "$(inherited) @executable_path/Frameworks";
				PRODUCT_NAME = "$(TARGET_NAME)";
			};
			name = Release;
		};
/* End XCBuildConfiguration section */

/* Begin XCConfigurationList section */
		6D0EBE4F1B2033FB003ED872 /* Build configuration list for PBXProject "CityBike" */ = {
			isa = XCConfigurationList;
			buildConfigurations = (
				6D0EBE711B2033FB003ED872 /* Debug */,
				6D0EBE721B2033FB003ED872 /* Release */,
			);
			defaultConfigurationIsVisible = 0;
			defaultConfigurationName = Release;
		};
		6D0EBE731B2033FB003ED872 /* Build configuration list for PBXNativeTarget "CityBike" */ = {
			isa = XCConfigurationList;
			buildConfigurations = (
				6D0EBE741B2033FB003ED872 /* Debug */,
				6D0EBE751B2033FB003ED872 /* Release */,
			);
			defaultConfigurationIsVisible = 0;
			defaultConfigurationName = Release;
		};
/* End XCConfigurationList section */
	};
	rootObject = 6D0EBE4C1B2033FB003ED872 /* Project object */;
}
